
Microsoft Visual Studio Solution File, Format Version 12.00
# Visual Studio 14
VisualStudioVersion = 14.0.25123.0
MinimumVisualStudioVersion = 10.0.40219.1
Project("{FAE04EC0-301F-11D3-BF4B-00C04F79EFBC}") = "01-Fill-The-Matrix", "01-Fill-The-Matrix\01-Fill-The-Matrix.csproj", "{5F0272E8-B509-45DB-BCFE-F5525D666274}"
EndProject
Project("{FAE04EC0-301F-11D3-BF4B-00C04F79EFBC}") = "02-Maximal-Sum", "02-Maximal-Sum\02-Maximal-Sum.csproj", "{B9F4FCDF-AD46-40F4-8403-B1B9C27811C7}"
EndProject
Project("{FAE04EC0-301F-11D3-BF4B-00C04F79EFBC}") = "03-Sequence-In-Matrix", "03-Sequence-In-Matrix\03-Sequence-In-Matrix.csproj", "{68798BE6-916C-4DA5-820A-3EE130C7CF82}"
EndProject
Project("{FAE04EC0-301F-11D3-BF4B-00C04F79EFBC}") = "04-Binary-Search", "04-Binary-Search\04-Binary-Search.csproj", "{80FFE03C-1AB1-4820-837A-BFFF2DCEFAE5}"
EndProject
Project("{FAE04EC0-301F-11D3-BF4B-00C04F79EFBC}") = "Custom-Sort", "..\1-Arrays\Custom-Sort\Custom-Sort.csproj", "{F9280526-3198-453F-8E45-0C4FC1DE6A5C}"
EndProject
Project("{FAE04EC0-301F-11D3-BF4B-00C04F79EFBC}") = "05-Sort-By-String-Length", "05-Sort-By-String-Length\05-Sort-By-String-Length.csproj", "{E9286C13-7806-4FED-994A-8FE05D5FD51F}"
EndProject
Project("{FAE04EC0-301F-11D3-BF4B-00C04F79EFBC}") = "06-Matrix-Class", "06-Matrix-Class\06-Matrix-Class.csproj", "{8FE077F0-B3E5-4F5C-9F3C-8D9778F0541A}"
EndProject
Project("{FAE04EC0-301F-11D3-BF4B-00C04F79EFBC}") = "06-Matrix-Class-Test", "06-Matrix-Class-Test\06-Matrix-Class-Test.csproj", "{E55BB83D-C7B1-4175-9F73-FEF905E15881}"
EndProject
Project("{FAE04EC0-301F-11D3-BF4B-00C04F79EFBC}") = "07-Largest-Area-In-Matrix", "07-Largest-Area-In-Matrix\07-Largest-Area-In-Matrix.csproj", "{136F6CA2-69CD-4789-96C0-617D3C6D5613}"
EndProject
Project("{FAE04EC0-301F-11D3-BF4B-00C04F79EFBC}") = "02-Maximal-Sum-2-Line-By-Line", "02-Maximal-Sum-2-Line-By-Line\02-Maximal-Sum-2-Line-By-Line.csproj", "{1A4FE454-A148-4719-AF70-C914B970F761}"
EndProject
Global
	GlobalSection(SolutionConfigurationPlatforms) = preSolution
		Debug|Any CPU = Debug|Any CPU
		Release|Any CPU = Release|Any CPU
	EndGlobalSection
	GlobalSection(ProjectConfigurationPlatforms) = postSolution
		{5F0272E8-B509-45DB-BCFE-F5525D666274}.Debug|Any CPU.ActiveCfg = Debug|Any CPU
		{5F0272E8-B509-45DB-BCFE-F5525D666274}.Debug|Any CPU.Build.0 = Debug|Any CPU
		{5F0272E8-B509-45DB-BCFE-F5525D666274}.Release|Any CPU.ActiveCfg = Release|Any CPU
		{5F0272E8-B509-45DB-BCFE-F5525D666274}.Release|Any CPU.Build.0 = Release|Any CPU
		{B9F4FCDF-AD46-40F4-8403-B1B9C27811C7}.Debug|Any CPU.ActiveCfg = Debug|Any CPU
		{B9F4FCDF-AD46-40F4-8403-B1B9C27811C7}.Debug|Any CPU.Build.0 = Debug|Any CPU
		{B9F4FCDF-AD46-40F4-8403-B1B9C27811C7}.Release|Any CPU.ActiveCfg = Release|Any CPU
		{B9F4FCDF-AD46-40F4-8403-B1B9C27811C7}.Release|Any CPU.Build.0 = Release|Any CPU
		{68798BE6-916C-4DA5-820A-3EE130C7CF82}.Debug|Any CPU.ActiveCfg = Debug|Any CPU
		{68798BE6-916C-4DA5-820A-3EE130C7CF82}.Debug|Any CPU.Build.0 = Debug|Any CPU
		{68798BE6-916C-4DA5-820A-3EE130C7CF82}.Release|Any CPU.ActiveCfg = Release|Any CPU
		{68798BE6-916C-4DA5-820A-3EE130C7CF82}.Release|Any CPU.Build.0 = Release|Any CPU
		{80FFE03C-1AB1-4820-837A-BFFF2DCEFAE5}.Debug|Any CPU.ActiveCfg = Debug|Any CPU
		{80FFE03C-1AB1-4820-837A-BFFF2DCEFAE5}.Debug|Any CPU.Build.0 = Debug|Any CPU
		{80FFE03C-1AB1-4820-837A-BFFF2DCEFAE5}.Release|Any CPU.ActiveCfg = Release|Any CPU
		{80FFE03C-1AB1-4820-837A-BFFF2DCEFAE5}.Release|Any CPU.Build.0 = Release|Any CPU
		{F9280526-3198-453F-8E45-0C4FC1DE6A5C}.Debug|Any CPU.ActiveCfg = Debug|Any CPU
		{F9280526-3198-453F-8E45-0C4FC1DE6A5C}.Debug|Any CPU.Build.0 = Debug|Any CPU
		{F9280526-3198-453F-8E45-0C4FC1DE6A5C}.Release|Any CPU.ActiveCfg = Release|Any CPU
		{F9280526-3198-453F-8E45-0C4FC1DE6A5C}.Release|Any CPU.Build.0 = Release|Any CPU
		{E9286C13-7806-4FED-994A-8FE05D5FD51F}.Debug|Any CPU.ActiveCfg = Debug|Any CPU
		{E9286C13-7806-4FED-994A-8FE05D5FD51F}.Debug|Any CPU.Build.0 = Debug|Any CPU
		{E9286C13-7806-4FED-994A-8FE05D5FD51F}.Release|Any CPU.ActiveCfg = Release|Any CPU
		{E9286C13-7806-4FED-994A-8FE05D5FD51F}.Release|Any CPU.Build.0 = Release|Any CPU
		{8FE077F0-B3E5-4F5C-9F3C-8D9778F0541A}.Debug|Any CPU.ActiveCfg = Debug|Any CPU
		{8FE077F0-B3E5-4F5C-9F3C-8D9778F0541A}.Debug|Any CPU.Build.0 = Debug|Any CPU
		{8FE077F0-B3E5-4F5C-9F3C-8D9778F0541A}.Release|Any CPU.ActiveCfg = Release|Any CPU
		{8FE077F0-B3E5-4F5C-9F3C-8D9778F0541A}.Release|Any CPU.Build.0 = Release|Any CPU
		{E55BB83D-C7B1-4175-9F73-FEF905E15881}.Debug|Any CPU.ActiveCfg = Debug|Any CPU
		{E55BB83D-C7B1-4175-9F73-FEF905E15881}.Debug|Any CPU.Build.0 = Debug|Any CPU
		{E55BB83D-C7B1-4175-9F73-FEF905E15881}.Release|Any CPU.ActiveCfg = Release|Any CPU
		{E55BB83D-C7B1-4175-9F73-FEF905E15881}.Release|Any CPU.Build.0 = Release|Any CPU
		{136F6CA2-69CD-4789-96C0-617D3C6D5613}.Debug|Any CPU.ActiveCfg = Debug|Any CPU
		{136F6CA2-69CD-4789-96C0-617D3C6D5613}.Debug|Any CPU.Build.0 = Debug|Any CPU
		{136F6CA2-69CD-4789-96C0-617D3C6D5613}.Release|Any CPU.ActiveCfg = Release|Any CPU
		{136F6CA2-69CD-4789-96C0-617D3C6D5613}.Release|Any CPU.Build.0 = Release|Any CPU
		{1A4FE454-A148-4719-AF70-C914B970F761}.Debug|Any CPU.ActiveCfg = Debug|Any CPU
		{1A4FE454-A148-4719-AF70-C914B970F761}.Debug|Any CPU.Build.0 = Debug|Any CPU
		{1A4FE454-A148-4719-AF70-C914B970F761}.Release|Any CPU.ActiveCfg = Release|Any CPU
		{1A4FE454-A148-4719-AF70-C914B970F761}.Release|Any CPU.Build.0 = Release|Any CPU
	EndGlobalSection
	GlobalSection(SolutionProperties) = preSolution
		HideSolutionNode = FALSE
	EndGlobalSection
EndGlobal
