
Microsoft Visual Studio Solution File, Format Version 12.00
# Visual Studio 14
VisualStudioVersion = 14.0.25420.1
MinimumVisualStudioVersion = 10.0.40219.1
Project("{FAE04EC0-301F-11D3-BF4B-00C04F79EFBC}") = "PlayerRanking", "PlayerRanking\PlayerRanking.csproj", "{CC3FB01B-87CD-46A0-A7A8-FB36A5E6E262}"
EndProject
Project("{FAE04EC0-301F-11D3-BF4B-00C04F79EFBC}") = "GoldFever", "GoldFever\GoldFever.csproj", "{1190FF4F-5ECD-4180-8A7D-F06D42D7106F}"
EndProject
Project("{FAE04EC0-301F-11D3-BF4B-00C04F79EFBC}") = "GoldFever2", "GoldFever2\GoldFever2.csproj", "{01483076-B7EA-4D71-8983-5DF638AFB056}"
EndProject
Project("{FAE04EC0-301F-11D3-BF4B-00C04F79EFBC}") = "Rings", "Rings\Rings.csproj", "{2B1FDA3E-8778-449D-99D3-6052D93CC680}"
EndProject
Project("{FAE04EC0-301F-11D3-BF4B-00C04F79EFBC}") = "Documentation", "Documentation\Documentation.csproj", "{33296EBD-03B9-485B-A32E-A316F9546236}"
EndProject
Project("{FAE04EC0-301F-11D3-BF4B-00C04F79EFBC}") = "GoldFever3", "GoldFever3\GoldFever3.csproj", "{A7831FA4-24D0-4B94-B78E-27B5B5560AA1}"
EndProject
Project("{FAE04EC0-301F-11D3-BF4B-00C04F79EFBC}") = "GoldFever4", "GoldFever4\GoldFever4.csproj", "{D26D29A7-68C8-4F79-A905-EF2B78411CF2}"
EndProject
Project("{FAE04EC0-301F-11D3-BF4B-00C04F79EFBC}") = "GoldFever5", "GoldFever5\GoldFever5.csproj", "{3823D94E-3AA7-49FE-A6F5-DAF81CE2CCCE}"
EndProject
Project("{FAE04EC0-301F-11D3-BF4B-00C04F79EFBC}") = "GoldFever3Again", "GoldFever3Again\GoldFever3Again.csproj", "{58EE4537-15E4-43E6-B3B1-23E108EEA3BC}"
EndProject
Project("{FAE04EC0-301F-11D3-BF4B-00C04F79EFBC}") = "GoldFever3Original", "GoldFever3Original\GoldFever3Original.csproj", "{5A6E504D-E6D4-4FAE-92DB-9FF1BE2D08EE}"
EndProject
Project("{FAE04EC0-301F-11D3-BF4B-00C04F79EFBC}") = "GoldFever6", "GoldFever6\GoldFever6.csproj", "{C09D83E2-E8C1-46A2-9313-1EC21D59915E}"
EndProject
Project("{FAE04EC0-301F-11D3-BF4B-00C04F79EFBC}") = "GoldFever3LinkedList", "GoldFever3LinkedList\GoldFever3LinkedList.csproj", "{066AC474-EC34-4B3E-AB69-EC4B5D97B927}"
EndProject
Project("{FAE04EC0-301F-11D3-BF4B-00C04F79EFBC}") = "GoldFever7Increasing", "GoldFever7Increasing\GoldFever7Increasing.csproj", "{5DFEFBDC-EFD8-4EF4-ADFF-550811D39C56}"
EndProject
Project("{FAE04EC0-301F-11D3-BF4B-00C04F79EFBC}") = "GoldFeverAuthors", "GoldFeverAuthors\GoldFeverAuthors.csproj", "{4FF64EBF-2E32-4B48-A6A6-783E180309E9}"
EndProject
Project("{FAE04EC0-301F-11D3-BF4B-00C04F79EFBC}") = "Documentation2", "Documentation2\Documentation2.csproj", "{DB5D2DC8-C0EE-4716-88D6-7205AEF5C6CE}"
EndProject
Global
	GlobalSection(SolutionConfigurationPlatforms) = preSolution
		Debug|Any CPU = Debug|Any CPU
		Release|Any CPU = Release|Any CPU
	EndGlobalSection
	GlobalSection(ProjectConfigurationPlatforms) = postSolution
		{CC3FB01B-87CD-46A0-A7A8-FB36A5E6E262}.Debug|Any CPU.ActiveCfg = Debug|Any CPU
		{CC3FB01B-87CD-46A0-A7A8-FB36A5E6E262}.Debug|Any CPU.Build.0 = Debug|Any CPU
		{CC3FB01B-87CD-46A0-A7A8-FB36A5E6E262}.Release|Any CPU.ActiveCfg = Release|Any CPU
		{CC3FB01B-87CD-46A0-A7A8-FB36A5E6E262}.Release|Any CPU.Build.0 = Release|Any CPU
		{1190FF4F-5ECD-4180-8A7D-F06D42D7106F}.Debug|Any CPU.ActiveCfg = Debug|Any CPU
		{1190FF4F-5ECD-4180-8A7D-F06D42D7106F}.Debug|Any CPU.Build.0 = Debug|Any CPU
		{1190FF4F-5ECD-4180-8A7D-F06D42D7106F}.Release|Any CPU.ActiveCfg = Release|Any CPU
		{1190FF4F-5ECD-4180-8A7D-F06D42D7106F}.Release|Any CPU.Build.0 = Release|Any CPU
		{01483076-B7EA-4D71-8983-5DF638AFB056}.Debug|Any CPU.ActiveCfg = Debug|Any CPU
		{01483076-B7EA-4D71-8983-5DF638AFB056}.Debug|Any CPU.Build.0 = Debug|Any CPU
		{01483076-B7EA-4D71-8983-5DF638AFB056}.Release|Any CPU.ActiveCfg = Release|Any CPU
		{01483076-B7EA-4D71-8983-5DF638AFB056}.Release|Any CPU.Build.0 = Release|Any CPU
		{2B1FDA3E-8778-449D-99D3-6052D93CC680}.Debug|Any CPU.ActiveCfg = Debug|Any CPU
		{2B1FDA3E-8778-449D-99D3-6052D93CC680}.Debug|Any CPU.Build.0 = Debug|Any CPU
		{2B1FDA3E-8778-449D-99D3-6052D93CC680}.Release|Any CPU.ActiveCfg = Release|Any CPU
		{2B1FDA3E-8778-449D-99D3-6052D93CC680}.Release|Any CPU.Build.0 = Release|Any CPU
		{33296EBD-03B9-485B-A32E-A316F9546236}.Debug|Any CPU.ActiveCfg = Debug|Any CPU
		{33296EBD-03B9-485B-A32E-A316F9546236}.Debug|Any CPU.Build.0 = Debug|Any CPU
		{33296EBD-03B9-485B-A32E-A316F9546236}.Release|Any CPU.ActiveCfg = Release|Any CPU
		{33296EBD-03B9-485B-A32E-A316F9546236}.Release|Any CPU.Build.0 = Release|Any CPU
		{A7831FA4-24D0-4B94-B78E-27B5B5560AA1}.Debug|Any CPU.ActiveCfg = Debug|Any CPU
		{A7831FA4-24D0-4B94-B78E-27B5B5560AA1}.Debug|Any CPU.Build.0 = Debug|Any CPU
		{A7831FA4-24D0-4B94-B78E-27B5B5560AA1}.Release|Any CPU.ActiveCfg = Release|Any CPU
		{A7831FA4-24D0-4B94-B78E-27B5B5560AA1}.Release|Any CPU.Build.0 = Release|Any CPU
		{D26D29A7-68C8-4F79-A905-EF2B78411CF2}.Debug|Any CPU.ActiveCfg = Debug|Any CPU
		{D26D29A7-68C8-4F79-A905-EF2B78411CF2}.Debug|Any CPU.Build.0 = Debug|Any CPU
		{D26D29A7-68C8-4F79-A905-EF2B78411CF2}.Release|Any CPU.ActiveCfg = Release|Any CPU
		{D26D29A7-68C8-4F79-A905-EF2B78411CF2}.Release|Any CPU.Build.0 = Release|Any CPU
		{3823D94E-3AA7-49FE-A6F5-DAF81CE2CCCE}.Debug|Any CPU.ActiveCfg = Debug|Any CPU
		{3823D94E-3AA7-49FE-A6F5-DAF81CE2CCCE}.Debug|Any CPU.Build.0 = Debug|Any CPU
		{3823D94E-3AA7-49FE-A6F5-DAF81CE2CCCE}.Release|Any CPU.ActiveCfg = Release|Any CPU
		{3823D94E-3AA7-49FE-A6F5-DAF81CE2CCCE}.Release|Any CPU.Build.0 = Release|Any CPU
		{58EE4537-15E4-43E6-B3B1-23E108EEA3BC}.Debug|Any CPU.ActiveCfg = Debug|Any CPU
		{58EE4537-15E4-43E6-B3B1-23E108EEA3BC}.Debug|Any CPU.Build.0 = Debug|Any CPU
		{58EE4537-15E4-43E6-B3B1-23E108EEA3BC}.Release|Any CPU.ActiveCfg = Release|Any CPU
		{58EE4537-15E4-43E6-B3B1-23E108EEA3BC}.Release|Any CPU.Build.0 = Release|Any CPU
		{5A6E504D-E6D4-4FAE-92DB-9FF1BE2D08EE}.Debug|Any CPU.ActiveCfg = Debug|Any CPU
		{5A6E504D-E6D4-4FAE-92DB-9FF1BE2D08EE}.Debug|Any CPU.Build.0 = Debug|Any CPU
		{5A6E504D-E6D4-4FAE-92DB-9FF1BE2D08EE}.Release|Any CPU.ActiveCfg = Release|Any CPU
		{5A6E504D-E6D4-4FAE-92DB-9FF1BE2D08EE}.Release|Any CPU.Build.0 = Release|Any CPU
		{C09D83E2-E8C1-46A2-9313-1EC21D59915E}.Debug|Any CPU.ActiveCfg = Debug|Any CPU
		{C09D83E2-E8C1-46A2-9313-1EC21D59915E}.Debug|Any CPU.Build.0 = Debug|Any CPU
		{C09D83E2-E8C1-46A2-9313-1EC21D59915E}.Release|Any CPU.ActiveCfg = Release|Any CPU
		{C09D83E2-E8C1-46A2-9313-1EC21D59915E}.Release|Any CPU.Build.0 = Release|Any CPU
		{066AC474-EC34-4B3E-AB69-EC4B5D97B927}.Debug|Any CPU.ActiveCfg = Debug|Any CPU
		{066AC474-EC34-4B3E-AB69-EC4B5D97B927}.Debug|Any CPU.Build.0 = Debug|Any CPU
		{066AC474-EC34-4B3E-AB69-EC4B5D97B927}.Release|Any CPU.ActiveCfg = Release|Any CPU
		{066AC474-EC34-4B3E-AB69-EC4B5D97B927}.Release|Any CPU.Build.0 = Release|Any CPU
		{5DFEFBDC-EFD8-4EF4-ADFF-550811D39C56}.Debug|Any CPU.ActiveCfg = Debug|Any CPU
		{5DFEFBDC-EFD8-4EF4-ADFF-550811D39C56}.Debug|Any CPU.Build.0 = Debug|Any CPU
		{5DFEFBDC-EFD8-4EF4-ADFF-550811D39C56}.Release|Any CPU.ActiveCfg = Release|Any CPU
		{5DFEFBDC-EFD8-4EF4-ADFF-550811D39C56}.Release|Any CPU.Build.0 = Release|Any CPU
		{4FF64EBF-2E32-4B48-A6A6-783E180309E9}.Debug|Any CPU.ActiveCfg = Debug|Any CPU
		{4FF64EBF-2E32-4B48-A6A6-783E180309E9}.Debug|Any CPU.Build.0 = Debug|Any CPU
		{4FF64EBF-2E32-4B48-A6A6-783E180309E9}.Release|Any CPU.ActiveCfg = Release|Any CPU
		{4FF64EBF-2E32-4B48-A6A6-783E180309E9}.Release|Any CPU.Build.0 = Release|Any CPU
		{DB5D2DC8-C0EE-4716-88D6-7205AEF5C6CE}.Debug|Any CPU.ActiveCfg = Debug|Any CPU
		{DB5D2DC8-C0EE-4716-88D6-7205AEF5C6CE}.Debug|Any CPU.Build.0 = Debug|Any CPU
		{DB5D2DC8-C0EE-4716-88D6-7205AEF5C6CE}.Release|Any CPU.ActiveCfg = Release|Any CPU
		{DB5D2DC8-C0EE-4716-88D6-7205AEF5C6CE}.Release|Any CPU.Build.0 = Release|Any CPU
	EndGlobalSection
	GlobalSection(SolutionProperties) = preSolution
		HideSolutionNode = FALSE
	EndGlobalSection
EndGlobal
