
Microsoft Visual Studio Solution File, Format Version 12.00
# Visual Studio 14
VisualStudioVersion = 14.0.25123.0
MinimumVisualStudioVersion = 10.0.40219.1
Project("{FAE04EC0-301F-11D3-BF4B-00C04F79EFBC}") = "01-Kaspichan-Numbers", "01-Kaspichan-Numbers\01-Kaspichan-Numbers.csproj", "{5EA2C2C4-543E-40FE-9AC3-D5E82A1886D6}"
EndProject
Project("{FAE04EC0-301F-11D3-BF4B-00C04F79EFBC}") = "02-Greedy-Dwarf", "02-Greedy-Dwarf\02-Greedy-Dwarf.csproj", "{7F475E5B-6EBB-477D-8AA8-433E4591005E}"
EndProject
Project("{FAE04EC0-301F-11D3-BF4B-00C04F79EFBC}") = "03-Slides", "03-Slides\03-Slides.csproj", "{94DA5BFB-6446-4E6E-9556-111D6E7B0414}"
EndProject
Project("{FAE04EC0-301F-11D3-BF4B-00C04F79EFBC}") = "04-Console-Justification", "04-Console-Justification\04-Console-Justification.csproj", "{6B317905-600E-489F-8CE0-3A07ABD6A1B9}"
EndProject
Global
	GlobalSection(SolutionConfigurationPlatforms) = preSolution
		Debug|Any CPU = Debug|Any CPU
		Release|Any CPU = Release|Any CPU
	EndGlobalSection
	GlobalSection(ProjectConfigurationPlatforms) = postSolution
		{5EA2C2C4-543E-40FE-9AC3-D5E82A1886D6}.Debug|Any CPU.ActiveCfg = Debug|Any CPU
		{5EA2C2C4-543E-40FE-9AC3-D5E82A1886D6}.Debug|Any CPU.Build.0 = Debug|Any CPU
		{5EA2C2C4-543E-40FE-9AC3-D5E82A1886D6}.Release|Any CPU.ActiveCfg = Release|Any CPU
		{5EA2C2C4-543E-40FE-9AC3-D5E82A1886D6}.Release|Any CPU.Build.0 = Release|Any CPU
		{7F475E5B-6EBB-477D-8AA8-433E4591005E}.Debug|Any CPU.ActiveCfg = Debug|Any CPU
		{7F475E5B-6EBB-477D-8AA8-433E4591005E}.Debug|Any CPU.Build.0 = Debug|Any CPU
		{7F475E5B-6EBB-477D-8AA8-433E4591005E}.Release|Any CPU.ActiveCfg = Release|Any CPU
		{7F475E5B-6EBB-477D-8AA8-433E4591005E}.Release|Any CPU.Build.0 = Release|Any CPU
		{94DA5BFB-6446-4E6E-9556-111D6E7B0414}.Debug|Any CPU.ActiveCfg = Debug|Any CPU
		{94DA5BFB-6446-4E6E-9556-111D6E7B0414}.Debug|Any CPU.Build.0 = Debug|Any CPU
		{94DA5BFB-6446-4E6E-9556-111D6E7B0414}.Release|Any CPU.ActiveCfg = Release|Any CPU
		{94DA5BFB-6446-4E6E-9556-111D6E7B0414}.Release|Any CPU.Build.0 = Release|Any CPU
		{6B317905-600E-489F-8CE0-3A07ABD6A1B9}.Debug|Any CPU.ActiveCfg = Debug|Any CPU
		{6B317905-600E-489F-8CE0-3A07ABD6A1B9}.Debug|Any CPU.Build.0 = Debug|Any CPU
		{6B317905-600E-489F-8CE0-3A07ABD6A1B9}.Release|Any CPU.ActiveCfg = Release|Any CPU
		{6B317905-600E-489F-8CE0-3A07ABD6A1B9}.Release|Any CPU.Build.0 = Release|Any CPU
	EndGlobalSection
	GlobalSection(SolutionProperties) = preSolution
		HideSolutionNode = FALSE
	EndGlobalSection
EndGlobal
