
Microsoft Visual Studio Solution File, Format Version 12.00
# Visual Studio 14
VisualStudioVersion = 14.0.25420.1
MinimumVisualStudioVersion = 10.0.40219.1
Project("{2150E333-8FDC-42A3-9474-1A3956D46DE8}") = "Data", "Data", "{6B1EB579-34F3-4618-9C8E-521B1BFC1475}"
EndProject
Project("{FAE04EC0-301F-11D3-BF4B-00C04F79EFBC}") = "SqlServer", "SqlServerContexts\SqlServer.csproj", "{42F8ACB0-737A-4C1D-8BE4-AD97A20D9E88}"
EndProject
Project("{FAE04EC0-301F-11D3-BF4B-00C04F79EFBC}") = "Models", "Models\Models.csproj", "{6E605FA7-3D92-4A1C-B013-A94121934C10}"
EndProject
Project("{FAE04EC0-301F-11D3-BF4B-00C04F79EFBC}") = "Repositories", "Repositories\Repositories.csproj", "{536E02B1-5FD6-4E59-B9D8-6FD6FFAFA1BC}"
EndProject
Project("{2150E333-8FDC-42A3-9474-1A3956D46DE8}") = "Services", "Services", "{E9DBA0CC-87F4-4C07-AC42-04FF82ABFB93}"
EndProject
Project("{FAE04EC0-301F-11D3-BF4B-00C04F79EFBC}") = "Contracts", "Contracts\Contracts.csproj", "{3049A3E9-F478-48AF-9A34-C0E768CFD492}"
EndProject
Global
	GlobalSection(SolutionConfigurationPlatforms) = preSolution
		Debug|Any CPU = Debug|Any CPU
		Release|Any CPU = Release|Any CPU
	EndGlobalSection
	GlobalSection(ProjectConfigurationPlatforms) = postSolution
		{42F8ACB0-737A-4C1D-8BE4-AD97A20D9E88}.Debug|Any CPU.ActiveCfg = Debug|Any CPU
		{42F8ACB0-737A-4C1D-8BE4-AD97A20D9E88}.Debug|Any CPU.Build.0 = Debug|Any CPU
		{42F8ACB0-737A-4C1D-8BE4-AD97A20D9E88}.Release|Any CPU.ActiveCfg = Release|Any CPU
		{42F8ACB0-737A-4C1D-8BE4-AD97A20D9E88}.Release|Any CPU.Build.0 = Release|Any CPU
		{6E605FA7-3D92-4A1C-B013-A94121934C10}.Debug|Any CPU.ActiveCfg = Debug|Any CPU
		{6E605FA7-3D92-4A1C-B013-A94121934C10}.Debug|Any CPU.Build.0 = Debug|Any CPU
		{6E605FA7-3D92-4A1C-B013-A94121934C10}.Release|Any CPU.ActiveCfg = Release|Any CPU
		{6E605FA7-3D92-4A1C-B013-A94121934C10}.Release|Any CPU.Build.0 = Release|Any CPU
		{536E02B1-5FD6-4E59-B9D8-6FD6FFAFA1BC}.Debug|Any CPU.ActiveCfg = Debug|Any CPU
		{536E02B1-5FD6-4E59-B9D8-6FD6FFAFA1BC}.Debug|Any CPU.Build.0 = Debug|Any CPU
		{536E02B1-5FD6-4E59-B9D8-6FD6FFAFA1BC}.Release|Any CPU.ActiveCfg = Release|Any CPU
		{536E02B1-5FD6-4E59-B9D8-6FD6FFAFA1BC}.Release|Any CPU.Build.0 = Release|Any CPU
		{3049A3E9-F478-48AF-9A34-C0E768CFD492}.Debug|Any CPU.ActiveCfg = Debug|Any CPU
		{3049A3E9-F478-48AF-9A34-C0E768CFD492}.Debug|Any CPU.Build.0 = Debug|Any CPU
		{3049A3E9-F478-48AF-9A34-C0E768CFD492}.Release|Any CPU.ActiveCfg = Release|Any CPU
		{3049A3E9-F478-48AF-9A34-C0E768CFD492}.Release|Any CPU.Build.0 = Release|Any CPU
	EndGlobalSection
	GlobalSection(SolutionProperties) = preSolution
		HideSolutionNode = FALSE
	EndGlobalSection
	GlobalSection(NestedProjects) = preSolution
		{42F8ACB0-737A-4C1D-8BE4-AD97A20D9E88} = {6B1EB579-34F3-4618-9C8E-521B1BFC1475}
		{6E605FA7-3D92-4A1C-B013-A94121934C10} = {6B1EB579-34F3-4618-9C8E-521B1BFC1475}
		{536E02B1-5FD6-4E59-B9D8-6FD6FFAFA1BC} = {6B1EB579-34F3-4618-9C8E-521B1BFC1475}
		{3049A3E9-F478-48AF-9A34-C0E768CFD492} = {6B1EB579-34F3-4618-9C8E-521B1BFC1475}
	EndGlobalSection
EndGlobal
