
Microsoft Visual Studio Solution File, Format Version 12.00
# Visual Studio 14
VisualStudioVersion = 14.0.25420.1
MinimumVisualStudioVersion = 10.0.40219.1
Project("{FAE04EC0-301F-11D3-BF4B-00C04F79EFBC}") = "EntityFramework.Data", "EntityFramework.Data\EntityFramework.Data.csproj", "{21D902DB-0E7A-4BC7-A06F-BBCF94D03B0B}"
EndProject
Project("{FAE04EC0-301F-11D3-BF4B-00C04F79EFBC}") = "EntitiyFramework.Tasks", "EntitiyFramework.Tasks\EntitiyFramework.Tasks.csproj", "{68B85ED0-F925-4DB1-96A3-D71DAC428CA4}"
EndProject
Project("{FAE04EC0-301F-11D3-BF4B-00C04F79EFBC}") = "EntityFramework.ConsoleApp", "EntityFramework.ConsoleApp\EntityFramework.ConsoleApp.csproj", "{5943B79D-21FD-4EF1-96FC-C49723A13C7F}"
EndProject
Global
	GlobalSection(SolutionConfigurationPlatforms) = preSolution
		Debug|Any CPU = Debug|Any CPU
		Release|Any CPU = Release|Any CPU
	EndGlobalSection
	GlobalSection(ProjectConfigurationPlatforms) = postSolution
		{21D902DB-0E7A-4BC7-A06F-BBCF94D03B0B}.Debug|Any CPU.ActiveCfg = Debug|Any CPU
		{21D902DB-0E7A-4BC7-A06F-BBCF94D03B0B}.Debug|Any CPU.Build.0 = Debug|Any CPU
		{21D902DB-0E7A-4BC7-A06F-BBCF94D03B0B}.Release|Any CPU.ActiveCfg = Release|Any CPU
		{21D902DB-0E7A-4BC7-A06F-BBCF94D03B0B}.Release|Any CPU.Build.0 = Release|Any CPU
		{68B85ED0-F925-4DB1-96A3-D71DAC428CA4}.Debug|Any CPU.ActiveCfg = Debug|Any CPU
		{68B85ED0-F925-4DB1-96A3-D71DAC428CA4}.Debug|Any CPU.Build.0 = Debug|Any CPU
		{68B85ED0-F925-4DB1-96A3-D71DAC428CA4}.Release|Any CPU.ActiveCfg = Release|Any CPU
		{68B85ED0-F925-4DB1-96A3-D71DAC428CA4}.Release|Any CPU.Build.0 = Release|Any CPU
		{5943B79D-21FD-4EF1-96FC-C49723A13C7F}.Debug|Any CPU.ActiveCfg = Debug|Any CPU
		{5943B79D-21FD-4EF1-96FC-C49723A13C7F}.Debug|Any CPU.Build.0 = Debug|Any CPU
		{5943B79D-21FD-4EF1-96FC-C49723A13C7F}.Release|Any CPU.ActiveCfg = Release|Any CPU
		{5943B79D-21FD-4EF1-96FC-C49723A13C7F}.Release|Any CPU.Build.0 = Release|Any CPU
	EndGlobalSection
	GlobalSection(SolutionProperties) = preSolution
		HideSolutionNode = FALSE
	EndGlobalSection
EndGlobal
