
Microsoft Visual Studio Solution File, Format Version 12.00
# Visual Studio 14
VisualStudioVersion = 14.0.25123.0
MinimumVisualStudioVersion = 10.0.40219.1
Project("{FAE04EC0-301F-11D3-BF4B-00C04F79EFBC}") = "01-Decimal-To-Binary", "01-Decimal-To-Binary\01-Decimal-To-Binary.csproj", "{D2E0DC15-0C2D-459F-9EAC-CC1FE3844241}"
EndProject
Project("{FAE04EC0-301F-11D3-BF4B-00C04F79EFBC}") = "02-Binary-To-Decimal", "02-Binary-To-Decimal\02-Binary-To-Decimal.csproj", "{2E8299C4-1497-4436-AFB7-84D4182B3164}"
EndProject
Project("{FAE04EC0-301F-11D3-BF4B-00C04F79EFBC}") = "03-Decimal-To-Hexadecimal", "03-Decimal-To-Hexadecimal\03-Decimal-To-Hexadecimal.csproj", "{4C2535E6-07AB-40DA-8B90-3CDC615EAE9D}"
EndProject
Project("{FAE04EC0-301F-11D3-BF4B-00C04F79EFBC}") = "04-Hexadecimal-To-Decimal", "04-Hexadecimal-To-Decimal\04-Hexadecimal-To-Decimal.csproj", "{FE772BE8-1273-40A6-B3A8-CCC0434B8E7A}"
EndProject
Project("{FAE04EC0-301F-11D3-BF4B-00C04F79EFBC}") = "05-Hexadecimal-To-Binary", "05-Hexadecimal-To-Binary\05-Hexadecimal-To-Binary.csproj", "{174B427D-22E6-4B91-95D0-4C2268D870F4}"
EndProject
Project("{FAE04EC0-301F-11D3-BF4B-00C04F79EFBC}") = "06-Binary-To-Hex", "06-Binary-To-Hex\06-Binary-To-Hex.csproj", "{5532E459-EAE8-4073-99A5-3872C1052A4D}"
EndProject
Project("{FAE04EC0-301F-11D3-BF4B-00C04F79EFBC}") = "07-One-Base-To-Any-Other", "07-One-Base-To-Any-Other\07-One-Base-To-Any-Other.csproj", "{2EE9372C-74A5-4821-A380-9A460036D537}"
EndProject
Project("{FAE04EC0-301F-11D3-BF4B-00C04F79EFBC}") = "08-Binary-Short", "08-Binary-Short\08-Binary-Short.csproj", "{650C1C11-2405-4DC4-9785-9296D181319F}"
EndProject
Project("{FAE04EC0-301F-11D3-BF4B-00C04F79EFBC}") = "09-Binary-Float", "09-Binary-Float\09-Binary-Float.csproj", "{19CE51B5-0E0E-433D-89B7-3C4E1B8D9281}"
EndProject
Global
	GlobalSection(SolutionConfigurationPlatforms) = preSolution
		Debug|Any CPU = Debug|Any CPU
		Release|Any CPU = Release|Any CPU
	EndGlobalSection
	GlobalSection(ProjectConfigurationPlatforms) = postSolution
		{D2E0DC15-0C2D-459F-9EAC-CC1FE3844241}.Debug|Any CPU.ActiveCfg = Debug|Any CPU
		{D2E0DC15-0C2D-459F-9EAC-CC1FE3844241}.Debug|Any CPU.Build.0 = Debug|Any CPU
		{D2E0DC15-0C2D-459F-9EAC-CC1FE3844241}.Release|Any CPU.ActiveCfg = Release|Any CPU
		{D2E0DC15-0C2D-459F-9EAC-CC1FE3844241}.Release|Any CPU.Build.0 = Release|Any CPU
		{2E8299C4-1497-4436-AFB7-84D4182B3164}.Debug|Any CPU.ActiveCfg = Debug|Any CPU
		{2E8299C4-1497-4436-AFB7-84D4182B3164}.Debug|Any CPU.Build.0 = Debug|Any CPU
		{2E8299C4-1497-4436-AFB7-84D4182B3164}.Release|Any CPU.ActiveCfg = Release|Any CPU
		{2E8299C4-1497-4436-AFB7-84D4182B3164}.Release|Any CPU.Build.0 = Release|Any CPU
		{4C2535E6-07AB-40DA-8B90-3CDC615EAE9D}.Debug|Any CPU.ActiveCfg = Debug|Any CPU
		{4C2535E6-07AB-40DA-8B90-3CDC615EAE9D}.Debug|Any CPU.Build.0 = Debug|Any CPU
		{4C2535E6-07AB-40DA-8B90-3CDC615EAE9D}.Release|Any CPU.ActiveCfg = Release|Any CPU
		{4C2535E6-07AB-40DA-8B90-3CDC615EAE9D}.Release|Any CPU.Build.0 = Release|Any CPU
		{FE772BE8-1273-40A6-B3A8-CCC0434B8E7A}.Debug|Any CPU.ActiveCfg = Debug|Any CPU
		{FE772BE8-1273-40A6-B3A8-CCC0434B8E7A}.Debug|Any CPU.Build.0 = Debug|Any CPU
		{FE772BE8-1273-40A6-B3A8-CCC0434B8E7A}.Release|Any CPU.ActiveCfg = Release|Any CPU
		{FE772BE8-1273-40A6-B3A8-CCC0434B8E7A}.Release|Any CPU.Build.0 = Release|Any CPU
		{174B427D-22E6-4B91-95D0-4C2268D870F4}.Debug|Any CPU.ActiveCfg = Debug|Any CPU
		{174B427D-22E6-4B91-95D0-4C2268D870F4}.Debug|Any CPU.Build.0 = Debug|Any CPU
		{174B427D-22E6-4B91-95D0-4C2268D870F4}.Release|Any CPU.ActiveCfg = Release|Any CPU
		{174B427D-22E6-4B91-95D0-4C2268D870F4}.Release|Any CPU.Build.0 = Release|Any CPU
		{5532E459-EAE8-4073-99A5-3872C1052A4D}.Debug|Any CPU.ActiveCfg = Debug|Any CPU
		{5532E459-EAE8-4073-99A5-3872C1052A4D}.Debug|Any CPU.Build.0 = Debug|Any CPU
		{5532E459-EAE8-4073-99A5-3872C1052A4D}.Release|Any CPU.ActiveCfg = Release|Any CPU
		{5532E459-EAE8-4073-99A5-3872C1052A4D}.Release|Any CPU.Build.0 = Release|Any CPU
		{2EE9372C-74A5-4821-A380-9A460036D537}.Debug|Any CPU.ActiveCfg = Debug|Any CPU
		{2EE9372C-74A5-4821-A380-9A460036D537}.Debug|Any CPU.Build.0 = Debug|Any CPU
		{2EE9372C-74A5-4821-A380-9A460036D537}.Release|Any CPU.ActiveCfg = Release|Any CPU
		{2EE9372C-74A5-4821-A380-9A460036D537}.Release|Any CPU.Build.0 = Release|Any CPU
		{650C1C11-2405-4DC4-9785-9296D181319F}.Debug|Any CPU.ActiveCfg = Debug|Any CPU
		{650C1C11-2405-4DC4-9785-9296D181319F}.Debug|Any CPU.Build.0 = Debug|Any CPU
		{650C1C11-2405-4DC4-9785-9296D181319F}.Release|Any CPU.ActiveCfg = Release|Any CPU
		{650C1C11-2405-4DC4-9785-9296D181319F}.Release|Any CPU.Build.0 = Release|Any CPU
		{19CE51B5-0E0E-433D-89B7-3C4E1B8D9281}.Debug|Any CPU.ActiveCfg = Debug|Any CPU
		{19CE51B5-0E0E-433D-89B7-3C4E1B8D9281}.Debug|Any CPU.Build.0 = Debug|Any CPU
		{19CE51B5-0E0E-433D-89B7-3C4E1B8D9281}.Release|Any CPU.ActiveCfg = Release|Any CPU
		{19CE51B5-0E0E-433D-89B7-3C4E1B8D9281}.Release|Any CPU.Build.0 = Release|Any CPU
	EndGlobalSection
	GlobalSection(SolutionProperties) = preSolution
		HideSolutionNode = FALSE
	EndGlobalSection
EndGlobal
