
Microsoft Visual Studio Solution File, Format Version 12.00
# Visual Studio 14
VisualStudioVersion = 14.0.25123.0
MinimumVisualStudioVersion = 10.0.40219.1
Project("{FAE04EC0-301F-11D3-BF4B-00C04F79EFBC}") = "02-Reverse-String", "02-Reverse-String\02-Reverse-String.csproj", "{EAF9A30A-A9B0-447F-85C5-27E6360DA138}"
EndProject
Project("{FAE04EC0-301F-11D3-BF4B-00C04F79EFBC}") = "03-Correct-Brackets", "03-Correct-Brackets\03-Correct-Brackets.csproj", "{92F3C483-009E-4EEC-8DC3-A7E54F323F51}"
EndProject
Project("{FAE04EC0-301F-11D3-BF4B-00C04F79EFBC}") = "04-Substring-In-Text", "04-Substring-In-Text\04-Substring-In-Text.csproj", "{4DEC9B23-358C-482D-A9D8-9EF09D6B9D40}"
EndProject
Project("{FAE04EC0-301F-11D3-BF4B-00C04F79EFBC}") = "05-Parse-Tags", "05-Parse-Tags\05-Parse-Tags.csproj", "{C68577F2-D2EC-4B2C-8CF8-5E967F36FFD6}"
EndProject
Project("{FAE04EC0-301F-11D3-BF4B-00C04F79EFBC}") = "06-String-Length", "06-String-Length\06-String-Length.csproj", "{33A0D62E-3F0F-467A-B86B-7776DC8386DC}"
EndProject
Project("{FAE04EC0-301F-11D3-BF4B-00C04F79EFBC}") = "07-Encode-Decode", "07-Encode-Decode\07-Encode-Decode.csproj", "{048D0FD1-FB6D-4134-A6B9-E113A99EFA9D}"
EndProject
Project("{FAE04EC0-301F-11D3-BF4B-00C04F79EFBC}") = "08-Extract-Sentences", "08-Extract-Sentences\08-Extract-Sentences.csproj", "{4681154E-FB2A-4DAD-9A15-C2ED720650D8}"
EndProject
Project("{FAE04EC0-301F-11D3-BF4B-00C04F79EFBC}") = "09-Forbidden-Words", "09-Forbidden-Words\09-Forbidden-Words.csproj", "{C883BEC2-D82A-4C8C-B857-357D7E82E5E2}"
EndProject
Project("{FAE04EC0-301F-11D3-BF4B-00C04F79EFBC}") = "10-Unicode-Characters", "10-Unicode-Characters\10-Unicode-Characters.csproj", "{7A7FF3B9-3DE1-46ED-B00F-D2CF614FF3F4}"
EndProject
Project("{FAE04EC0-301F-11D3-BF4B-00C04F79EFBC}") = "11-Format-Number", "11-Format-Number\11-Format-Number.csproj", "{955FE92E-43A8-4546-B5FD-6DCB305435B6}"
EndProject
Project("{FAE04EC0-301F-11D3-BF4B-00C04F79EFBC}") = "12-Parse-URL", "12-Parse-URL\12-Parse-URL.csproj", "{E7F03360-A084-4173-AEDE-2D285BECFFD0}"
EndProject
Project("{FAE04EC0-301F-11D3-BF4B-00C04F79EFBC}") = "13-Reverse-A-Sentence", "13-Reverse-A-Sentence\13-Reverse-A-Sentence.csproj", "{3B94FF2E-22FB-4E4A-B178-484A2536BA1C}"
EndProject
Project("{FAE04EC0-301F-11D3-BF4B-00C04F79EFBC}") = "14-Word-Dictionary", "14-Word-Dictionary\14-Word-Dictionary.csproj", "{F6DA196E-820A-482D-8412-CD0725524DDF}"
EndProject
Project("{FAE04EC0-301F-11D3-BF4B-00C04F79EFBC}") = "15-Replace-Tags", "15-Replace-Tags\15-Replace-Tags.csproj", "{C267CD40-E66A-429B-961E-244B684D0189}"
EndProject
Project("{FAE04EC0-301F-11D3-BF4B-00C04F79EFBC}") = "16-Date-Difference", "16-Date-Difference\16-Date-Difference.csproj", "{670E2F40-56B1-4180-B245-1A82664477C2}"
EndProject
Project("{FAE04EC0-301F-11D3-BF4B-00C04F79EFBC}") = "17-Date-In-Bulgarian", "17-Date-In-Bulgarian\17-Date-In-Bulgarian.csproj", "{7B3A7E2B-599B-4315-9033-D99A88331C7A}"
EndProject
Project("{FAE04EC0-301F-11D3-BF4B-00C04F79EFBC}") = "18-Extract-Emails", "18-Extract-Emails\18-Extract-Emails.csproj", "{A61736D4-7896-4E1A-92F8-62CA93E98F42}"
EndProject
Project("{FAE04EC0-301F-11D3-BF4B-00C04F79EFBC}") = "19-Dates-From-Text-Canada", "19-Dates-From-Text-Canada\19-Dates-From-Text-Canada.csproj", "{049D9871-F8A3-450D-81B3-6ABE5D24285F}"
EndProject
Project("{FAE04EC0-301F-11D3-BF4B-00C04F79EFBC}") = "20-Palindromes", "20-Palindromes\20-Palindromes.csproj", "{C23E4E73-ABE1-4BC0-ADD9-BEECC1595B5D}"
EndProject
Project("{FAE04EC0-301F-11D3-BF4B-00C04F79EFBC}") = "21-Letters-Count", "21-Letters-Count\21-Letters-Count.csproj", "{DA58089C-3041-472E-B52C-253CAF87250D}"
EndProject
Project("{FAE04EC0-301F-11D3-BF4B-00C04F79EFBC}") = "22-Words-Count", "22-Words-Count\22-Words-Count.csproj", "{B4835688-FFB7-4CD2-8304-743F6432271C}"
EndProject
Project("{FAE04EC0-301F-11D3-BF4B-00C04F79EFBC}") = "23-Series-Of-Letters", "23-Series-Of-Letters\23-Series-Of-Letters.csproj", "{5C399050-ADCE-4776-9FCA-AED059DC18AB}"
EndProject
Project("{FAE04EC0-301F-11D3-BF4B-00C04F79EFBC}") = "24-Order-Words", "24-Order-Words\24-Order-Words.csproj", "{BC48318E-5D28-432A-9B45-E8B6FD696BE4}"
EndProject
Project("{FAE04EC0-301F-11D3-BF4B-00C04F79EFBC}") = "25-Extract-Text-From-HTML", "25-Extract-Text-From-HTML\25-Extract-Text-From-HTML.csproj", "{93D82AB3-8C1C-4F89-9B3C-B53A5079F1BB}"
EndProject
Project("{FAE04EC0-301F-11D3-BF4B-00C04F79EFBC}") = "00-Nested-Divs", "00-Nested-Divs\00-Nested-Divs.csproj", "{FB8A1328-D075-4A26-81D4-E67A1B90453F}"
EndProject
Project("{FAE04EC0-301F-11D3-BF4B-00C04F79EFBC}") = "04-Sub-String-In-Text-2", "04-Sub-String-In-Text-2\04-Sub-String-In-Text-2.csproj", "{ACFBAD7C-DDC7-46B0-BB35-CE0AB527268F}"
EndProject
Project("{FAE04EC0-301F-11D3-BF4B-00C04F79EFBC}") = "05-Parse-Tags-2", "05-Parse-Tags-2\05-Parse-Tags-2.csproj", "{620AA9E9-3E5B-4819-85BD-1DE1B8A78A28}"
EndProject
Project("{FAE04EC0-301F-11D3-BF4B-00C04F79EFBC}") = "05-Parse-Tags-3", "05-Parse-Tags-3\05-Parse-Tags-3.csproj", "{969D74EB-4B87-4280-8B3B-E0DC4ABF6172}"
EndProject
Project("{FAE04EC0-301F-11D3-BF4B-00C04F79EFBC}") = "15-Replace-Tags-2", "15-Replace-Tags-2\15-Replace-Tags-2.csproj", "{06D9D0AE-5F8A-42F5-9579-7529B622C76A}"
EndProject
Project("{FAE04EC0-301F-11D3-BF4B-00C04F79EFBC}") = "15-Replace-Tags-3", "15-Replace-Tags-3\15-Replace-Tags-3.csproj", "{85F0B541-200C-4BC8-AD7F-26C740EB0329}"
EndProject
Project("{FAE04EC0-301F-11D3-BF4B-00C04F79EFBC}") = "15-Replace-Tags-4", "15-Replace-Tags-4\15-Replace-Tags-4.csproj", "{E46171F8-BD0B-4BAA-B2DB-444758FDBE1F}"
EndProject
Project("{FAE04EC0-301F-11D3-BF4B-00C04F79EFBC}") = "06-String-Length-2", "06-String-Length-2\06-String-Length-2.csproj", "{3F4FC389-34ED-4DF9-8B49-7DC0A7822B1D}"
EndProject
Project("{FAE04EC0-301F-11D3-BF4B-00C04F79EFBC}") = "06-String-Length-3", "06-String-Length-3\06-String-Length-3.csproj", "{5FE77DCA-5FE7-43FE-850F-56D381D0E77A}"
EndProject
Project("{FAE04EC0-301F-11D3-BF4B-00C04F79EFBC}") = "06-String-Length-4", "06-String-Length-4\06-String-Length-4.csproj", "{8E8CDD8B-ABC6-4E83-8E5E-72AD30C9B88F}"
EndProject
Project("{FAE04EC0-301F-11D3-BF4B-00C04F79EFBC}") = "06-String-Length-CP", "06-String-Length-CP\06-String-Length-CP.csproj", "{18AC4188-5F4A-4940-A36C-BBEDC6F8EC0F}"
EndProject
Project("{FAE04EC0-301F-11D3-BF4B-00C04F79EFBC}") = "08-Extract-Sentences-2", "08-Extract-Sentences-2\08-Extract-Sentences-2.csproj", "{1F5DCA42-DC50-4193-9899-4F9BEA034DD3}"
EndProject
Project("{FAE04EC0-301F-11D3-BF4B-00C04F79EFBC}") = "10-Unicode-Characters-2", "10-Unicode-Characters-2\10-Unicode-Characters-2.csproj", "{C5AAFC14-CA11-4751-BB2A-7C364596C624}"
EndProject
Project("{FAE04EC0-301F-11D3-BF4B-00C04F79EFBC}") = "10-Unicode-Characters-3", "10-Unicode-Characters-3\10-Unicode-Characters-3.csproj", "{B9BB4C0A-6238-49FF-B945-BE6DE992A9E8}"
EndProject
Project("{FAE04EC0-301F-11D3-BF4B-00C04F79EFBC}") = "15-Replace-Tags-5", "15-Replace-Tags-5\15-Replace-Tags-5.csproj", "{88CB3B40-FCD0-4A93-93AD-303993900C0D}"
EndProject
Project("{FAE04EC0-301F-11D3-BF4B-00C04F79EFBC}") = "15-Replace-Tags-6", "15-Replace-Tags-6\15-Replace-Tags-6.csproj", "{CAAD890B-B9C1-4AA1-B971-BD785A8F3A63}"
EndProject
Project("{FAE04EC0-301F-11D3-BF4B-00C04F79EFBC}") = "08-Extract-Sentences-3", "08-Extract-Sentences-3\08-Extract-Sentences-3.csproj", "{26B6B439-5F24-43C1-8606-9DBF7647590B}"
EndProject
Project("{FAE04EC0-301F-11D3-BF4B-00C04F79EFBC}") = "08-Extract-Sentences-4", "08-Extract-Sentences-4\08-Extract-Sentences-4.csproj", "{47A42E5D-B54D-49FF-8B93-F4D1C74E13C2}"
EndProject
Project("{FAE04EC0-301F-11D3-BF4B-00C04F79EFBC}") = "08-Extract-Sentences-5", "08-Extract-Sentencs-5\08-Extract-Sentences-5.csproj", "{41B87F1F-4F8B-48C9-AFD2-5FCBA7E14B94}"
EndProject
Project("{FAE04EC0-301F-11D3-BF4B-00C04F79EFBC}") = "08-Extract-Sentences-6", "08-Extract-Sentences-6\08-Extract-Sentences-6.csproj", "{14F869A8-E846-47BC-998F-DF93248B1314}"
EndProject
Project("{FAE04EC0-301F-11D3-BF4B-00C04F79EFBC}") = "08-Extract-Sentences-7", "08-Extract-Sentences-7\08-Extract-Sentences-7.csproj", "{B3D87899-1BEB-4BD2-9099-6C56CDC5FCD2}"
EndProject
Project("{FAE04EC0-301F-11D3-BF4B-00C04F79EFBC}") = "08-Extract-Sentences-8", "08-Extract-Sentences-8\08-Extract-Sentences-8.csproj", "{ADA14D07-1930-4ADA-A050-289AA28C72AC}"
EndProject
Project("{FAE04EC0-301F-11D3-BF4B-00C04F79EFBC}") = "10-Unicode-Characters-4", "10-Unicode-Characters-4\10-Unicode-Characters-4.csproj", "{086BB68B-F5E7-4F72-91CE-8A9BFA81AFBD}"
EndProject
Project("{FAE04EC0-301F-11D3-BF4B-00C04F79EFBC}") = "15-Replace-Tags-7", "15-Replace-Tags-7\15-Replace-Tags-7.csproj", "{D9894088-DB8F-467B-B4B2-9632E6A0F7D1}"
EndProject
Project("{FAE04EC0-301F-11D3-BF4B-00C04F79EFBC}") = "15-Replace-Tags-9", "15-Replace-Tags-9\15-Replace-Tags-9.csproj", "{C0B06B68-DA75-4684-9D82-819AA820707B}"
EndProject
Global
	GlobalSection(SolutionConfigurationPlatforms) = preSolution
		Debug|Any CPU = Debug|Any CPU
		Release|Any CPU = Release|Any CPU
	EndGlobalSection
	GlobalSection(ProjectConfigurationPlatforms) = postSolution
		{EAF9A30A-A9B0-447F-85C5-27E6360DA138}.Debug|Any CPU.ActiveCfg = Debug|Any CPU
		{EAF9A30A-A9B0-447F-85C5-27E6360DA138}.Debug|Any CPU.Build.0 = Debug|Any CPU
		{EAF9A30A-A9B0-447F-85C5-27E6360DA138}.Release|Any CPU.ActiveCfg = Release|Any CPU
		{EAF9A30A-A9B0-447F-85C5-27E6360DA138}.Release|Any CPU.Build.0 = Release|Any CPU
		{92F3C483-009E-4EEC-8DC3-A7E54F323F51}.Debug|Any CPU.ActiveCfg = Debug|Any CPU
		{92F3C483-009E-4EEC-8DC3-A7E54F323F51}.Debug|Any CPU.Build.0 = Debug|Any CPU
		{92F3C483-009E-4EEC-8DC3-A7E54F323F51}.Release|Any CPU.ActiveCfg = Release|Any CPU
		{92F3C483-009E-4EEC-8DC3-A7E54F323F51}.Release|Any CPU.Build.0 = Release|Any CPU
		{4DEC9B23-358C-482D-A9D8-9EF09D6B9D40}.Debug|Any CPU.ActiveCfg = Debug|Any CPU
		{4DEC9B23-358C-482D-A9D8-9EF09D6B9D40}.Debug|Any CPU.Build.0 = Debug|Any CPU
		{4DEC9B23-358C-482D-A9D8-9EF09D6B9D40}.Release|Any CPU.ActiveCfg = Release|Any CPU
		{4DEC9B23-358C-482D-A9D8-9EF09D6B9D40}.Release|Any CPU.Build.0 = Release|Any CPU
		{C68577F2-D2EC-4B2C-8CF8-5E967F36FFD6}.Debug|Any CPU.ActiveCfg = Debug|Any CPU
		{C68577F2-D2EC-4B2C-8CF8-5E967F36FFD6}.Debug|Any CPU.Build.0 = Debug|Any CPU
		{C68577F2-D2EC-4B2C-8CF8-5E967F36FFD6}.Release|Any CPU.ActiveCfg = Release|Any CPU
		{C68577F2-D2EC-4B2C-8CF8-5E967F36FFD6}.Release|Any CPU.Build.0 = Release|Any CPU
		{33A0D62E-3F0F-467A-B86B-7776DC8386DC}.Debug|Any CPU.ActiveCfg = Debug|Any CPU
		{33A0D62E-3F0F-467A-B86B-7776DC8386DC}.Debug|Any CPU.Build.0 = Debug|Any CPU
		{33A0D62E-3F0F-467A-B86B-7776DC8386DC}.Release|Any CPU.ActiveCfg = Release|Any CPU
		{33A0D62E-3F0F-467A-B86B-7776DC8386DC}.Release|Any CPU.Build.0 = Release|Any CPU
		{048D0FD1-FB6D-4134-A6B9-E113A99EFA9D}.Debug|Any CPU.ActiveCfg = Debug|Any CPU
		{048D0FD1-FB6D-4134-A6B9-E113A99EFA9D}.Debug|Any CPU.Build.0 = Debug|Any CPU
		{048D0FD1-FB6D-4134-A6B9-E113A99EFA9D}.Release|Any CPU.ActiveCfg = Release|Any CPU
		{048D0FD1-FB6D-4134-A6B9-E113A99EFA9D}.Release|Any CPU.Build.0 = Release|Any CPU
		{4681154E-FB2A-4DAD-9A15-C2ED720650D8}.Debug|Any CPU.ActiveCfg = Debug|Any CPU
		{4681154E-FB2A-4DAD-9A15-C2ED720650D8}.Debug|Any CPU.Build.0 = Debug|Any CPU
		{4681154E-FB2A-4DAD-9A15-C2ED720650D8}.Release|Any CPU.ActiveCfg = Release|Any CPU
		{4681154E-FB2A-4DAD-9A15-C2ED720650D8}.Release|Any CPU.Build.0 = Release|Any CPU
		{C883BEC2-D82A-4C8C-B857-357D7E82E5E2}.Debug|Any CPU.ActiveCfg = Debug|Any CPU
		{C883BEC2-D82A-4C8C-B857-357D7E82E5E2}.Debug|Any CPU.Build.0 = Debug|Any CPU
		{C883BEC2-D82A-4C8C-B857-357D7E82E5E2}.Release|Any CPU.ActiveCfg = Release|Any CPU
		{C883BEC2-D82A-4C8C-B857-357D7E82E5E2}.Release|Any CPU.Build.0 = Release|Any CPU
		{7A7FF3B9-3DE1-46ED-B00F-D2CF614FF3F4}.Debug|Any CPU.ActiveCfg = Debug|Any CPU
		{7A7FF3B9-3DE1-46ED-B00F-D2CF614FF3F4}.Debug|Any CPU.Build.0 = Debug|Any CPU
		{7A7FF3B9-3DE1-46ED-B00F-D2CF614FF3F4}.Release|Any CPU.ActiveCfg = Release|Any CPU
		{7A7FF3B9-3DE1-46ED-B00F-D2CF614FF3F4}.Release|Any CPU.Build.0 = Release|Any CPU
		{955FE92E-43A8-4546-B5FD-6DCB305435B6}.Debug|Any CPU.ActiveCfg = Debug|Any CPU
		{955FE92E-43A8-4546-B5FD-6DCB305435B6}.Debug|Any CPU.Build.0 = Debug|Any CPU
		{955FE92E-43A8-4546-B5FD-6DCB305435B6}.Release|Any CPU.ActiveCfg = Release|Any CPU
		{955FE92E-43A8-4546-B5FD-6DCB305435B6}.Release|Any CPU.Build.0 = Release|Any CPU
		{E7F03360-A084-4173-AEDE-2D285BECFFD0}.Debug|Any CPU.ActiveCfg = Debug|Any CPU
		{E7F03360-A084-4173-AEDE-2D285BECFFD0}.Debug|Any CPU.Build.0 = Debug|Any CPU
		{E7F03360-A084-4173-AEDE-2D285BECFFD0}.Release|Any CPU.ActiveCfg = Release|Any CPU
		{E7F03360-A084-4173-AEDE-2D285BECFFD0}.Release|Any CPU.Build.0 = Release|Any CPU
		{3B94FF2E-22FB-4E4A-B178-484A2536BA1C}.Debug|Any CPU.ActiveCfg = Debug|Any CPU
		{3B94FF2E-22FB-4E4A-B178-484A2536BA1C}.Debug|Any CPU.Build.0 = Debug|Any CPU
		{3B94FF2E-22FB-4E4A-B178-484A2536BA1C}.Release|Any CPU.ActiveCfg = Release|Any CPU
		{3B94FF2E-22FB-4E4A-B178-484A2536BA1C}.Release|Any CPU.Build.0 = Release|Any CPU
		{F6DA196E-820A-482D-8412-CD0725524DDF}.Debug|Any CPU.ActiveCfg = Debug|Any CPU
		{F6DA196E-820A-482D-8412-CD0725524DDF}.Debug|Any CPU.Build.0 = Debug|Any CPU
		{F6DA196E-820A-482D-8412-CD0725524DDF}.Release|Any CPU.ActiveCfg = Release|Any CPU
		{F6DA196E-820A-482D-8412-CD0725524DDF}.Release|Any CPU.Build.0 = Release|Any CPU
		{C267CD40-E66A-429B-961E-244B684D0189}.Debug|Any CPU.ActiveCfg = Debug|Any CPU
		{C267CD40-E66A-429B-961E-244B684D0189}.Debug|Any CPU.Build.0 = Debug|Any CPU
		{C267CD40-E66A-429B-961E-244B684D0189}.Release|Any CPU.ActiveCfg = Release|Any CPU
		{C267CD40-E66A-429B-961E-244B684D0189}.Release|Any CPU.Build.0 = Release|Any CPU
		{670E2F40-56B1-4180-B245-1A82664477C2}.Debug|Any CPU.ActiveCfg = Debug|Any CPU
		{670E2F40-56B1-4180-B245-1A82664477C2}.Debug|Any CPU.Build.0 = Debug|Any CPU
		{670E2F40-56B1-4180-B245-1A82664477C2}.Release|Any CPU.ActiveCfg = Release|Any CPU
		{670E2F40-56B1-4180-B245-1A82664477C2}.Release|Any CPU.Build.0 = Release|Any CPU
		{7B3A7E2B-599B-4315-9033-D99A88331C7A}.Debug|Any CPU.ActiveCfg = Debug|Any CPU
		{7B3A7E2B-599B-4315-9033-D99A88331C7A}.Debug|Any CPU.Build.0 = Debug|Any CPU
		{7B3A7E2B-599B-4315-9033-D99A88331C7A}.Release|Any CPU.ActiveCfg = Release|Any CPU
		{7B3A7E2B-599B-4315-9033-D99A88331C7A}.Release|Any CPU.Build.0 = Release|Any CPU
		{A61736D4-7896-4E1A-92F8-62CA93E98F42}.Debug|Any CPU.ActiveCfg = Debug|Any CPU
		{A61736D4-7896-4E1A-92F8-62CA93E98F42}.Debug|Any CPU.Build.0 = Debug|Any CPU
		{A61736D4-7896-4E1A-92F8-62CA93E98F42}.Release|Any CPU.ActiveCfg = Release|Any CPU
		{A61736D4-7896-4E1A-92F8-62CA93E98F42}.Release|Any CPU.Build.0 = Release|Any CPU
		{049D9871-F8A3-450D-81B3-6ABE5D24285F}.Debug|Any CPU.ActiveCfg = Debug|Any CPU
		{049D9871-F8A3-450D-81B3-6ABE5D24285F}.Debug|Any CPU.Build.0 = Debug|Any CPU
		{049D9871-F8A3-450D-81B3-6ABE5D24285F}.Release|Any CPU.ActiveCfg = Release|Any CPU
		{049D9871-F8A3-450D-81B3-6ABE5D24285F}.Release|Any CPU.Build.0 = Release|Any CPU
		{C23E4E73-ABE1-4BC0-ADD9-BEECC1595B5D}.Debug|Any CPU.ActiveCfg = Debug|Any CPU
		{C23E4E73-ABE1-4BC0-ADD9-BEECC1595B5D}.Debug|Any CPU.Build.0 = Debug|Any CPU
		{C23E4E73-ABE1-4BC0-ADD9-BEECC1595B5D}.Release|Any CPU.ActiveCfg = Release|Any CPU
		{C23E4E73-ABE1-4BC0-ADD9-BEECC1595B5D}.Release|Any CPU.Build.0 = Release|Any CPU
		{DA58089C-3041-472E-B52C-253CAF87250D}.Debug|Any CPU.ActiveCfg = Debug|Any CPU
		{DA58089C-3041-472E-B52C-253CAF87250D}.Debug|Any CPU.Build.0 = Debug|Any CPU
		{DA58089C-3041-472E-B52C-253CAF87250D}.Release|Any CPU.ActiveCfg = Release|Any CPU
		{DA58089C-3041-472E-B52C-253CAF87250D}.Release|Any CPU.Build.0 = Release|Any CPU
		{B4835688-FFB7-4CD2-8304-743F6432271C}.Debug|Any CPU.ActiveCfg = Debug|Any CPU
		{B4835688-FFB7-4CD2-8304-743F6432271C}.Debug|Any CPU.Build.0 = Debug|Any CPU
		{B4835688-FFB7-4CD2-8304-743F6432271C}.Release|Any CPU.ActiveCfg = Release|Any CPU
		{B4835688-FFB7-4CD2-8304-743F6432271C}.Release|Any CPU.Build.0 = Release|Any CPU
		{5C399050-ADCE-4776-9FCA-AED059DC18AB}.Debug|Any CPU.ActiveCfg = Debug|Any CPU
		{5C399050-ADCE-4776-9FCA-AED059DC18AB}.Debug|Any CPU.Build.0 = Debug|Any CPU
		{5C399050-ADCE-4776-9FCA-AED059DC18AB}.Release|Any CPU.ActiveCfg = Release|Any CPU
		{5C399050-ADCE-4776-9FCA-AED059DC18AB}.Release|Any CPU.Build.0 = Release|Any CPU
		{BC48318E-5D28-432A-9B45-E8B6FD696BE4}.Debug|Any CPU.ActiveCfg = Debug|Any CPU
		{BC48318E-5D28-432A-9B45-E8B6FD696BE4}.Debug|Any CPU.Build.0 = Debug|Any CPU
		{BC48318E-5D28-432A-9B45-E8B6FD696BE4}.Release|Any CPU.ActiveCfg = Release|Any CPU
		{BC48318E-5D28-432A-9B45-E8B6FD696BE4}.Release|Any CPU.Build.0 = Release|Any CPU
		{93D82AB3-8C1C-4F89-9B3C-B53A5079F1BB}.Debug|Any CPU.ActiveCfg = Debug|Any CPU
		{93D82AB3-8C1C-4F89-9B3C-B53A5079F1BB}.Debug|Any CPU.Build.0 = Debug|Any CPU
		{93D82AB3-8C1C-4F89-9B3C-B53A5079F1BB}.Release|Any CPU.ActiveCfg = Release|Any CPU
		{93D82AB3-8C1C-4F89-9B3C-B53A5079F1BB}.Release|Any CPU.Build.0 = Release|Any CPU
		{FB8A1328-D075-4A26-81D4-E67A1B90453F}.Debug|Any CPU.ActiveCfg = Debug|Any CPU
		{FB8A1328-D075-4A26-81D4-E67A1B90453F}.Debug|Any CPU.Build.0 = Debug|Any CPU
		{FB8A1328-D075-4A26-81D4-E67A1B90453F}.Release|Any CPU.ActiveCfg = Release|Any CPU
		{FB8A1328-D075-4A26-81D4-E67A1B90453F}.Release|Any CPU.Build.0 = Release|Any CPU
		{ACFBAD7C-DDC7-46B0-BB35-CE0AB527268F}.Debug|Any CPU.ActiveCfg = Debug|Any CPU
		{ACFBAD7C-DDC7-46B0-BB35-CE0AB527268F}.Debug|Any CPU.Build.0 = Debug|Any CPU
		{ACFBAD7C-DDC7-46B0-BB35-CE0AB527268F}.Release|Any CPU.ActiveCfg = Release|Any CPU
		{ACFBAD7C-DDC7-46B0-BB35-CE0AB527268F}.Release|Any CPU.Build.0 = Release|Any CPU
		{620AA9E9-3E5B-4819-85BD-1DE1B8A78A28}.Debug|Any CPU.ActiveCfg = Debug|Any CPU
		{620AA9E9-3E5B-4819-85BD-1DE1B8A78A28}.Debug|Any CPU.Build.0 = Debug|Any CPU
		{620AA9E9-3E5B-4819-85BD-1DE1B8A78A28}.Release|Any CPU.ActiveCfg = Release|Any CPU
		{620AA9E9-3E5B-4819-85BD-1DE1B8A78A28}.Release|Any CPU.Build.0 = Release|Any CPU
		{969D74EB-4B87-4280-8B3B-E0DC4ABF6172}.Debug|Any CPU.ActiveCfg = Debug|Any CPU
		{969D74EB-4B87-4280-8B3B-E0DC4ABF6172}.Debug|Any CPU.Build.0 = Debug|Any CPU
		{969D74EB-4B87-4280-8B3B-E0DC4ABF6172}.Release|Any CPU.ActiveCfg = Release|Any CPU
		{969D74EB-4B87-4280-8B3B-E0DC4ABF6172}.Release|Any CPU.Build.0 = Release|Any CPU
		{06D9D0AE-5F8A-42F5-9579-7529B622C76A}.Debug|Any CPU.ActiveCfg = Debug|Any CPU
		{06D9D0AE-5F8A-42F5-9579-7529B622C76A}.Debug|Any CPU.Build.0 = Debug|Any CPU
		{06D9D0AE-5F8A-42F5-9579-7529B622C76A}.Release|Any CPU.ActiveCfg = Release|Any CPU
		{06D9D0AE-5F8A-42F5-9579-7529B622C76A}.Release|Any CPU.Build.0 = Release|Any CPU
		{85F0B541-200C-4BC8-AD7F-26C740EB0329}.Debug|Any CPU.ActiveCfg = Debug|Any CPU
		{85F0B541-200C-4BC8-AD7F-26C740EB0329}.Debug|Any CPU.Build.0 = Debug|Any CPU
		{85F0B541-200C-4BC8-AD7F-26C740EB0329}.Release|Any CPU.ActiveCfg = Release|Any CPU
		{85F0B541-200C-4BC8-AD7F-26C740EB0329}.Release|Any CPU.Build.0 = Release|Any CPU
		{E46171F8-BD0B-4BAA-B2DB-444758FDBE1F}.Debug|Any CPU.ActiveCfg = Debug|Any CPU
		{E46171F8-BD0B-4BAA-B2DB-444758FDBE1F}.Debug|Any CPU.Build.0 = Debug|Any CPU
		{E46171F8-BD0B-4BAA-B2DB-444758FDBE1F}.Release|Any CPU.ActiveCfg = Release|Any CPU
		{E46171F8-BD0B-4BAA-B2DB-444758FDBE1F}.Release|Any CPU.Build.0 = Release|Any CPU
		{3F4FC389-34ED-4DF9-8B49-7DC0A7822B1D}.Debug|Any CPU.ActiveCfg = Debug|Any CPU
		{3F4FC389-34ED-4DF9-8B49-7DC0A7822B1D}.Debug|Any CPU.Build.0 = Debug|Any CPU
		{3F4FC389-34ED-4DF9-8B49-7DC0A7822B1D}.Release|Any CPU.ActiveCfg = Release|Any CPU
		{3F4FC389-34ED-4DF9-8B49-7DC0A7822B1D}.Release|Any CPU.Build.0 = Release|Any CPU
		{5FE77DCA-5FE7-43FE-850F-56D381D0E77A}.Debug|Any CPU.ActiveCfg = Debug|Any CPU
		{5FE77DCA-5FE7-43FE-850F-56D381D0E77A}.Debug|Any CPU.Build.0 = Debug|Any CPU
		{5FE77DCA-5FE7-43FE-850F-56D381D0E77A}.Release|Any CPU.ActiveCfg = Release|Any CPU
		{5FE77DCA-5FE7-43FE-850F-56D381D0E77A}.Release|Any CPU.Build.0 = Release|Any CPU
		{8E8CDD8B-ABC6-4E83-8E5E-72AD30C9B88F}.Debug|Any CPU.ActiveCfg = Debug|Any CPU
		{8E8CDD8B-ABC6-4E83-8E5E-72AD30C9B88F}.Debug|Any CPU.Build.0 = Debug|Any CPU
		{8E8CDD8B-ABC6-4E83-8E5E-72AD30C9B88F}.Release|Any CPU.ActiveCfg = Release|Any CPU
		{8E8CDD8B-ABC6-4E83-8E5E-72AD30C9B88F}.Release|Any CPU.Build.0 = Release|Any CPU
		{18AC4188-5F4A-4940-A36C-BBEDC6F8EC0F}.Debug|Any CPU.ActiveCfg = Debug|Any CPU
		{18AC4188-5F4A-4940-A36C-BBEDC6F8EC0F}.Debug|Any CPU.Build.0 = Debug|Any CPU
		{18AC4188-5F4A-4940-A36C-BBEDC6F8EC0F}.Release|Any CPU.ActiveCfg = Release|Any CPU
		{18AC4188-5F4A-4940-A36C-BBEDC6F8EC0F}.Release|Any CPU.Build.0 = Release|Any CPU
		{1F5DCA42-DC50-4193-9899-4F9BEA034DD3}.Debug|Any CPU.ActiveCfg = Debug|Any CPU
		{1F5DCA42-DC50-4193-9899-4F9BEA034DD3}.Debug|Any CPU.Build.0 = Debug|Any CPU
		{1F5DCA42-DC50-4193-9899-4F9BEA034DD3}.Release|Any CPU.ActiveCfg = Release|Any CPU
		{1F5DCA42-DC50-4193-9899-4F9BEA034DD3}.Release|Any CPU.Build.0 = Release|Any CPU
		{C5AAFC14-CA11-4751-BB2A-7C364596C624}.Debug|Any CPU.ActiveCfg = Debug|Any CPU
		{C5AAFC14-CA11-4751-BB2A-7C364596C624}.Debug|Any CPU.Build.0 = Debug|Any CPU
		{C5AAFC14-CA11-4751-BB2A-7C364596C624}.Release|Any CPU.ActiveCfg = Release|Any CPU
		{C5AAFC14-CA11-4751-BB2A-7C364596C624}.Release|Any CPU.Build.0 = Release|Any CPU
		{B9BB4C0A-6238-49FF-B945-BE6DE992A9E8}.Debug|Any CPU.ActiveCfg = Debug|Any CPU
		{B9BB4C0A-6238-49FF-B945-BE6DE992A9E8}.Debug|Any CPU.Build.0 = Debug|Any CPU
		{B9BB4C0A-6238-49FF-B945-BE6DE992A9E8}.Release|Any CPU.ActiveCfg = Release|Any CPU
		{B9BB4C0A-6238-49FF-B945-BE6DE992A9E8}.Release|Any CPU.Build.0 = Release|Any CPU
		{88CB3B40-FCD0-4A93-93AD-303993900C0D}.Debug|Any CPU.ActiveCfg = Debug|Any CPU
		{88CB3B40-FCD0-4A93-93AD-303993900C0D}.Debug|Any CPU.Build.0 = Debug|Any CPU
		{88CB3B40-FCD0-4A93-93AD-303993900C0D}.Release|Any CPU.ActiveCfg = Release|Any CPU
		{88CB3B40-FCD0-4A93-93AD-303993900C0D}.Release|Any CPU.Build.0 = Release|Any CPU
		{CAAD890B-B9C1-4AA1-B971-BD785A8F3A63}.Debug|Any CPU.ActiveCfg = Debug|Any CPU
		{CAAD890B-B9C1-4AA1-B971-BD785A8F3A63}.Debug|Any CPU.Build.0 = Debug|Any CPU
		{CAAD890B-B9C1-4AA1-B971-BD785A8F3A63}.Release|Any CPU.ActiveCfg = Release|Any CPU
		{CAAD890B-B9C1-4AA1-B971-BD785A8F3A63}.Release|Any CPU.Build.0 = Release|Any CPU
		{26B6B439-5F24-43C1-8606-9DBF7647590B}.Debug|Any CPU.ActiveCfg = Debug|Any CPU
		{26B6B439-5F24-43C1-8606-9DBF7647590B}.Debug|Any CPU.Build.0 = Debug|Any CPU
		{26B6B439-5F24-43C1-8606-9DBF7647590B}.Release|Any CPU.ActiveCfg = Release|Any CPU
		{26B6B439-5F24-43C1-8606-9DBF7647590B}.Release|Any CPU.Build.0 = Release|Any CPU
		{47A42E5D-B54D-49FF-8B93-F4D1C74E13C2}.Debug|Any CPU.ActiveCfg = Debug|Any CPU
		{47A42E5D-B54D-49FF-8B93-F4D1C74E13C2}.Debug|Any CPU.Build.0 = Debug|Any CPU
		{47A42E5D-B54D-49FF-8B93-F4D1C74E13C2}.Release|Any CPU.ActiveCfg = Release|Any CPU
		{47A42E5D-B54D-49FF-8B93-F4D1C74E13C2}.Release|Any CPU.Build.0 = Release|Any CPU
		{41B87F1F-4F8B-48C9-AFD2-5FCBA7E14B94}.Debug|Any CPU.ActiveCfg = Debug|Any CPU
		{41B87F1F-4F8B-48C9-AFD2-5FCBA7E14B94}.Debug|Any CPU.Build.0 = Debug|Any CPU
		{41B87F1F-4F8B-48C9-AFD2-5FCBA7E14B94}.Release|Any CPU.ActiveCfg = Release|Any CPU
		{41B87F1F-4F8B-48C9-AFD2-5FCBA7E14B94}.Release|Any CPU.Build.0 = Release|Any CPU
		{14F869A8-E846-47BC-998F-DF93248B1314}.Debug|Any CPU.ActiveCfg = Debug|Any CPU
		{14F869A8-E846-47BC-998F-DF93248B1314}.Debug|Any CPU.Build.0 = Debug|Any CPU
		{14F869A8-E846-47BC-998F-DF93248B1314}.Release|Any CPU.ActiveCfg = Release|Any CPU
		{14F869A8-E846-47BC-998F-DF93248B1314}.Release|Any CPU.Build.0 = Release|Any CPU
		{B3D87899-1BEB-4BD2-9099-6C56CDC5FCD2}.Debug|Any CPU.ActiveCfg = Debug|Any CPU
		{B3D87899-1BEB-4BD2-9099-6C56CDC5FCD2}.Debug|Any CPU.Build.0 = Debug|Any CPU
		{B3D87899-1BEB-4BD2-9099-6C56CDC5FCD2}.Release|Any CPU.ActiveCfg = Release|Any CPU
		{B3D87899-1BEB-4BD2-9099-6C56CDC5FCD2}.Release|Any CPU.Build.0 = Release|Any CPU
		{ADA14D07-1930-4ADA-A050-289AA28C72AC}.Debug|Any CPU.ActiveCfg = Debug|Any CPU
		{ADA14D07-1930-4ADA-A050-289AA28C72AC}.Debug|Any CPU.Build.0 = Debug|Any CPU
		{ADA14D07-1930-4ADA-A050-289AA28C72AC}.Release|Any CPU.ActiveCfg = Release|Any CPU
		{ADA14D07-1930-4ADA-A050-289AA28C72AC}.Release|Any CPU.Build.0 = Release|Any CPU
		{086BB68B-F5E7-4F72-91CE-8A9BFA81AFBD}.Debug|Any CPU.ActiveCfg = Debug|Any CPU
		{086BB68B-F5E7-4F72-91CE-8A9BFA81AFBD}.Debug|Any CPU.Build.0 = Debug|Any CPU
		{086BB68B-F5E7-4F72-91CE-8A9BFA81AFBD}.Release|Any CPU.ActiveCfg = Release|Any CPU
		{086BB68B-F5E7-4F72-91CE-8A9BFA81AFBD}.Release|Any CPU.Build.0 = Release|Any CPU
		{D9894088-DB8F-467B-B4B2-9632E6A0F7D1}.Debug|Any CPU.ActiveCfg = Debug|Any CPU
		{D9894088-DB8F-467B-B4B2-9632E6A0F7D1}.Debug|Any CPU.Build.0 = Debug|Any CPU
		{D9894088-DB8F-467B-B4B2-9632E6A0F7D1}.Release|Any CPU.ActiveCfg = Release|Any CPU
		{D9894088-DB8F-467B-B4B2-9632E6A0F7D1}.Release|Any CPU.Build.0 = Release|Any CPU
		{C0B06B68-DA75-4684-9D82-819AA820707B}.Debug|Any CPU.ActiveCfg = Debug|Any CPU
		{C0B06B68-DA75-4684-9D82-819AA820707B}.Debug|Any CPU.Build.0 = Debug|Any CPU
		{C0B06B68-DA75-4684-9D82-819AA820707B}.Release|Any CPU.ActiveCfg = Release|Any CPU
		{C0B06B68-DA75-4684-9D82-819AA820707B}.Release|Any CPU.Build.0 = Release|Any CPU
	EndGlobalSection
	GlobalSection(SolutionProperties) = preSolution
		HideSolutionNode = FALSE
	EndGlobalSection
EndGlobal
