
Microsoft Visual Studio Solution File, Format Version 12.00
# Visual Studio 14
VisualStudioVersion = 14.0.25123.0
MinimumVisualStudioVersion = 10.0.40219.1
Project("{FAE04EC0-301F-11D3-BF4B-00C04F79EFBC}") = "02-Reverse-String", "02-Reverse-String\02-Reverse-String.csproj", "{EAF9A30A-A9B0-447F-85C5-27E6360DA138}"
EndProject
Project("{FAE04EC0-301F-11D3-BF4B-00C04F79EFBC}") = "03-Correct-Brackets", "03-Correct-Brackets\03-Correct-Brackets.csproj", "{92F3C483-009E-4EEC-8DC3-A7E54F323F51}"
EndProject
Project("{FAE04EC0-301F-11D3-BF4B-00C04F79EFBC}") = "04-Substring-In-Text", "04-Substring-In-Text\04-Substring-In-Text.csproj", "{4DEC9B23-358C-482D-A9D8-9EF09D6B9D40}"
EndProject
Project("{FAE04EC0-301F-11D3-BF4B-00C04F79EFBC}") = "05-Parse-Tags", "05-Parse-Tags\05-Parse-Tags.csproj", "{C68577F2-D2EC-4B2C-8CF8-5E967F36FFD6}"
EndProject
Project("{FAE04EC0-301F-11D3-BF4B-00C04F79EFBC}") = "06-String-Length", "06-String-Length\06-String-Length.csproj", "{33A0D62E-3F0F-467A-B86B-7776DC8386DC}"
EndProject
Project("{FAE04EC0-301F-11D3-BF4B-00C04F79EFBC}") = "07-Encode-Decode", "07-Encode-Decode\07-Encode-Decode.csproj", "{048D0FD1-FB6D-4134-A6B9-E113A99EFA9D}"
EndProject
Project("{FAE04EC0-301F-11D3-BF4B-00C04F79EFBC}") = "08-Extract-Sentences", "08-Extract-Sentences\08-Extract-Sentences.csproj", "{4681154E-FB2A-4DAD-9A15-C2ED720650D8}"
EndProject
Project("{FAE04EC0-301F-11D3-BF4B-00C04F79EFBC}") = "09-Forbidden-Words", "09-Forbidden-Words\09-Forbidden-Words.csproj", "{C883BEC2-D82A-4C8C-B857-357D7E82E5E2}"
EndProject
Project("{FAE04EC0-301F-11D3-BF4B-00C04F79EFBC}") = "10-Unicode-Characters", "10-Unicode-Characters\10-Unicode-Characters.csproj", "{7A7FF3B9-3DE1-46ED-B00F-D2CF614FF3F4}"
EndProject
Project("{FAE04EC0-301F-11D3-BF4B-00C04F79EFBC}") = "11-Format-Number", "11-Format-Number\11-Format-Number.csproj", "{955FE92E-43A8-4546-B5FD-6DCB305435B6}"
EndProject
Project("{FAE04EC0-301F-11D3-BF4B-00C04F79EFBC}") = "12-Parse-URL", "12-Parse-URL\12-Parse-URL.csproj", "{E7F03360-A084-4173-AEDE-2D285BECFFD0}"
EndProject
Project("{FAE04EC0-301F-11D3-BF4B-00C04F79EFBC}") = "13-Reverse-A-Sentence", "13-Reverse-A-Sentence\13-Reverse-A-Sentence.csproj", "{3B94FF2E-22FB-4E4A-B178-484A2536BA1C}"
EndProject
Project("{FAE04EC0-301F-11D3-BF4B-00C04F79EFBC}") = "14-Word-Dictionary", "14-Word-Dictionary\14-Word-Dictionary.csproj", "{F6DA196E-820A-482D-8412-CD0725524DDF}"
EndProject
Project("{FAE04EC0-301F-11D3-BF4B-00C04F79EFBC}") = "15-Replace-Tags", "15-Replace-Tags\15-Replace-Tags.csproj", "{C267CD40-E66A-429B-961E-244B684D0189}"
EndProject
Global
	GlobalSection(SolutionConfigurationPlatforms) = preSolution
		Debug|Any CPU = Debug|Any CPU
		Release|Any CPU = Release|Any CPU
	EndGlobalSection
	GlobalSection(ProjectConfigurationPlatforms) = postSolution
		{EAF9A30A-A9B0-447F-85C5-27E6360DA138}.Debug|Any CPU.ActiveCfg = Debug|Any CPU
		{EAF9A30A-A9B0-447F-85C5-27E6360DA138}.Debug|Any CPU.Build.0 = Debug|Any CPU
		{EAF9A30A-A9B0-447F-85C5-27E6360DA138}.Release|Any CPU.ActiveCfg = Release|Any CPU
		{EAF9A30A-A9B0-447F-85C5-27E6360DA138}.Release|Any CPU.Build.0 = Release|Any CPU
		{92F3C483-009E-4EEC-8DC3-A7E54F323F51}.Debug|Any CPU.ActiveCfg = Debug|Any CPU
		{92F3C483-009E-4EEC-8DC3-A7E54F323F51}.Debug|Any CPU.Build.0 = Debug|Any CPU
		{92F3C483-009E-4EEC-8DC3-A7E54F323F51}.Release|Any CPU.ActiveCfg = Release|Any CPU
		{92F3C483-009E-4EEC-8DC3-A7E54F323F51}.Release|Any CPU.Build.0 = Release|Any CPU
		{4DEC9B23-358C-482D-A9D8-9EF09D6B9D40}.Debug|Any CPU.ActiveCfg = Debug|Any CPU
		{4DEC9B23-358C-482D-A9D8-9EF09D6B9D40}.Debug|Any CPU.Build.0 = Debug|Any CPU
		{4DEC9B23-358C-482D-A9D8-9EF09D6B9D40}.Release|Any CPU.ActiveCfg = Release|Any CPU
		{4DEC9B23-358C-482D-A9D8-9EF09D6B9D40}.Release|Any CPU.Build.0 = Release|Any CPU
		{C68577F2-D2EC-4B2C-8CF8-5E967F36FFD6}.Debug|Any CPU.ActiveCfg = Debug|Any CPU
		{C68577F2-D2EC-4B2C-8CF8-5E967F36FFD6}.Debug|Any CPU.Build.0 = Debug|Any CPU
		{C68577F2-D2EC-4B2C-8CF8-5E967F36FFD6}.Release|Any CPU.ActiveCfg = Release|Any CPU
		{C68577F2-D2EC-4B2C-8CF8-5E967F36FFD6}.Release|Any CPU.Build.0 = Release|Any CPU
		{33A0D62E-3F0F-467A-B86B-7776DC8386DC}.Debug|Any CPU.ActiveCfg = Debug|Any CPU
		{33A0D62E-3F0F-467A-B86B-7776DC8386DC}.Debug|Any CPU.Build.0 = Debug|Any CPU
		{33A0D62E-3F0F-467A-B86B-7776DC8386DC}.Release|Any CPU.ActiveCfg = Release|Any CPU
		{33A0D62E-3F0F-467A-B86B-7776DC8386DC}.Release|Any CPU.Build.0 = Release|Any CPU
		{048D0FD1-FB6D-4134-A6B9-E113A99EFA9D}.Debug|Any CPU.ActiveCfg = Debug|Any CPU
		{048D0FD1-FB6D-4134-A6B9-E113A99EFA9D}.Debug|Any CPU.Build.0 = Debug|Any CPU
		{048D0FD1-FB6D-4134-A6B9-E113A99EFA9D}.Release|Any CPU.ActiveCfg = Release|Any CPU
		{048D0FD1-FB6D-4134-A6B9-E113A99EFA9D}.Release|Any CPU.Build.0 = Release|Any CPU
		{4681154E-FB2A-4DAD-9A15-C2ED720650D8}.Debug|Any CPU.ActiveCfg = Debug|Any CPU
		{4681154E-FB2A-4DAD-9A15-C2ED720650D8}.Debug|Any CPU.Build.0 = Debug|Any CPU
		{4681154E-FB2A-4DAD-9A15-C2ED720650D8}.Release|Any CPU.ActiveCfg = Release|Any CPU
		{4681154E-FB2A-4DAD-9A15-C2ED720650D8}.Release|Any CPU.Build.0 = Release|Any CPU
		{C883BEC2-D82A-4C8C-B857-357D7E82E5E2}.Debug|Any CPU.ActiveCfg = Debug|Any CPU
		{C883BEC2-D82A-4C8C-B857-357D7E82E5E2}.Debug|Any CPU.Build.0 = Debug|Any CPU
		{C883BEC2-D82A-4C8C-B857-357D7E82E5E2}.Release|Any CPU.ActiveCfg = Release|Any CPU
		{C883BEC2-D82A-4C8C-B857-357D7E82E5E2}.Release|Any CPU.Build.0 = Release|Any CPU
		{7A7FF3B9-3DE1-46ED-B00F-D2CF614FF3F4}.Debug|Any CPU.ActiveCfg = Debug|Any CPU
		{7A7FF3B9-3DE1-46ED-B00F-D2CF614FF3F4}.Debug|Any CPU.Build.0 = Debug|Any CPU
		{7A7FF3B9-3DE1-46ED-B00F-D2CF614FF3F4}.Release|Any CPU.ActiveCfg = Release|Any CPU
		{7A7FF3B9-3DE1-46ED-B00F-D2CF614FF3F4}.Release|Any CPU.Build.0 = Release|Any CPU
		{955FE92E-43A8-4546-B5FD-6DCB305435B6}.Debug|Any CPU.ActiveCfg = Debug|Any CPU
		{955FE92E-43A8-4546-B5FD-6DCB305435B6}.Debug|Any CPU.Build.0 = Debug|Any CPU
		{955FE92E-43A8-4546-B5FD-6DCB305435B6}.Release|Any CPU.ActiveCfg = Release|Any CPU
		{955FE92E-43A8-4546-B5FD-6DCB305435B6}.Release|Any CPU.Build.0 = Release|Any CPU
		{E7F03360-A084-4173-AEDE-2D285BECFFD0}.Debug|Any CPU.ActiveCfg = Debug|Any CPU
		{E7F03360-A084-4173-AEDE-2D285BECFFD0}.Debug|Any CPU.Build.0 = Debug|Any CPU
		{E7F03360-A084-4173-AEDE-2D285BECFFD0}.Release|Any CPU.ActiveCfg = Release|Any CPU
		{E7F03360-A084-4173-AEDE-2D285BECFFD0}.Release|Any CPU.Build.0 = Release|Any CPU
		{3B94FF2E-22FB-4E4A-B178-484A2536BA1C}.Debug|Any CPU.ActiveCfg = Debug|Any CPU
		{3B94FF2E-22FB-4E4A-B178-484A2536BA1C}.Debug|Any CPU.Build.0 = Debug|Any CPU
		{3B94FF2E-22FB-4E4A-B178-484A2536BA1C}.Release|Any CPU.ActiveCfg = Release|Any CPU
		{3B94FF2E-22FB-4E4A-B178-484A2536BA1C}.Release|Any CPU.Build.0 = Release|Any CPU
		{F6DA196E-820A-482D-8412-CD0725524DDF}.Debug|Any CPU.ActiveCfg = Debug|Any CPU
		{F6DA196E-820A-482D-8412-CD0725524DDF}.Debug|Any CPU.Build.0 = Debug|Any CPU
		{F6DA196E-820A-482D-8412-CD0725524DDF}.Release|Any CPU.ActiveCfg = Release|Any CPU
		{F6DA196E-820A-482D-8412-CD0725524DDF}.Release|Any CPU.Build.0 = Release|Any CPU
		{C267CD40-E66A-429B-961E-244B684D0189}.Debug|Any CPU.ActiveCfg = Debug|Any CPU
		{C267CD40-E66A-429B-961E-244B684D0189}.Debug|Any CPU.Build.0 = Debug|Any CPU
		{C267CD40-E66A-429B-961E-244B684D0189}.Release|Any CPU.ActiveCfg = Release|Any CPU
		{C267CD40-E66A-429B-961E-244B684D0189}.Release|Any CPU.Build.0 = Release|Any CPU
	EndGlobalSection
	GlobalSection(SolutionProperties) = preSolution
		HideSolutionNode = FALSE
	EndGlobalSection
EndGlobal
