
Microsoft Visual Studio Solution File, Format Version 12.00
# Visual Studio 14
VisualStudioVersion = 14.0.25420.1
MinimumVisualStudioVersion = 10.0.40219.1
Project("{FAE04EC0-301F-11D3-BF4B-00C04F79EFBC}") = "Data", "Data\Data.csproj", "{EF543106-701C-47F2-8D65-152CC837EF15}"
EndProject
Project("{FAE04EC0-301F-11D3-BF4B-00C04F79EFBC}") = "Data.Seeding", "Data.Seeding\Data.Seeding.csproj", "{E2CDBA16-41D9-49C5-A5D7-C9BE1D3C4C7B}"
EndProject
Project("{FAE04EC0-301F-11D3-BF4B-00C04F79EFBC}") = "Data.CodeFirst.Models", "Data.CodeFirst\Data.CodeFirst.Models.csproj", "{E9031051-375D-41A5-9102-17D4F08FB7A4}"
EndProject
Project("{FAE04EC0-301F-11D3-BF4B-00C04F79EFBC}") = "Data.CodeFirst.DbContexts", "Data.CodeFirst.DbContexts\Data.CodeFirst.DbContexts.csproj", "{1C4067C0-1748-4612-B073-AA876E1C90A0}"
EndProject
Project("{FAE04EC0-301F-11D3-BF4B-00C04F79EFBC}") = "Data.CodeFirst.ConsoleClient", "Data.CodeFirst.ConsoleClient\Data.CodeFirst.ConsoleClient.csproj", "{1E16F03C-9A34-4CB1-BE2B-633283024F0B}"
EndProject
Global
	GlobalSection(SolutionConfigurationPlatforms) = preSolution
		Debug|Any CPU = Debug|Any CPU
		Release|Any CPU = Release|Any CPU
	EndGlobalSection
	GlobalSection(ProjectConfigurationPlatforms) = postSolution
		{EF543106-701C-47F2-8D65-152CC837EF15}.Debug|Any CPU.ActiveCfg = Debug|Any CPU
		{EF543106-701C-47F2-8D65-152CC837EF15}.Debug|Any CPU.Build.0 = Debug|Any CPU
		{EF543106-701C-47F2-8D65-152CC837EF15}.Release|Any CPU.ActiveCfg = Release|Any CPU
		{EF543106-701C-47F2-8D65-152CC837EF15}.Release|Any CPU.Build.0 = Release|Any CPU
		{E2CDBA16-41D9-49C5-A5D7-C9BE1D3C4C7B}.Debug|Any CPU.ActiveCfg = Debug|Any CPU
		{E2CDBA16-41D9-49C5-A5D7-C9BE1D3C4C7B}.Debug|Any CPU.Build.0 = Debug|Any CPU
		{E2CDBA16-41D9-49C5-A5D7-C9BE1D3C4C7B}.Release|Any CPU.ActiveCfg = Release|Any CPU
		{E2CDBA16-41D9-49C5-A5D7-C9BE1D3C4C7B}.Release|Any CPU.Build.0 = Release|Any CPU
		{E9031051-375D-41A5-9102-17D4F08FB7A4}.Debug|Any CPU.ActiveCfg = Debug|Any CPU
		{E9031051-375D-41A5-9102-17D4F08FB7A4}.Debug|Any CPU.Build.0 = Debug|Any CPU
		{E9031051-375D-41A5-9102-17D4F08FB7A4}.Release|Any CPU.ActiveCfg = Release|Any CPU
		{E9031051-375D-41A5-9102-17D4F08FB7A4}.Release|Any CPU.Build.0 = Release|Any CPU
		{1C4067C0-1748-4612-B073-AA876E1C90A0}.Debug|Any CPU.ActiveCfg = Debug|Any CPU
		{1C4067C0-1748-4612-B073-AA876E1C90A0}.Debug|Any CPU.Build.0 = Debug|Any CPU
		{1C4067C0-1748-4612-B073-AA876E1C90A0}.Release|Any CPU.ActiveCfg = Release|Any CPU
		{1C4067C0-1748-4612-B073-AA876E1C90A0}.Release|Any CPU.Build.0 = Release|Any CPU
		{1E16F03C-9A34-4CB1-BE2B-633283024F0B}.Debug|Any CPU.ActiveCfg = Debug|Any CPU
		{1E16F03C-9A34-4CB1-BE2B-633283024F0B}.Debug|Any CPU.Build.0 = Debug|Any CPU
		{1E16F03C-9A34-4CB1-BE2B-633283024F0B}.Release|Any CPU.ActiveCfg = Release|Any CPU
		{1E16F03C-9A34-4CB1-BE2B-633283024F0B}.Release|Any CPU.Build.0 = Release|Any CPU
	EndGlobalSection
	GlobalSection(SolutionProperties) = preSolution
		HideSolutionNode = FALSE
	EndGlobalSection
EndGlobal
