
Microsoft Visual Studio Solution File, Format Version 12.00
# Visual Studio 14
VisualStudioVersion = 14.0.25420.1
MinimumVisualStudioVersion = 10.0.40219.1
Project("{FAE04EC0-301F-11D3-BF4B-00C04F79EFBC}") = "DatabasePerformance.Data", "DatabasePerformance.Data\DatabasePerformance.Data.csproj", "{D2045531-9B2A-4408-A954-8CBE95A62B29}"
EndProject
Project("{FAE04EC0-301F-11D3-BF4B-00C04F79EFBC}") = "DatabasePerformance.Models", "DatabasePerformance.Models\DatabasePerformance.Models.csproj", "{72D508E2-2286-47F1-89A7-8C28D91D01CD}"
EndProject
Project("{FAE04EC0-301F-11D3-BF4B-00C04F79EFBC}") = "DatabasePerformance.ConsoleApp", "DatabasePerformance.ConsoleApp\DatabasePerformance.ConsoleApp.csproj", "{DF3B505B-80A3-4932-B024-0BC3DFA93E94}"
EndProject
Global
	GlobalSection(SolutionConfigurationPlatforms) = preSolution
		Debug|Any CPU = Debug|Any CPU
		Release|Any CPU = Release|Any CPU
	EndGlobalSection
	GlobalSection(ProjectConfigurationPlatforms) = postSolution
		{D2045531-9B2A-4408-A954-8CBE95A62B29}.Debug|Any CPU.ActiveCfg = Debug|Any CPU
		{D2045531-9B2A-4408-A954-8CBE95A62B29}.Debug|Any CPU.Build.0 = Debug|Any CPU
		{D2045531-9B2A-4408-A954-8CBE95A62B29}.Release|Any CPU.ActiveCfg = Release|Any CPU
		{D2045531-9B2A-4408-A954-8CBE95A62B29}.Release|Any CPU.Build.0 = Release|Any CPU
		{72D508E2-2286-47F1-89A7-8C28D91D01CD}.Debug|Any CPU.ActiveCfg = Debug|Any CPU
		{72D508E2-2286-47F1-89A7-8C28D91D01CD}.Debug|Any CPU.Build.0 = Debug|Any CPU
		{72D508E2-2286-47F1-89A7-8C28D91D01CD}.Release|Any CPU.ActiveCfg = Release|Any CPU
		{72D508E2-2286-47F1-89A7-8C28D91D01CD}.Release|Any CPU.Build.0 = Release|Any CPU
		{DF3B505B-80A3-4932-B024-0BC3DFA93E94}.Debug|Any CPU.ActiveCfg = Debug|Any CPU
		{DF3B505B-80A3-4932-B024-0BC3DFA93E94}.Debug|Any CPU.Build.0 = Debug|Any CPU
		{DF3B505B-80A3-4932-B024-0BC3DFA93E94}.Release|Any CPU.ActiveCfg = Release|Any CPU
		{DF3B505B-80A3-4932-B024-0BC3DFA93E94}.Release|Any CPU.Build.0 = Release|Any CPU
	EndGlobalSection
	GlobalSection(SolutionProperties) = preSolution
		HideSolutionNode = FALSE
	EndGlobalSection
EndGlobal
