
Microsoft Visual Studio Solution File, Format Version 12.00
# Visual Studio 14
VisualStudioVersion = 14.0.24720.0
MinimumVisualStudioVersion = 10.0.40219.1
Project("{FAE04EC0-301F-11D3-BF4B-00C04F79EFBC}") = "HelloWorld", "HelloWorld\HelloWorld.csproj", "{ACF8864E-1244-464B-A4AB-B195F2E630B3}"
EndProject
Project("{FAE04EC0-301F-11D3-BF4B-00C04F79EFBC}") = "PrintMyName", "..\..\PrintMyName\PrintMyName\PrintMyName.csproj", "{23AD71EB-6665-4876-B909-8707A5EA41CF}"
EndProject
Project("{FAE04EC0-301F-11D3-BF4B-00C04F79EFBC}") = "PrintNumbers", "PrintNumbers\PrintNumbers.csproj", "{1062155C-99BD-4914-9068-AC1FFE44C5E8}"
EndProject
Project("{FAE04EC0-301F-11D3-BF4B-00C04F79EFBC}") = "PrintFirstandLastName", "PrintFirstandLastName\PrintFirstandLastName.csproj", "{6E963239-6983-4124-BE59-A4357F91E315}"
EndProject
Project("{FAE04EC0-301F-11D3-BF4B-00C04F79EFBC}") = "SquareRoot", "SquareRoot\SquareRoot.csproj", "{966D8F67-997F-4CB4-8655-1FA2023E6F8E}"
EndProject
Project("{FAE04EC0-301F-11D3-BF4B-00C04F79EFBC}") = "PrintSequence", "PrintSequence\PrintSequence.csproj", "{A1216CCB-05C9-4008-A3D4-D7A0CF8F3787}"
EndProject
Project("{FAE04EC0-301F-11D3-BF4B-00C04F79EFBC}") = "HorribleCode", "HorribleCode\HorribleCode.csproj", "{731C4F6E-FF7B-4462-A75F-0D627D1AD3E5}"
EndProject
Project("{FAE04EC0-301F-11D3-BF4B-00C04F79EFBC}") = "CurrentDateTime", "CurrentDateTime\CurrentDateTime.csproj", "{DD3F79B7-2CDB-45BC-87E4-8897104F647F}"
EndProject
Project("{FAE04EC0-301F-11D3-BF4B-00C04F79EFBC}") = "Age", "Age\Age.csproj", "{F5B7FEBD-03DE-42E5-89EA-AD465F548DAC}"
EndProject
Project("{FAE04EC0-301F-11D3-BF4B-00C04F79EFBC}") = "PrintLongSequence", "PrintLongSequence\PrintLongSequence.csproj", "{CB1658E8-DDE0-4A97-A3C2-B5ECE1A24308}"
EndProject
Project("{FAE04EC0-301F-11D3-BF4B-00C04F79EFBC}") = "Age2", "Age2\Age2.csproj", "{95E491A3-22F2-407F-BF8F-AFCAD979BF9D}"
EndProject
Project("{FAE04EC0-301F-11D3-BF4B-00C04F79EFBC}") = "VSDebugger", "ConsoleApplication1\VSDebugger.csproj", "{E5954D92-5416-4B3A-BC37-F72992268510}"
EndProject
Global
	GlobalSection(SolutionConfigurationPlatforms) = preSolution
		Debug|Any CPU = Debug|Any CPU
		Release|Any CPU = Release|Any CPU
	EndGlobalSection
	GlobalSection(ProjectConfigurationPlatforms) = postSolution
		{ACF8864E-1244-464B-A4AB-B195F2E630B3}.Debug|Any CPU.ActiveCfg = Debug|Any CPU
		{ACF8864E-1244-464B-A4AB-B195F2E630B3}.Debug|Any CPU.Build.0 = Debug|Any CPU
		{ACF8864E-1244-464B-A4AB-B195F2E630B3}.Release|Any CPU.ActiveCfg = Release|Any CPU
		{ACF8864E-1244-464B-A4AB-B195F2E630B3}.Release|Any CPU.Build.0 = Release|Any CPU
		{23AD71EB-6665-4876-B909-8707A5EA41CF}.Debug|Any CPU.ActiveCfg = Debug|Any CPU
		{23AD71EB-6665-4876-B909-8707A5EA41CF}.Debug|Any CPU.Build.0 = Debug|Any CPU
		{23AD71EB-6665-4876-B909-8707A5EA41CF}.Release|Any CPU.ActiveCfg = Release|Any CPU
		{23AD71EB-6665-4876-B909-8707A5EA41CF}.Release|Any CPU.Build.0 = Release|Any CPU
		{1062155C-99BD-4914-9068-AC1FFE44C5E8}.Debug|Any CPU.ActiveCfg = Debug|Any CPU
		{1062155C-99BD-4914-9068-AC1FFE44C5E8}.Debug|Any CPU.Build.0 = Debug|Any CPU
		{1062155C-99BD-4914-9068-AC1FFE44C5E8}.Release|Any CPU.ActiveCfg = Release|Any CPU
		{1062155C-99BD-4914-9068-AC1FFE44C5E8}.Release|Any CPU.Build.0 = Release|Any CPU
		{6E963239-6983-4124-BE59-A4357F91E315}.Debug|Any CPU.ActiveCfg = Debug|Any CPU
		{6E963239-6983-4124-BE59-A4357F91E315}.Debug|Any CPU.Build.0 = Debug|Any CPU
		{6E963239-6983-4124-BE59-A4357F91E315}.Release|Any CPU.ActiveCfg = Release|Any CPU
		{6E963239-6983-4124-BE59-A4357F91E315}.Release|Any CPU.Build.0 = Release|Any CPU
		{966D8F67-997F-4CB4-8655-1FA2023E6F8E}.Debug|Any CPU.ActiveCfg = Debug|Any CPU
		{966D8F67-997F-4CB4-8655-1FA2023E6F8E}.Debug|Any CPU.Build.0 = Debug|Any CPU
		{966D8F67-997F-4CB4-8655-1FA2023E6F8E}.Release|Any CPU.ActiveCfg = Release|Any CPU
		{966D8F67-997F-4CB4-8655-1FA2023E6F8E}.Release|Any CPU.Build.0 = Release|Any CPU
		{A1216CCB-05C9-4008-A3D4-D7A0CF8F3787}.Debug|Any CPU.ActiveCfg = Debug|Any CPU
		{A1216CCB-05C9-4008-A3D4-D7A0CF8F3787}.Debug|Any CPU.Build.0 = Debug|Any CPU
		{A1216CCB-05C9-4008-A3D4-D7A0CF8F3787}.Release|Any CPU.ActiveCfg = Release|Any CPU
		{A1216CCB-05C9-4008-A3D4-D7A0CF8F3787}.Release|Any CPU.Build.0 = Release|Any CPU
		{731C4F6E-FF7B-4462-A75F-0D627D1AD3E5}.Debug|Any CPU.ActiveCfg = Debug|Any CPU
		{731C4F6E-FF7B-4462-A75F-0D627D1AD3E5}.Debug|Any CPU.Build.0 = Debug|Any CPU
		{731C4F6E-FF7B-4462-A75F-0D627D1AD3E5}.Release|Any CPU.ActiveCfg = Release|Any CPU
		{731C4F6E-FF7B-4462-A75F-0D627D1AD3E5}.Release|Any CPU.Build.0 = Release|Any CPU
		{DD3F79B7-2CDB-45BC-87E4-8897104F647F}.Debug|Any CPU.ActiveCfg = Debug|Any CPU
		{DD3F79B7-2CDB-45BC-87E4-8897104F647F}.Debug|Any CPU.Build.0 = Debug|Any CPU
		{DD3F79B7-2CDB-45BC-87E4-8897104F647F}.Release|Any CPU.ActiveCfg = Release|Any CPU
		{DD3F79B7-2CDB-45BC-87E4-8897104F647F}.Release|Any CPU.Build.0 = Release|Any CPU
		{F5B7FEBD-03DE-42E5-89EA-AD465F548DAC}.Debug|Any CPU.ActiveCfg = Debug|Any CPU
		{F5B7FEBD-03DE-42E5-89EA-AD465F548DAC}.Debug|Any CPU.Build.0 = Debug|Any CPU
		{F5B7FEBD-03DE-42E5-89EA-AD465F548DAC}.Release|Any CPU.ActiveCfg = Release|Any CPU
		{F5B7FEBD-03DE-42E5-89EA-AD465F548DAC}.Release|Any CPU.Build.0 = Release|Any CPU
		{CB1658E8-DDE0-4A97-A3C2-B5ECE1A24308}.Debug|Any CPU.ActiveCfg = Debug|Any CPU
		{CB1658E8-DDE0-4A97-A3C2-B5ECE1A24308}.Debug|Any CPU.Build.0 = Debug|Any CPU
		{CB1658E8-DDE0-4A97-A3C2-B5ECE1A24308}.Release|Any CPU.ActiveCfg = Release|Any CPU
		{CB1658E8-DDE0-4A97-A3C2-B5ECE1A24308}.Release|Any CPU.Build.0 = Release|Any CPU
		{95E491A3-22F2-407F-BF8F-AFCAD979BF9D}.Debug|Any CPU.ActiveCfg = Debug|Any CPU
		{95E491A3-22F2-407F-BF8F-AFCAD979BF9D}.Debug|Any CPU.Build.0 = Debug|Any CPU
		{95E491A3-22F2-407F-BF8F-AFCAD979BF9D}.Release|Any CPU.ActiveCfg = Release|Any CPU
		{95E491A3-22F2-407F-BF8F-AFCAD979BF9D}.Release|Any CPU.Build.0 = Release|Any CPU
		{E5954D92-5416-4B3A-BC37-F72992268510}.Debug|Any CPU.ActiveCfg = Debug|Any CPU
		{E5954D92-5416-4B3A-BC37-F72992268510}.Debug|Any CPU.Build.0 = Debug|Any CPU
		{E5954D92-5416-4B3A-BC37-F72992268510}.Release|Any CPU.ActiveCfg = Release|Any CPU
		{E5954D92-5416-4B3A-BC37-F72992268510}.Release|Any CPU.Build.0 = Release|Any CPU
	EndGlobalSection
	GlobalSection(SolutionProperties) = preSolution
		HideSolutionNode = FALSE
	EndGlobalSection
EndGlobal
