
Microsoft Visual Studio Solution File, Format Version 12.00
# Visual Studio 14
VisualStudioVersion = 14.0.25420.1
MinimumVisualStudioVersion = 10.0.40219.1
Project("{FAE04EC0-301F-11D3-BF4B-00C04F79EFBC}") = "Problem01.ListSumAverage", "Problem01.ListSumAverage\Problem01.ListSumAverage.csproj", "{B341AF20-679C-47C8-9F99-5902C353A6F7}"
EndProject
Project("{FAE04EC0-301F-11D3-BF4B-00C04F79EFBC}") = "Problem02.ReverseWithStack", "Problem02.ReverseWithStack\Problem02.ReverseWithStack.csproj", "{E4093288-FC74-414C-9657-2B3AF5737B5B}"
EndProject
Project("{FAE04EC0-301F-11D3-BF4B-00C04F79EFBC}") = "Problem03.SortList", "Problem03.SortList\Problem03.SortList.csproj", "{EBCC1DAE-DE97-440B-A005-253CCA75C8CF}"
EndProject
Project("{FAE04EC0-301F-11D3-BF4B-00C04F79EFBC}") = "Problem04.LongestSubsequence", "Problem04.LongestSubsequence\Problem04.LongestSubsequence.csproj", "{62A0BB6D-FACC-483F-A45B-9F527FF0FC8D}"
EndProject
Project("{FAE04EC0-301F-11D3-BF4B-00C04F79EFBC}") = "Problem05.RemoveNegativeValues", "Problem05.RemoveNegativeValues\Problem05.RemoveNegativeValues.csproj", "{A8804C9A-3D50-46DC-8207-1B307047BC5A}"
EndProject
Project("{FAE04EC0-301F-11D3-BF4B-00C04F79EFBC}") = "Problem06.RemoveOddOccurences", "Problem06.RemoveOddOccurences\Problem06.RemoveOddOccurences.csproj", "{0FE64B86-2D08-4EEC-977F-DAD1DC0550B2}"
EndProject
Project("{FAE04EC0-301F-11D3-BF4B-00C04F79EFBC}") = "Problem07.Majorant", "Problem07.Majorant\Problem07.Majorant.csproj", "{079BA56A-812F-4029-8A02-D62FB6F81101}"
EndProject
Project("{FAE04EC0-301F-11D3-BF4B-00C04F79EFBC}") = "Problem08.CountOccurances", "Problem08.CountOccurances\Problem08.CountOccurances.csproj", "{87D79F68-70F9-4557-A8FC-8185BE1A1418}"
EndProject
Project("{FAE04EC0-301F-11D3-BF4B-00C04F79EFBC}") = "Problem09.QueueSequence", "Problem09.QueueSequence\Problem09.QueueSequence.csproj", "{BAF901D3-B358-4934-9BF1-23BCC2CFD2C3}"
EndProject
Project("{FAE04EC0-301F-11D3-BF4B-00C04F79EFBC}") = "Problem10.OperationsSequence", "Problem10.OperationsSequence\Problem10.OperationsSequence.csproj", "{4A4B1185-E593-47B5-BE8C-4B67C72FA308}"
EndProject
Global
	GlobalSection(SolutionConfigurationPlatforms) = preSolution
		Debug|Any CPU = Debug|Any CPU
		Release|Any CPU = Release|Any CPU
	EndGlobalSection
	GlobalSection(ProjectConfigurationPlatforms) = postSolution
		{B341AF20-679C-47C8-9F99-5902C353A6F7}.Debug|Any CPU.ActiveCfg = Debug|Any CPU
		{B341AF20-679C-47C8-9F99-5902C353A6F7}.Debug|Any CPU.Build.0 = Debug|Any CPU
		{B341AF20-679C-47C8-9F99-5902C353A6F7}.Release|Any CPU.ActiveCfg = Release|Any CPU
		{B341AF20-679C-47C8-9F99-5902C353A6F7}.Release|Any CPU.Build.0 = Release|Any CPU
		{E4093288-FC74-414C-9657-2B3AF5737B5B}.Debug|Any CPU.ActiveCfg = Debug|Any CPU
		{E4093288-FC74-414C-9657-2B3AF5737B5B}.Debug|Any CPU.Build.0 = Debug|Any CPU
		{E4093288-FC74-414C-9657-2B3AF5737B5B}.Release|Any CPU.ActiveCfg = Release|Any CPU
		{E4093288-FC74-414C-9657-2B3AF5737B5B}.Release|Any CPU.Build.0 = Release|Any CPU
		{EBCC1DAE-DE97-440B-A005-253CCA75C8CF}.Debug|Any CPU.ActiveCfg = Debug|Any CPU
		{EBCC1DAE-DE97-440B-A005-253CCA75C8CF}.Debug|Any CPU.Build.0 = Debug|Any CPU
		{EBCC1DAE-DE97-440B-A005-253CCA75C8CF}.Release|Any CPU.ActiveCfg = Release|Any CPU
		{EBCC1DAE-DE97-440B-A005-253CCA75C8CF}.Release|Any CPU.Build.0 = Release|Any CPU
		{62A0BB6D-FACC-483F-A45B-9F527FF0FC8D}.Debug|Any CPU.ActiveCfg = Debug|Any CPU
		{62A0BB6D-FACC-483F-A45B-9F527FF0FC8D}.Debug|Any CPU.Build.0 = Debug|Any CPU
		{62A0BB6D-FACC-483F-A45B-9F527FF0FC8D}.Release|Any CPU.ActiveCfg = Release|Any CPU
		{62A0BB6D-FACC-483F-A45B-9F527FF0FC8D}.Release|Any CPU.Build.0 = Release|Any CPU
		{A8804C9A-3D50-46DC-8207-1B307047BC5A}.Debug|Any CPU.ActiveCfg = Debug|Any CPU
		{A8804C9A-3D50-46DC-8207-1B307047BC5A}.Debug|Any CPU.Build.0 = Debug|Any CPU
		{A8804C9A-3D50-46DC-8207-1B307047BC5A}.Release|Any CPU.ActiveCfg = Release|Any CPU
		{A8804C9A-3D50-46DC-8207-1B307047BC5A}.Release|Any CPU.Build.0 = Release|Any CPU
		{0FE64B86-2D08-4EEC-977F-DAD1DC0550B2}.Debug|Any CPU.ActiveCfg = Debug|Any CPU
		{0FE64B86-2D08-4EEC-977F-DAD1DC0550B2}.Debug|Any CPU.Build.0 = Debug|Any CPU
		{0FE64B86-2D08-4EEC-977F-DAD1DC0550B2}.Release|Any CPU.ActiveCfg = Release|Any CPU
		{0FE64B86-2D08-4EEC-977F-DAD1DC0550B2}.Release|Any CPU.Build.0 = Release|Any CPU
		{079BA56A-812F-4029-8A02-D62FB6F81101}.Debug|Any CPU.ActiveCfg = Debug|Any CPU
		{079BA56A-812F-4029-8A02-D62FB6F81101}.Debug|Any CPU.Build.0 = Debug|Any CPU
		{079BA56A-812F-4029-8A02-D62FB6F81101}.Release|Any CPU.ActiveCfg = Release|Any CPU
		{079BA56A-812F-4029-8A02-D62FB6F81101}.Release|Any CPU.Build.0 = Release|Any CPU
		{87D79F68-70F9-4557-A8FC-8185BE1A1418}.Debug|Any CPU.ActiveCfg = Debug|Any CPU
		{87D79F68-70F9-4557-A8FC-8185BE1A1418}.Debug|Any CPU.Build.0 = Debug|Any CPU
		{87D79F68-70F9-4557-A8FC-8185BE1A1418}.Release|Any CPU.ActiveCfg = Release|Any CPU
		{87D79F68-70F9-4557-A8FC-8185BE1A1418}.Release|Any CPU.Build.0 = Release|Any CPU
		{BAF901D3-B358-4934-9BF1-23BCC2CFD2C3}.Debug|Any CPU.ActiveCfg = Debug|Any CPU
		{BAF901D3-B358-4934-9BF1-23BCC2CFD2C3}.Debug|Any CPU.Build.0 = Debug|Any CPU
		{BAF901D3-B358-4934-9BF1-23BCC2CFD2C3}.Release|Any CPU.ActiveCfg = Release|Any CPU
		{BAF901D3-B358-4934-9BF1-23BCC2CFD2C3}.Release|Any CPU.Build.0 = Release|Any CPU
		{4A4B1185-E593-47B5-BE8C-4B67C72FA308}.Debug|Any CPU.ActiveCfg = Debug|Any CPU
		{4A4B1185-E593-47B5-BE8C-4B67C72FA308}.Debug|Any CPU.Build.0 = Debug|Any CPU
		{4A4B1185-E593-47B5-BE8C-4B67C72FA308}.Release|Any CPU.ActiveCfg = Release|Any CPU
		{4A4B1185-E593-47B5-BE8C-4B67C72FA308}.Release|Any CPU.Build.0 = Release|Any CPU
	EndGlobalSection
	GlobalSection(SolutionProperties) = preSolution
		HideSolutionNode = FALSE
	EndGlobalSection
EndGlobal
