
Microsoft Visual Studio Solution File, Format Version 12.00
# Visual Studio 14
VisualStudioVersion = 14.0.25123.0
MinimumVisualStudioVersion = 10.0.40219.1
Project("{FAE04EC0-301F-11D3-BF4B-00C04F79EFBC}") = "Printing", "Printing\Printing.csproj", "{EFA720FF-B8A6-44B1-BBAF-295B7C72CEDC}"
EndProject
Project("{FAE04EC0-301F-11D3-BF4B-00C04F79EFBC}") = "TextToNum3", "TextToNum3\TextToNum3.csproj", "{5BC46910-6662-4B2B-A001-ED63EF87C2AA}"
EndProject
Project("{FAE04EC0-301F-11D3-BF4B-00C04F79EFBC}") = "CubeArray", "CubeArray\CubeArray.csproj", "{AC96988A-0206-41FC-83A4-D553B81DC0CB}"
EndProject
Project("{FAE04EC0-301F-11D3-BF4B-00C04F79EFBC}") = "TryCube", "TryCube\TryCube.csproj", "{D2E38D3D-CB94-43E0-941A-D733C3B2DD81}"
EndProject
Project("{FAE04EC0-301F-11D3-BF4B-00C04F79EFBC}") = "SaddyKopper", "SaddyKopper\SaddyKopper.csproj", "{6FE5FB14-68B7-46DB-868A-61D9043428E8}"
EndProject
Project("{FAE04EC0-301F-11D3-BF4B-00C04F79EFBC}") = "BitToBit", "BitToBit\BitToBit.csproj", "{D2420174-6D28-4245-AD13-55495EE3EAD8}"
EndProject
Project("{FAE04EC0-301F-11D3-BF4B-00C04F79EFBC}") = "ABnC", "ABnC\ABnC.csproj", "{24AD8EF7-B6F2-464C-848D-8ADACAF8B6E2}"
EndProject
Project("{FAE04EC0-301F-11D3-BF4B-00C04F79EFBC}") = "SymbolToNumber", "SymbolToNumber\SymbolToNumber.csproj", "{3913467A-E056-42E9-A29C-10E7A19CBEA7}"
EndProject
Project("{FAE04EC0-301F-11D3-BF4B-00C04F79EFBC}") = "ConsoleApp2", "ConsoleApp2\ConsoleApp2.csproj", "{FF36D6A5-AEE8-4EF1-BBA8-8B8D7060C6E1}"
EndProject
Project("{FAE04EC0-301F-11D3-BF4B-00C04F79EFBC}") = "ConsoleApp3", "ConsoleApp3\ConsoleApp3.csproj", "{5A492E4D-77D3-424C-95DD-1C87497C89F5}"
EndProject
Project("{FAE04EC0-301F-11D3-BF4B-00C04F79EFBC}") = "ConApp4", "ConApp4\ConApp4.csproj", "{58FB2170-E293-4589-ADCE-7918FC7E5853}"
EndProject
Project("{FAE04EC0-301F-11D3-BF4B-00C04F79EFBC}") = "xRug", "xRug\xRug.csproj", "{6FE3A8C9-7232-4D77-97D3-D6C7129EE742}"
EndProject
Project("{FAE04EC0-301F-11D3-BF4B-00C04F79EFBC}") = "FindBits", "FindBits\FindBits.csproj", "{3A2ED45D-14BA-4C76-929B-953587F5CB09}"
EndProject
Project("{FAE04EC0-301F-11D3-BF4B-00C04F79EFBC}") = "XRugsV2", "XRugsV2\XRugsV2.csproj", "{3BD97AA0-B7CF-4960-9858-45C0501EA508}"
EndProject
Project("{FAE04EC0-301F-11D3-BF4B-00C04F79EFBC}") = "ConsoleApp4", "ConsoleApp4\ConsoleApp4.csproj", "{B0FA7BE0-F3A8-4A81-9D76-D3D356A12B94}"
EndProject
Global
	GlobalSection(SolutionConfigurationPlatforms) = preSolution
		Debug|Any CPU = Debug|Any CPU
		Release|Any CPU = Release|Any CPU
	EndGlobalSection
	GlobalSection(ProjectConfigurationPlatforms) = postSolution
		{EFA720FF-B8A6-44B1-BBAF-295B7C72CEDC}.Debug|Any CPU.ActiveCfg = Debug|Any CPU
		{EFA720FF-B8A6-44B1-BBAF-295B7C72CEDC}.Debug|Any CPU.Build.0 = Debug|Any CPU
		{EFA720FF-B8A6-44B1-BBAF-295B7C72CEDC}.Release|Any CPU.ActiveCfg = Release|Any CPU
		{EFA720FF-B8A6-44B1-BBAF-295B7C72CEDC}.Release|Any CPU.Build.0 = Release|Any CPU
		{5BC46910-6662-4B2B-A001-ED63EF87C2AA}.Debug|Any CPU.ActiveCfg = Debug|Any CPU
		{5BC46910-6662-4B2B-A001-ED63EF87C2AA}.Debug|Any CPU.Build.0 = Debug|Any CPU
		{5BC46910-6662-4B2B-A001-ED63EF87C2AA}.Release|Any CPU.ActiveCfg = Release|Any CPU
		{5BC46910-6662-4B2B-A001-ED63EF87C2AA}.Release|Any CPU.Build.0 = Release|Any CPU
		{AC96988A-0206-41FC-83A4-D553B81DC0CB}.Debug|Any CPU.ActiveCfg = Debug|Any CPU
		{AC96988A-0206-41FC-83A4-D553B81DC0CB}.Debug|Any CPU.Build.0 = Debug|Any CPU
		{AC96988A-0206-41FC-83A4-D553B81DC0CB}.Release|Any CPU.ActiveCfg = Release|Any CPU
		{AC96988A-0206-41FC-83A4-D553B81DC0CB}.Release|Any CPU.Build.0 = Release|Any CPU
		{D2E38D3D-CB94-43E0-941A-D733C3B2DD81}.Debug|Any CPU.ActiveCfg = Debug|Any CPU
		{D2E38D3D-CB94-43E0-941A-D733C3B2DD81}.Debug|Any CPU.Build.0 = Debug|Any CPU
		{D2E38D3D-CB94-43E0-941A-D733C3B2DD81}.Release|Any CPU.ActiveCfg = Release|Any CPU
		{D2E38D3D-CB94-43E0-941A-D733C3B2DD81}.Release|Any CPU.Build.0 = Release|Any CPU
		{6FE5FB14-68B7-46DB-868A-61D9043428E8}.Debug|Any CPU.ActiveCfg = Debug|Any CPU
		{6FE5FB14-68B7-46DB-868A-61D9043428E8}.Debug|Any CPU.Build.0 = Debug|Any CPU
		{6FE5FB14-68B7-46DB-868A-61D9043428E8}.Release|Any CPU.ActiveCfg = Release|Any CPU
		{6FE5FB14-68B7-46DB-868A-61D9043428E8}.Release|Any CPU.Build.0 = Release|Any CPU
		{D2420174-6D28-4245-AD13-55495EE3EAD8}.Debug|Any CPU.ActiveCfg = Debug|Any CPU
		{D2420174-6D28-4245-AD13-55495EE3EAD8}.Debug|Any CPU.Build.0 = Debug|Any CPU
		{D2420174-6D28-4245-AD13-55495EE3EAD8}.Release|Any CPU.ActiveCfg = Release|Any CPU
		{D2420174-6D28-4245-AD13-55495EE3EAD8}.Release|Any CPU.Build.0 = Release|Any CPU
		{24AD8EF7-B6F2-464C-848D-8ADACAF8B6E2}.Debug|Any CPU.ActiveCfg = Debug|Any CPU
		{24AD8EF7-B6F2-464C-848D-8ADACAF8B6E2}.Debug|Any CPU.Build.0 = Debug|Any CPU
		{24AD8EF7-B6F2-464C-848D-8ADACAF8B6E2}.Release|Any CPU.ActiveCfg = Release|Any CPU
		{24AD8EF7-B6F2-464C-848D-8ADACAF8B6E2}.Release|Any CPU.Build.0 = Release|Any CPU
		{3913467A-E056-42E9-A29C-10E7A19CBEA7}.Debug|Any CPU.ActiveCfg = Debug|Any CPU
		{3913467A-E056-42E9-A29C-10E7A19CBEA7}.Debug|Any CPU.Build.0 = Debug|Any CPU
		{3913467A-E056-42E9-A29C-10E7A19CBEA7}.Release|Any CPU.ActiveCfg = Release|Any CPU
		{3913467A-E056-42E9-A29C-10E7A19CBEA7}.Release|Any CPU.Build.0 = Release|Any CPU
		{FF36D6A5-AEE8-4EF1-BBA8-8B8D7060C6E1}.Debug|Any CPU.ActiveCfg = Debug|Any CPU
		{FF36D6A5-AEE8-4EF1-BBA8-8B8D7060C6E1}.Debug|Any CPU.Build.0 = Debug|Any CPU
		{FF36D6A5-AEE8-4EF1-BBA8-8B8D7060C6E1}.Release|Any CPU.ActiveCfg = Release|Any CPU
		{FF36D6A5-AEE8-4EF1-BBA8-8B8D7060C6E1}.Release|Any CPU.Build.0 = Release|Any CPU
		{5A492E4D-77D3-424C-95DD-1C87497C89F5}.Debug|Any CPU.ActiveCfg = Debug|Any CPU
		{5A492E4D-77D3-424C-95DD-1C87497C89F5}.Debug|Any CPU.Build.0 = Debug|Any CPU
		{5A492E4D-77D3-424C-95DD-1C87497C89F5}.Release|Any CPU.ActiveCfg = Release|Any CPU
		{5A492E4D-77D3-424C-95DD-1C87497C89F5}.Release|Any CPU.Build.0 = Release|Any CPU
		{58FB2170-E293-4589-ADCE-7918FC7E5853}.Debug|Any CPU.ActiveCfg = Debug|Any CPU
		{58FB2170-E293-4589-ADCE-7918FC7E5853}.Debug|Any CPU.Build.0 = Debug|Any CPU
		{58FB2170-E293-4589-ADCE-7918FC7E5853}.Release|Any CPU.ActiveCfg = Release|Any CPU
		{58FB2170-E293-4589-ADCE-7918FC7E5853}.Release|Any CPU.Build.0 = Release|Any CPU
		{6FE3A8C9-7232-4D77-97D3-D6C7129EE742}.Debug|Any CPU.ActiveCfg = Debug|Any CPU
		{6FE3A8C9-7232-4D77-97D3-D6C7129EE742}.Debug|Any CPU.Build.0 = Debug|Any CPU
		{6FE3A8C9-7232-4D77-97D3-D6C7129EE742}.Release|Any CPU.ActiveCfg = Release|Any CPU
		{6FE3A8C9-7232-4D77-97D3-D6C7129EE742}.Release|Any CPU.Build.0 = Release|Any CPU
		{3A2ED45D-14BA-4C76-929B-953587F5CB09}.Debug|Any CPU.ActiveCfg = Debug|Any CPU
		{3A2ED45D-14BA-4C76-929B-953587F5CB09}.Debug|Any CPU.Build.0 = Debug|Any CPU
		{3A2ED45D-14BA-4C76-929B-953587F5CB09}.Release|Any CPU.ActiveCfg = Release|Any CPU
		{3A2ED45D-14BA-4C76-929B-953587F5CB09}.Release|Any CPU.Build.0 = Release|Any CPU
		{3BD97AA0-B7CF-4960-9858-45C0501EA508}.Debug|Any CPU.ActiveCfg = Debug|Any CPU
		{3BD97AA0-B7CF-4960-9858-45C0501EA508}.Debug|Any CPU.Build.0 = Debug|Any CPU
		{3BD97AA0-B7CF-4960-9858-45C0501EA508}.Release|Any CPU.ActiveCfg = Release|Any CPU
		{3BD97AA0-B7CF-4960-9858-45C0501EA508}.Release|Any CPU.Build.0 = Release|Any CPU
		{B0FA7BE0-F3A8-4A81-9D76-D3D356A12B94}.Debug|Any CPU.ActiveCfg = Debug|Any CPU
		{B0FA7BE0-F3A8-4A81-9D76-D3D356A12B94}.Debug|Any CPU.Build.0 = Debug|Any CPU
		{B0FA7BE0-F3A8-4A81-9D76-D3D356A12B94}.Release|Any CPU.ActiveCfg = Release|Any CPU
		{B0FA7BE0-F3A8-4A81-9D76-D3D356A12B94}.Release|Any CPU.Build.0 = Release|Any CPU
	EndGlobalSection
	GlobalSection(SolutionProperties) = preSolution
		HideSolutionNode = FALSE
	EndGlobalSection
EndGlobal
