
Microsoft Visual Studio Solution File, Format Version 12.00
# Visual Studio 14
VisualStudioVersion = 14.0.25123.0
MinimumVisualStudioVersion = 10.0.40219.1
Project("{FAE04EC0-301F-11D3-BF4B-00C04F79EFBC}") = "01-Leap-Year", "01-Leap-Year\01-Leap-Year.csproj", "{05D03F8A-EF50-4B97-B105-83C727128BE1}"
EndProject
Project("{FAE04EC0-301F-11D3-BF4B-00C04F79EFBC}") = "02-Random-Numbers", "02-Random-Numbers\02-Random-Numbers.csproj", "{FB57AD32-1EC5-48EC-9A32-F31E0D5DEE42}"
EndProject
Project("{FAE04EC0-301F-11D3-BF4B-00C04F79EFBC}") = "03-Day-Of-Week", "03-Day-Of-Week\03-Day-Of-Week.csproj", "{9FAB8273-4D70-4D4F-B052-4FBFAD2CE89C}"
EndProject
Project("{FAE04EC0-301F-11D3-BF4B-00C04F79EFBC}") = "04-Triangle-Surface", "04-Triangle-Surface\04-Triangle-Surface.csproj", "{E95F55E6-16C0-4F8D-9FD9-D46D6A537636}"
EndProject
Project("{FAE04EC0-301F-11D3-BF4B-00C04F79EFBC}") = "05-Triangle-Surface-3-Sides", "05-Triangle-Surface-3-Sides\05-Triangle-Surface-3-Sides.csproj", "{209A02F8-6B32-4905-B26C-26C6CC29F912}"
EndProject
Project("{FAE04EC0-301F-11D3-BF4B-00C04F79EFBC}") = "06-Triangle-Surface-2-Sides-Angle", "06-Triangle-Surface-2-Sides-Angle\06-Triangle-Surface-2-Sides-Angle.csproj", "{91229C90-1CF2-4CF4-82BD-AA2A6789685A}"
EndProject
Project("{FAE04EC0-301F-11D3-BF4B-00C04F79EFBC}") = "08-Workdays", "06-Workdays\08-Workdays.csproj", "{E64B5188-AFC2-4B41-A730-28AB3A393A61}"
EndProject
Project("{FAE04EC0-301F-11D3-BF4B-00C04F79EFBC}") = "07-Add-Integers", "07-Add-Integers\07-Add-Integers.csproj", "{C8192CA5-A9DE-4FDD-B322-BA485874670B}"
EndProject
Project("{FAE04EC0-301F-11D3-BF4B-00C04F79EFBC}") = "09-Arithmetical-Expressions", "09-Arithmetical-Expressions\09-Arithmetical-Expressions.csproj", "{B02B6214-F2B1-4C50-81D9-B7BE14AEFEE5}"
EndProject
Project("{FAE04EC0-301F-11D3-BF4B-00C04F79EFBC}") = "09-Arithmetic-Expressions-2-Func", "09-Arithmetic-Expressions-2-Func\09-Arithmetic-Expressions-2-Func.csproj", "{15DB35F0-EA9A-4F70-AAC6-2D648F7993EA}"
EndProject
Global
	GlobalSection(SolutionConfigurationPlatforms) = preSolution
		Debug|Any CPU = Debug|Any CPU
		Release|Any CPU = Release|Any CPU
	EndGlobalSection
	GlobalSection(ProjectConfigurationPlatforms) = postSolution
		{05D03F8A-EF50-4B97-B105-83C727128BE1}.Debug|Any CPU.ActiveCfg = Debug|Any CPU
		{05D03F8A-EF50-4B97-B105-83C727128BE1}.Debug|Any CPU.Build.0 = Debug|Any CPU
		{05D03F8A-EF50-4B97-B105-83C727128BE1}.Release|Any CPU.ActiveCfg = Release|Any CPU
		{05D03F8A-EF50-4B97-B105-83C727128BE1}.Release|Any CPU.Build.0 = Release|Any CPU
		{FB57AD32-1EC5-48EC-9A32-F31E0D5DEE42}.Debug|Any CPU.ActiveCfg = Debug|Any CPU
		{FB57AD32-1EC5-48EC-9A32-F31E0D5DEE42}.Debug|Any CPU.Build.0 = Debug|Any CPU
		{FB57AD32-1EC5-48EC-9A32-F31E0D5DEE42}.Release|Any CPU.ActiveCfg = Release|Any CPU
		{FB57AD32-1EC5-48EC-9A32-F31E0D5DEE42}.Release|Any CPU.Build.0 = Release|Any CPU
		{9FAB8273-4D70-4D4F-B052-4FBFAD2CE89C}.Debug|Any CPU.ActiveCfg = Debug|Any CPU
		{9FAB8273-4D70-4D4F-B052-4FBFAD2CE89C}.Debug|Any CPU.Build.0 = Debug|Any CPU
		{9FAB8273-4D70-4D4F-B052-4FBFAD2CE89C}.Release|Any CPU.ActiveCfg = Release|Any CPU
		{9FAB8273-4D70-4D4F-B052-4FBFAD2CE89C}.Release|Any CPU.Build.0 = Release|Any CPU
		{E95F55E6-16C0-4F8D-9FD9-D46D6A537636}.Debug|Any CPU.ActiveCfg = Debug|Any CPU
		{E95F55E6-16C0-4F8D-9FD9-D46D6A537636}.Debug|Any CPU.Build.0 = Debug|Any CPU
		{E95F55E6-16C0-4F8D-9FD9-D46D6A537636}.Release|Any CPU.ActiveCfg = Release|Any CPU
		{E95F55E6-16C0-4F8D-9FD9-D46D6A537636}.Release|Any CPU.Build.0 = Release|Any CPU
		{209A02F8-6B32-4905-B26C-26C6CC29F912}.Debug|Any CPU.ActiveCfg = Debug|Any CPU
		{209A02F8-6B32-4905-B26C-26C6CC29F912}.Debug|Any CPU.Build.0 = Debug|Any CPU
		{209A02F8-6B32-4905-B26C-26C6CC29F912}.Release|Any CPU.ActiveCfg = Release|Any CPU
		{209A02F8-6B32-4905-B26C-26C6CC29F912}.Release|Any CPU.Build.0 = Release|Any CPU
		{91229C90-1CF2-4CF4-82BD-AA2A6789685A}.Debug|Any CPU.ActiveCfg = Debug|Any CPU
		{91229C90-1CF2-4CF4-82BD-AA2A6789685A}.Debug|Any CPU.Build.0 = Debug|Any CPU
		{91229C90-1CF2-4CF4-82BD-AA2A6789685A}.Release|Any CPU.ActiveCfg = Release|Any CPU
		{91229C90-1CF2-4CF4-82BD-AA2A6789685A}.Release|Any CPU.Build.0 = Release|Any CPU
		{E64B5188-AFC2-4B41-A730-28AB3A393A61}.Debug|Any CPU.ActiveCfg = Debug|Any CPU
		{E64B5188-AFC2-4B41-A730-28AB3A393A61}.Debug|Any CPU.Build.0 = Debug|Any CPU
		{E64B5188-AFC2-4B41-A730-28AB3A393A61}.Release|Any CPU.ActiveCfg = Release|Any CPU
		{E64B5188-AFC2-4B41-A730-28AB3A393A61}.Release|Any CPU.Build.0 = Release|Any CPU
		{C8192CA5-A9DE-4FDD-B322-BA485874670B}.Debug|Any CPU.ActiveCfg = Debug|Any CPU
		{C8192CA5-A9DE-4FDD-B322-BA485874670B}.Debug|Any CPU.Build.0 = Debug|Any CPU
		{C8192CA5-A9DE-4FDD-B322-BA485874670B}.Release|Any CPU.ActiveCfg = Release|Any CPU
		{C8192CA5-A9DE-4FDD-B322-BA485874670B}.Release|Any CPU.Build.0 = Release|Any CPU
		{B02B6214-F2B1-4C50-81D9-B7BE14AEFEE5}.Debug|Any CPU.ActiveCfg = Debug|Any CPU
		{B02B6214-F2B1-4C50-81D9-B7BE14AEFEE5}.Debug|Any CPU.Build.0 = Debug|Any CPU
		{B02B6214-F2B1-4C50-81D9-B7BE14AEFEE5}.Release|Any CPU.ActiveCfg = Release|Any CPU
		{B02B6214-F2B1-4C50-81D9-B7BE14AEFEE5}.Release|Any CPU.Build.0 = Release|Any CPU
		{15DB35F0-EA9A-4F70-AAC6-2D648F7993EA}.Debug|Any CPU.ActiveCfg = Debug|Any CPU
		{15DB35F0-EA9A-4F70-AAC6-2D648F7993EA}.Debug|Any CPU.Build.0 = Debug|Any CPU
		{15DB35F0-EA9A-4F70-AAC6-2D648F7993EA}.Release|Any CPU.ActiveCfg = Release|Any CPU
		{15DB35F0-EA9A-4F70-AAC6-2D648F7993EA}.Release|Any CPU.Build.0 = Release|Any CPU
	EndGlobalSection
	GlobalSection(SolutionProperties) = preSolution
		HideSolutionNode = FALSE
	EndGlobalSection
EndGlobal
