
Microsoft Visual Studio Solution File, Format Version 12.00
# Visual Studio 15
VisualStudioVersion = 15.0.26228.4
MinimumVisualStudioVersion = 10.0.40219.1
Project("{FAE04EC0-301F-11D3-BF4B-00C04F79EFBC}") = "AJAX.MoviesData", "AJAX.MoviesData\AJAX.MoviesData.csproj", "{9DA3A090-F708-4552-86F4-82130FC06809}"
EndProject
Project("{FAE04EC0-301F-11D3-BF4B-00C04F79EFBC}") = "AJAX.Mvc", "AJAX.Mvc\AJAX.Mvc.csproj", "{243EF0D7-5C33-4F79-835D-1E9E0CD93B1B}"
EndProject
Global
	GlobalSection(SolutionConfigurationPlatforms) = preSolution
		Debug|Any CPU = Debug|Any CPU
		Release|Any CPU = Release|Any CPU
	EndGlobalSection
	GlobalSection(ProjectConfigurationPlatforms) = postSolution
		{9DA3A090-F708-4552-86F4-82130FC06809}.Debug|Any CPU.ActiveCfg = Debug|Any CPU
		{9DA3A090-F708-4552-86F4-82130FC06809}.Debug|Any CPU.Build.0 = Debug|Any CPU
		{9DA3A090-F708-4552-86F4-82130FC06809}.Release|Any CPU.ActiveCfg = Release|Any CPU
		{9DA3A090-F708-4552-86F4-82130FC06809}.Release|Any CPU.Build.0 = Release|Any CPU
		{243EF0D7-5C33-4F79-835D-1E9E0CD93B1B}.Debug|Any CPU.ActiveCfg = Debug|Any CPU
		{243EF0D7-5C33-4F79-835D-1E9E0CD93B1B}.Debug|Any CPU.Build.0 = Debug|Any CPU
		{243EF0D7-5C33-4F79-835D-1E9E0CD93B1B}.Release|Any CPU.ActiveCfg = Release|Any CPU
		{243EF0D7-5C33-4F79-835D-1E9E0CD93B1B}.Release|Any CPU.Build.0 = Release|Any CPU
	EndGlobalSection
	GlobalSection(SolutionProperties) = preSolution
		HideSolutionNode = FALSE
	EndGlobalSection
EndGlobal
