
Microsoft Visual Studio Solution File, Format Version 12.00
# Visual Studio 14
VisualStudioVersion = 14.0.25123.0
MinimumVisualStudioVersion = 10.0.40219.1
Project("{FAE04EC0-301F-11D3-BF4B-00C04F79EFBC}") = "ThreeNumbers", "ThreeNumbers\ThreeNumbers.csproj", "{3247D8E9-8700-43D3-9658-17B91725A8BC}"
EndProject
Project("{FAE04EC0-301F-11D3-BF4B-00C04F79EFBC}") = "Decoding", "Decoding\Decoding.csproj", "{C5037A0D-BA98-49D4-9064-D807CF75980A}"
EndProject
Project("{FAE04EC0-301F-11D3-BF4B-00C04F79EFBC}") = "PersianRugs", "PersianRugs\PersianRugs.csproj", "{A215D3C7-AA53-40A8-B311-7688DF85321C}"
EndProject
Global
	GlobalSection(SolutionConfigurationPlatforms) = preSolution
		Debug|Any CPU = Debug|Any CPU
		Release|Any CPU = Release|Any CPU
	EndGlobalSection
	GlobalSection(ProjectConfigurationPlatforms) = postSolution
		{3247D8E9-8700-43D3-9658-17B91725A8BC}.Debug|Any CPU.ActiveCfg = Debug|Any CPU
		{3247D8E9-8700-43D3-9658-17B91725A8BC}.Debug|Any CPU.Build.0 = Debug|Any CPU
		{3247D8E9-8700-43D3-9658-17B91725A8BC}.Release|Any CPU.ActiveCfg = Release|Any CPU
		{3247D8E9-8700-43D3-9658-17B91725A8BC}.Release|Any CPU.Build.0 = Release|Any CPU
		{C5037A0D-BA98-49D4-9064-D807CF75980A}.Debug|Any CPU.ActiveCfg = Debug|Any CPU
		{C5037A0D-BA98-49D4-9064-D807CF75980A}.Debug|Any CPU.Build.0 = Debug|Any CPU
		{C5037A0D-BA98-49D4-9064-D807CF75980A}.Release|Any CPU.ActiveCfg = Release|Any CPU
		{C5037A0D-BA98-49D4-9064-D807CF75980A}.Release|Any CPU.Build.0 = Release|Any CPU
		{A215D3C7-AA53-40A8-B311-7688DF85321C}.Debug|Any CPU.ActiveCfg = Debug|Any CPU
		{A215D3C7-AA53-40A8-B311-7688DF85321C}.Debug|Any CPU.Build.0 = Debug|Any CPU
		{A215D3C7-AA53-40A8-B311-7688DF85321C}.Release|Any CPU.ActiveCfg = Release|Any CPU
		{A215D3C7-AA53-40A8-B311-7688DF85321C}.Release|Any CPU.Build.0 = Release|Any CPU
	EndGlobalSection
	GlobalSection(SolutionProperties) = preSolution
		HideSolutionNode = FALSE
	EndGlobalSection
EndGlobal
