
Microsoft Visual Studio Solution File, Format Version 12.00
# Visual Studio 14
VisualStudioVersion = 14.0.25420.1
MinimumVisualStudioVersion = 10.0.40219.1
Project("{FAE04EC0-301F-11D3-BF4B-00C04F79EFBC}") = "ExchangeRates", "ExchangeRates\ExchangeRates.csproj", "{37BEF7CC-2B10-4490-9D35-ACEE0B8E9017}"
EndProject
Project("{FAE04EC0-301F-11D3-BF4B-00C04F79EFBC}") = "ExchangeRates2", "ExchangeRates2\ExchangeRates2.csproj", "{56C3A322-5878-4A5B-B37E-7A795BB0FC3B}"
EndProject
Project("{FAE04EC0-301F-11D3-BF4B-00C04F79EFBC}") = "ExchangeRates3", "ExchangeRates3\ExchangeRates3.csproj", "{33000EC3-C00F-4615-9617-54CDDFFDD7D5}"
EndProject
Project("{FAE04EC0-301F-11D3-BF4B-00C04F79EFBC}") = "ExchageRates4", "ExchageRates4\ExchageRates4.csproj", "{ED00E251-5016-45A5-944E-9651E7E0B2BF}"
EndProject
Project("{FAE04EC0-301F-11D3-BF4B-00C04F79EFBC}") = "FindNumber", "FindNumber\FindNumber.csproj", "{4B2E2358-6D11-4BF3-B047-364972A424C1}"
EndProject
Project("{FAE04EC0-301F-11D3-BF4B-00C04F79EFBC}") = "FindNumberSortedDict", "FindNumberSortedDict\FindNumberSortedDict.csproj", "{4F042AB6-1571-48F2-A54A-9CD3F41F07C9}"
EndProject
Project("{FAE04EC0-301F-11D3-BF4B-00C04F79EFBC}") = "DogePlusPlus", "DogePlusPlus\DogePlusPlus.csproj", "{5643FD15-6990-4CC2-AA72-D62D34A18DEB}"
EndProject
Global
	GlobalSection(SolutionConfigurationPlatforms) = preSolution
		Debug|Any CPU = Debug|Any CPU
		Release|Any CPU = Release|Any CPU
	EndGlobalSection
	GlobalSection(ProjectConfigurationPlatforms) = postSolution
		{37BEF7CC-2B10-4490-9D35-ACEE0B8E9017}.Debug|Any CPU.ActiveCfg = Debug|Any CPU
		{37BEF7CC-2B10-4490-9D35-ACEE0B8E9017}.Debug|Any CPU.Build.0 = Debug|Any CPU
		{37BEF7CC-2B10-4490-9D35-ACEE0B8E9017}.Release|Any CPU.ActiveCfg = Release|Any CPU
		{37BEF7CC-2B10-4490-9D35-ACEE0B8E9017}.Release|Any CPU.Build.0 = Release|Any CPU
		{56C3A322-5878-4A5B-B37E-7A795BB0FC3B}.Debug|Any CPU.ActiveCfg = Debug|Any CPU
		{56C3A322-5878-4A5B-B37E-7A795BB0FC3B}.Debug|Any CPU.Build.0 = Debug|Any CPU
		{56C3A322-5878-4A5B-B37E-7A795BB0FC3B}.Release|Any CPU.ActiveCfg = Release|Any CPU
		{56C3A322-5878-4A5B-B37E-7A795BB0FC3B}.Release|Any CPU.Build.0 = Release|Any CPU
		{33000EC3-C00F-4615-9617-54CDDFFDD7D5}.Debug|Any CPU.ActiveCfg = Debug|Any CPU
		{33000EC3-C00F-4615-9617-54CDDFFDD7D5}.Debug|Any CPU.Build.0 = Debug|Any CPU
		{33000EC3-C00F-4615-9617-54CDDFFDD7D5}.Release|Any CPU.ActiveCfg = Release|Any CPU
		{33000EC3-C00F-4615-9617-54CDDFFDD7D5}.Release|Any CPU.Build.0 = Release|Any CPU
		{ED00E251-5016-45A5-944E-9651E7E0B2BF}.Debug|Any CPU.ActiveCfg = Debug|Any CPU
		{ED00E251-5016-45A5-944E-9651E7E0B2BF}.Debug|Any CPU.Build.0 = Debug|Any CPU
		{ED00E251-5016-45A5-944E-9651E7E0B2BF}.Release|Any CPU.ActiveCfg = Release|Any CPU
		{ED00E251-5016-45A5-944E-9651E7E0B2BF}.Release|Any CPU.Build.0 = Release|Any CPU
		{4B2E2358-6D11-4BF3-B047-364972A424C1}.Debug|Any CPU.ActiveCfg = Debug|Any CPU
		{4B2E2358-6D11-4BF3-B047-364972A424C1}.Debug|Any CPU.Build.0 = Debug|Any CPU
		{4B2E2358-6D11-4BF3-B047-364972A424C1}.Release|Any CPU.ActiveCfg = Release|Any CPU
		{4B2E2358-6D11-4BF3-B047-364972A424C1}.Release|Any CPU.Build.0 = Release|Any CPU
		{4F042AB6-1571-48F2-A54A-9CD3F41F07C9}.Debug|Any CPU.ActiveCfg = Debug|Any CPU
		{4F042AB6-1571-48F2-A54A-9CD3F41F07C9}.Debug|Any CPU.Build.0 = Debug|Any CPU
		{4F042AB6-1571-48F2-A54A-9CD3F41F07C9}.Release|Any CPU.ActiveCfg = Release|Any CPU
		{4F042AB6-1571-48F2-A54A-9CD3F41F07C9}.Release|Any CPU.Build.0 = Release|Any CPU
		{5643FD15-6990-4CC2-AA72-D62D34A18DEB}.Debug|Any CPU.ActiveCfg = Debug|Any CPU
		{5643FD15-6990-4CC2-AA72-D62D34A18DEB}.Debug|Any CPU.Build.0 = Debug|Any CPU
		{5643FD15-6990-4CC2-AA72-D62D34A18DEB}.Release|Any CPU.ActiveCfg = Release|Any CPU
		{5643FD15-6990-4CC2-AA72-D62D34A18DEB}.Release|Any CPU.Build.0 = Release|Any CPU
	EndGlobalSection
	GlobalSection(SolutionProperties) = preSolution
		HideSolutionNode = FALSE
	EndGlobalSection
EndGlobal
