
Microsoft Visual Studio Solution File, Format Version 12.00
# Visual Studio 14
VisualStudioVersion = 14.0.25123.0
MinimumVisualStudioVersion = 10.0.40219.1
Project("{FAE04EC0-301F-11D3-BF4B-00C04F79EFBC}") = "01-TRES4", "01-TRES4\01-TRES4.csproj", "{583EF5F1-D1EA-4BE1-9190-94EBDEE8EED9}"
EndProject
Project("{FAE04EC0-301F-11D3-BF4B-00C04F79EFBC}") = "02-Bunny-Factory", "02-Bunny-Factory\02-Bunny-Factory.csproj", "{A64A3D0F-1447-4CF3-B342-8FBF8B8714B6}"
EndProject
Project("{FAE04EC0-301F-11D3-BF4B-00C04F79EFBC}") = "02-Bunny-Factory-2", "02-Bunny-Factory-2\02-Bunny-Factory-2.csproj", "{7A8ED9E2-A10B-4811-927F-38D0A6C2644D}"
EndProject
Project("{FAE04EC0-301F-11D3-BF4B-00C04F79EFBC}") = "02-Bunny-Factory-3", "02-Bunny-Factory-3\02-Bunny-Factory-3.csproj", "{E2BD76C1-FFA4-424F-856D-63CFF58488EE}"
EndProject
Project("{FAE04EC0-301F-11D3-BF4B-00C04F79EFBC}") = "03-Patterns", "03-Patterns\03-Patterns.csproj", "{F87BA944-96A1-48F5-8982-AD8C920C1B56}"
EndProject
Project("{FAE04EC0-301F-11D3-BF4B-00C04F79EFBC}") = "05-Help-Doge", "05-Help-Doge\05-Help-Doge.csproj", "{69D39304-9F72-44D5-AA6C-4097B0CD0C94}"
EndProject
Project("{FAE04EC0-301F-11D3-BF4B-00C04F79EFBC}") = "05-Help-Doge-2", "05-Help-Doge-2\05-Help-Doge-2.csproj", "{035E8AF2-A01B-439E-88E1-F32BC6967135}"
EndProject
Project("{FAE04EC0-301F-11D3-BF4B-00C04F79EFBC}") = "04-Variable-Length-Codes", "04-Variable-Length-Codes\04-Variable-Length-Codes.csproj", "{D3C7FACF-132B-48C1-B966-2F2A57FEC503}"
EndProject
Project("{FAE04EC0-301F-11D3-BF4B-00C04F79EFBC}") = "04-Variable-Length-Codes-2", "04-Variable-Length-Codes-2\04-Variable-Length-Codes-2.csproj", "{89D30745-130A-41EF-86DD-96D106706ADB}"
EndProject
Project("{FAE04EC0-301F-11D3-BF4B-00C04F79EFBC}") = "05-Help-Doge-3", "05-Help-Doge-3\05-Help-Doge-3.csproj", "{62B6E6E4-29BA-49CE-A64E-E3218C528FBE}"
EndProject
Project("{FAE04EC0-301F-11D3-BF4B-00C04F79EFBC}") = "05-Help-Doge-WTF", "05-Help-Doge-WTF\05-Help-Doge-WTF.csproj", "{552CF371-875A-4FAA-B9FF-F79BDA446E78}"
EndProject
Global
	GlobalSection(SolutionConfigurationPlatforms) = preSolution
		Debug|Any CPU = Debug|Any CPU
		Release|Any CPU = Release|Any CPU
	EndGlobalSection
	GlobalSection(ProjectConfigurationPlatforms) = postSolution
		{583EF5F1-D1EA-4BE1-9190-94EBDEE8EED9}.Debug|Any CPU.ActiveCfg = Debug|Any CPU
		{583EF5F1-D1EA-4BE1-9190-94EBDEE8EED9}.Debug|Any CPU.Build.0 = Debug|Any CPU
		{583EF5F1-D1EA-4BE1-9190-94EBDEE8EED9}.Release|Any CPU.ActiveCfg = Release|Any CPU
		{583EF5F1-D1EA-4BE1-9190-94EBDEE8EED9}.Release|Any CPU.Build.0 = Release|Any CPU
		{A64A3D0F-1447-4CF3-B342-8FBF8B8714B6}.Debug|Any CPU.ActiveCfg = Debug|Any CPU
		{A64A3D0F-1447-4CF3-B342-8FBF8B8714B6}.Debug|Any CPU.Build.0 = Debug|Any CPU
		{A64A3D0F-1447-4CF3-B342-8FBF8B8714B6}.Release|Any CPU.ActiveCfg = Release|Any CPU
		{A64A3D0F-1447-4CF3-B342-8FBF8B8714B6}.Release|Any CPU.Build.0 = Release|Any CPU
		{7A8ED9E2-A10B-4811-927F-38D0A6C2644D}.Debug|Any CPU.ActiveCfg = Debug|Any CPU
		{7A8ED9E2-A10B-4811-927F-38D0A6C2644D}.Debug|Any CPU.Build.0 = Debug|Any CPU
		{7A8ED9E2-A10B-4811-927F-38D0A6C2644D}.Release|Any CPU.ActiveCfg = Release|Any CPU
		{7A8ED9E2-A10B-4811-927F-38D0A6C2644D}.Release|Any CPU.Build.0 = Release|Any CPU
		{E2BD76C1-FFA4-424F-856D-63CFF58488EE}.Debug|Any CPU.ActiveCfg = Debug|Any CPU
		{E2BD76C1-FFA4-424F-856D-63CFF58488EE}.Debug|Any CPU.Build.0 = Debug|Any CPU
		{E2BD76C1-FFA4-424F-856D-63CFF58488EE}.Release|Any CPU.ActiveCfg = Release|Any CPU
		{E2BD76C1-FFA4-424F-856D-63CFF58488EE}.Release|Any CPU.Build.0 = Release|Any CPU
		{F87BA944-96A1-48F5-8982-AD8C920C1B56}.Debug|Any CPU.ActiveCfg = Debug|Any CPU
		{F87BA944-96A1-48F5-8982-AD8C920C1B56}.Debug|Any CPU.Build.0 = Debug|Any CPU
		{F87BA944-96A1-48F5-8982-AD8C920C1B56}.Release|Any CPU.ActiveCfg = Release|Any CPU
		{F87BA944-96A1-48F5-8982-AD8C920C1B56}.Release|Any CPU.Build.0 = Release|Any CPU
		{69D39304-9F72-44D5-AA6C-4097B0CD0C94}.Debug|Any CPU.ActiveCfg = Debug|Any CPU
		{69D39304-9F72-44D5-AA6C-4097B0CD0C94}.Debug|Any CPU.Build.0 = Debug|Any CPU
		{69D39304-9F72-44D5-AA6C-4097B0CD0C94}.Release|Any CPU.ActiveCfg = Release|Any CPU
		{69D39304-9F72-44D5-AA6C-4097B0CD0C94}.Release|Any CPU.Build.0 = Release|Any CPU
		{035E8AF2-A01B-439E-88E1-F32BC6967135}.Debug|Any CPU.ActiveCfg = Debug|Any CPU
		{035E8AF2-A01B-439E-88E1-F32BC6967135}.Debug|Any CPU.Build.0 = Debug|Any CPU
		{035E8AF2-A01B-439E-88E1-F32BC6967135}.Release|Any CPU.ActiveCfg = Release|Any CPU
		{035E8AF2-A01B-439E-88E1-F32BC6967135}.Release|Any CPU.Build.0 = Release|Any CPU
		{D3C7FACF-132B-48C1-B966-2F2A57FEC503}.Debug|Any CPU.ActiveCfg = Debug|Any CPU
		{D3C7FACF-132B-48C1-B966-2F2A57FEC503}.Debug|Any CPU.Build.0 = Debug|Any CPU
		{D3C7FACF-132B-48C1-B966-2F2A57FEC503}.Release|Any CPU.ActiveCfg = Release|Any CPU
		{D3C7FACF-132B-48C1-B966-2F2A57FEC503}.Release|Any CPU.Build.0 = Release|Any CPU
		{89D30745-130A-41EF-86DD-96D106706ADB}.Debug|Any CPU.ActiveCfg = Debug|Any CPU
		{89D30745-130A-41EF-86DD-96D106706ADB}.Debug|Any CPU.Build.0 = Debug|Any CPU
		{89D30745-130A-41EF-86DD-96D106706ADB}.Release|Any CPU.ActiveCfg = Release|Any CPU
		{89D30745-130A-41EF-86DD-96D106706ADB}.Release|Any CPU.Build.0 = Release|Any CPU
		{62B6E6E4-29BA-49CE-A64E-E3218C528FBE}.Debug|Any CPU.ActiveCfg = Debug|Any CPU
		{62B6E6E4-29BA-49CE-A64E-E3218C528FBE}.Debug|Any CPU.Build.0 = Debug|Any CPU
		{62B6E6E4-29BA-49CE-A64E-E3218C528FBE}.Release|Any CPU.ActiveCfg = Release|Any CPU
		{62B6E6E4-29BA-49CE-A64E-E3218C528FBE}.Release|Any CPU.Build.0 = Release|Any CPU
		{552CF371-875A-4FAA-B9FF-F79BDA446E78}.Debug|Any CPU.ActiveCfg = Debug|Any CPU
		{552CF371-875A-4FAA-B9FF-F79BDA446E78}.Debug|Any CPU.Build.0 = Debug|Any CPU
		{552CF371-875A-4FAA-B9FF-F79BDA446E78}.Release|Any CPU.ActiveCfg = Release|Any CPU
		{552CF371-875A-4FAA-B9FF-F79BDA446E78}.Release|Any CPU.Build.0 = Release|Any CPU
	EndGlobalSection
	GlobalSection(SolutionProperties) = preSolution
		HideSolutionNode = FALSE
	EndGlobalSection
EndGlobal
