
Microsoft Visual Studio Solution File, Format Version 12.00
# Visual Studio 14
VisualStudioVersion = 14.0.25420.1
MinimumVisualStudioVersion = 10.0.40219.1
Project("{FAE04EC0-301F-11D3-BF4B-00C04F79EFBC}") = "EntitiyTesting.DBModels", "EntitiyTesting.DBModels\EntitiyTesting.DBModels.csproj", "{EBF495B1-09D0-4AE8-B5E6-D9F3344B31D9}"
EndProject
Project("{FAE04EC0-301F-11D3-BF4B-00C04F79EFBC}") = "EntityTesting.WebApp", "EntityTesting.WebApp\EntityTesting.WebApp.csproj", "{39C74704-47C6-4B2A-8E91-CF8AFBE364B4}"
EndProject
Global
	GlobalSection(SolutionConfigurationPlatforms) = preSolution
		Debug|Any CPU = Debug|Any CPU
		Release|Any CPU = Release|Any CPU
	EndGlobalSection
	GlobalSection(ProjectConfigurationPlatforms) = postSolution
		{EBF495B1-09D0-4AE8-B5E6-D9F3344B31D9}.Debug|Any CPU.ActiveCfg = Debug|Any CPU
		{EBF495B1-09D0-4AE8-B5E6-D9F3344B31D9}.Debug|Any CPU.Build.0 = Debug|Any CPU
		{EBF495B1-09D0-4AE8-B5E6-D9F3344B31D9}.Release|Any CPU.ActiveCfg = Release|Any CPU
		{EBF495B1-09D0-4AE8-B5E6-D9F3344B31D9}.Release|Any CPU.Build.0 = Release|Any CPU
		{39C74704-47C6-4B2A-8E91-CF8AFBE364B4}.Debug|Any CPU.ActiveCfg = Debug|Any CPU
		{39C74704-47C6-4B2A-8E91-CF8AFBE364B4}.Debug|Any CPU.Build.0 = Debug|Any CPU
		{39C74704-47C6-4B2A-8E91-CF8AFBE364B4}.Release|Any CPU.ActiveCfg = Release|Any CPU
		{39C74704-47C6-4B2A-8E91-CF8AFBE364B4}.Release|Any CPU.Build.0 = Release|Any CPU
	EndGlobalSection
	GlobalSection(SolutionProperties) = preSolution
		HideSolutionNode = FALSE
	EndGlobalSection
EndGlobal
