
Microsoft Visual Studio Solution File, Format Version 12.00
# Visual Studio 14
VisualStudioVersion = 14.0.25123.0
MinimumVisualStudioVersion = 10.0.40219.1
Project("{FAE04EC0-301F-11D3-BF4B-00C04F79EFBC}") = "CoffeeMachine1", "CoffeeMachine1\CoffeeMachine1.csproj", "{6CF11EE8-A353-4B1D-8E3A-74755F4F0AA4}"
EndProject
Project("{FAE04EC0-301F-11D3-BF4B-00C04F79EFBC}") = "DrunkenNumbers", "DrunkenNumbers\DrunkenNumbers.csproj", "{B1610452-EE95-4806-AB47-1C7556EECB08}"
EndProject
Project("{FAE04EC0-301F-11D3-BF4B-00C04F79EFBC}") = "BullsCows", "BullsCows\BullsCows.csproj", "{40C0754A-6B73-4FEE-A586-0A96D3FB616C}"
EndProject
Project("{FAE04EC0-301F-11D3-BF4B-00C04F79EFBC}") = "Neurons", "Neurons\Neurons.csproj", "{30727C79-B5D2-4894-974C-557624C0AB31}"
EndProject
Project("{FAE04EC0-301F-11D3-BF4B-00C04F79EFBC}") = "FireInTheMatrix", "FireInTheMatrix\FireInTheMatrix.csproj", "{2E193963-7D6B-4EEE-B485-9D1BEAD9D14D}"
EndProject
Global
	GlobalSection(SolutionConfigurationPlatforms) = preSolution
		Debug|Any CPU = Debug|Any CPU
		Release|Any CPU = Release|Any CPU
	EndGlobalSection
	GlobalSection(ProjectConfigurationPlatforms) = postSolution
		{6CF11EE8-A353-4B1D-8E3A-74755F4F0AA4}.Debug|Any CPU.ActiveCfg = Debug|Any CPU
		{6CF11EE8-A353-4B1D-8E3A-74755F4F0AA4}.Debug|Any CPU.Build.0 = Debug|Any CPU
		{6CF11EE8-A353-4B1D-8E3A-74755F4F0AA4}.Release|Any CPU.ActiveCfg = Release|Any CPU
		{6CF11EE8-A353-4B1D-8E3A-74755F4F0AA4}.Release|Any CPU.Build.0 = Release|Any CPU
		{B1610452-EE95-4806-AB47-1C7556EECB08}.Debug|Any CPU.ActiveCfg = Debug|Any CPU
		{B1610452-EE95-4806-AB47-1C7556EECB08}.Debug|Any CPU.Build.0 = Debug|Any CPU
		{B1610452-EE95-4806-AB47-1C7556EECB08}.Release|Any CPU.ActiveCfg = Release|Any CPU
		{B1610452-EE95-4806-AB47-1C7556EECB08}.Release|Any CPU.Build.0 = Release|Any CPU
		{40C0754A-6B73-4FEE-A586-0A96D3FB616C}.Debug|Any CPU.ActiveCfg = Debug|Any CPU
		{40C0754A-6B73-4FEE-A586-0A96D3FB616C}.Debug|Any CPU.Build.0 = Debug|Any CPU
		{40C0754A-6B73-4FEE-A586-0A96D3FB616C}.Release|Any CPU.ActiveCfg = Release|Any CPU
		{40C0754A-6B73-4FEE-A586-0A96D3FB616C}.Release|Any CPU.Build.0 = Release|Any CPU
		{30727C79-B5D2-4894-974C-557624C0AB31}.Debug|Any CPU.ActiveCfg = Debug|Any CPU
		{30727C79-B5D2-4894-974C-557624C0AB31}.Debug|Any CPU.Build.0 = Debug|Any CPU
		{30727C79-B5D2-4894-974C-557624C0AB31}.Release|Any CPU.ActiveCfg = Release|Any CPU
		{30727C79-B5D2-4894-974C-557624C0AB31}.Release|Any CPU.Build.0 = Release|Any CPU
		{2E193963-7D6B-4EEE-B485-9D1BEAD9D14D}.Debug|Any CPU.ActiveCfg = Debug|Any CPU
		{2E193963-7D6B-4EEE-B485-9D1BEAD9D14D}.Debug|Any CPU.Build.0 = Debug|Any CPU
		{2E193963-7D6B-4EEE-B485-9D1BEAD9D14D}.Release|Any CPU.ActiveCfg = Release|Any CPU
		{2E193963-7D6B-4EEE-B485-9D1BEAD9D14D}.Release|Any CPU.Build.0 = Release|Any CPU
	EndGlobalSection
	GlobalSection(SolutionProperties) = preSolution
		HideSolutionNode = FALSE
	EndGlobalSection
EndGlobal
