
Microsoft Visual Studio Solution File, Format Version 12.00
# Visual Studio 14
VisualStudioVersion = 14.0.25420.1
MinimumVisualStudioVersion = 10.0.40219.1
Project("{FAE04EC0-301F-11D3-BF4B-00C04F79EFBC}") = "BinaryPasswords", "BinaryPasswords\BinaryPasswords.csproj", "{C665AC3C-B00F-49BF-9AF0-9796264AF411}"
EndProject
Project("{FAE04EC0-301F-11D3-BF4B-00C04F79EFBC}") = "ColorfulBunnies", "ColorfulBunnies\ColorfulBunnies.csproj", "{FA11C824-A7B8-4E23-8990-FD5A443DFAF2}"
EndProject
Global
	GlobalSection(SolutionConfigurationPlatforms) = preSolution
		Debug|Any CPU = Debug|Any CPU
		Release|Any CPU = Release|Any CPU
	EndGlobalSection
	GlobalSection(ProjectConfigurationPlatforms) = postSolution
		{C665AC3C-B00F-49BF-9AF0-9796264AF411}.Debug|Any CPU.ActiveCfg = Debug|Any CPU
		{C665AC3C-B00F-49BF-9AF0-9796264AF411}.Debug|Any CPU.Build.0 = Debug|Any CPU
		{C665AC3C-B00F-49BF-9AF0-9796264AF411}.Release|Any CPU.ActiveCfg = Release|Any CPU
		{C665AC3C-B00F-49BF-9AF0-9796264AF411}.Release|Any CPU.Build.0 = Release|Any CPU
		{FA11C824-A7B8-4E23-8990-FD5A443DFAF2}.Debug|Any CPU.ActiveCfg = Debug|Any CPU
		{FA11C824-A7B8-4E23-8990-FD5A443DFAF2}.Debug|Any CPU.Build.0 = Debug|Any CPU
		{FA11C824-A7B8-4E23-8990-FD5A443DFAF2}.Release|Any CPU.ActiveCfg = Release|Any CPU
		{FA11C824-A7B8-4E23-8990-FD5A443DFAF2}.Release|Any CPU.Build.0 = Release|Any CPU
	EndGlobalSection
	GlobalSection(SolutionProperties) = preSolution
		HideSolutionNode = FALSE
	EndGlobalSection
EndGlobal
