
Microsoft Visual Studio Solution File, Format Version 12.00
# Visual Studio 14
VisualStudioVersion = 14.0.25123.0
MinimumVisualStudioVersion = 10.0.40219.1
Project("{FAE04EC0-301F-11D3-BF4B-00C04F79EFBC}") = "OddOrEven", "OddOrEven\OddOrEven.csproj", "{EA037166-4E00-47EC-86C6-F0F09B0D2072}"
EndProject
Project("{FAE04EC0-301F-11D3-BF4B-00C04F79EFBC}") = "MoonGravity", "MoonGravity\MoonGravity.csproj", "{B9BB7CA5-F170-48E1-8F8F-2C6CB52ACF7F}"
EndProject
Project("{FAE04EC0-301F-11D3-BF4B-00C04F79EFBC}") = "Divide7and5", "Divide7and5\Divide7and5.csproj", "{CD369049-012C-4177-AF8E-9FA91D8B174F}"
EndProject
Project("{FAE04EC0-301F-11D3-BF4B-00C04F79EFBC}") = "Rectangles", "Rectangles\Rectangles.csproj", "{98087A6B-B3D6-42D4-A12D-7BC5B9DF781B}"
EndProject
Project("{FAE04EC0-301F-11D3-BF4B-00C04F79EFBC}") = "ThirdDigit", "ThirdDigit\ThirdDigit.csproj", "{8F5D7A40-1947-4448-B8AC-CFE47344B147}"
EndProject
Project("{FAE04EC0-301F-11D3-BF4B-00C04F79EFBC}") = "FourDigits", "FourDigits\FourDigits.csproj", "{698F3F81-02DE-4C9F-9F3B-32BA7A761393}"
EndProject
Project("{FAE04EC0-301F-11D3-BF4B-00C04F79EFBC}") = "FourDigits2", "FourDigits2\FourDigits2.csproj", "{362E007B-C237-445E-BDDD-F700CA7D7CBE}"
EndProject
Project("{FAE04EC0-301F-11D3-BF4B-00C04F79EFBC}") = "PointinaCircle", "PointinaCircle\PointinaCircle.csproj", "{A83ABD15-C9B9-4C3B-BC0A-B18A94730B28}"
EndProject
Project("{FAE04EC0-301F-11D3-BF4B-00C04F79EFBC}") = "PrimeCheck", "PrimeCheck\PrimeCheck.csproj", "{B144BF3A-1B0A-4B93-810D-85C7C5EF1771}"
EndProject
Project("{FAE04EC0-301F-11D3-BF4B-00C04F79EFBC}") = "Trapezoids", "Trapezoids\Trapezoids.csproj", "{83926390-9703-483E-9A8B-E45C0BDB9066}"
EndProject
Project("{FAE04EC0-301F-11D3-BF4B-00C04F79EFBC}") = "PointCircleRectangle", "PointCircleRectangle\PointCircleRectangle.csproj", "{CE97A096-446F-43F9-A6A6-C5B4FFC876CD}"
EndProject
Project("{FAE04EC0-301F-11D3-BF4B-00C04F79EFBC}") = "ThirdBit", "ThirdBit\ThirdBit.csproj", "{08C0989F-05EC-4BF1-A0E8-2DCFC5936A09}"
EndProject
Project("{FAE04EC0-301F-11D3-BF4B-00C04F79EFBC}") = "NthBit", "NthBit\NthBit.csproj", "{D435AD67-BF62-434D-A2B5-A22B6FAF67EB}"
EndProject
Project("{FAE04EC0-301F-11D3-BF4B-00C04F79EFBC}") = "ModifyBit", "ModifyBit\ModifyBit.csproj", "{83E0F503-639D-4F87-8E4A-008F0C52227A}"
EndProject
Project("{FAE04EC0-301F-11D3-BF4B-00C04F79EFBC}") = "BitExchange", "BitExchange\BitExchange.csproj", "{7DBAD6C6-89BF-471A-8CD4-73D57BEBD0CB}"
EndProject
Project("{FAE04EC0-301F-11D3-BF4B-00C04F79EFBC}") = "BitSwap", "BitSwap\BitSwap.csproj", "{2ED28B74-BB20-4C8A-BB61-67D1F8B5E8E6}"
EndProject
Project("{FAE04EC0-301F-11D3-BF4B-00C04F79EFBC}") = "3rdBitBITWISE", "3rdBitBITWISE\3rdBitBITWISE.csproj", "{95E7E739-A6E7-463C-ABB9-50B68220292B}"
EndProject
Project("{FAE04EC0-301F-11D3-BF4B-00C04F79EFBC}") = "NthBitBITWISE", "NthBitBITWISE\NthBitBITWISE.csproj", "{12F1C120-8FE0-4B57-95BA-1CFEDC45F71D}"
EndProject
Project("{FAE04EC0-301F-11D3-BF4B-00C04F79EFBC}") = "ModifyBitBITWISE", "ModifyBitBITWISE\ModifyBitBITWISE.csproj", "{A3B68B2B-4CDC-45D8-A464-BAE1A813C978}"
EndProject
Project("{FAE04EC0-301F-11D3-BF4B-00C04F79EFBC}") = "ModifyBitv3", "ModifyBitv3\ModifyBitv3.csproj", "{8301F50A-086A-489F-82A1-3625DF2DC13C}"
EndProject
Project("{FAE04EC0-301F-11D3-BF4B-00C04F79EFBC}") = "BitExchangeV2", "BitExchangeV2\BitExchangeV2.csproj", "{0A4C9440-817F-41A7-808A-35E0CD16FE59}"
EndProject
Project("{FAE04EC0-301F-11D3-BF4B-00C04F79EFBC}") = "BitSwapBITWISE", "BitSwapBITWISE\BitSwapBITWISE.csproj", "{84DB586D-0C33-465E-A388-86C1925B817C}"
EndProject
Project("{FAE04EC0-301F-11D3-BF4B-00C04F79EFBC}") = "BitswapKirilPc", "BitswapKirilPc\BitswapKirilPc.csproj", "{A8471327-527C-4116-BD6D-1573801F905E}"
EndProject
Global
	GlobalSection(SolutionConfigurationPlatforms) = preSolution
		Debug|Any CPU = Debug|Any CPU
		Release|Any CPU = Release|Any CPU
	EndGlobalSection
	GlobalSection(ProjectConfigurationPlatforms) = postSolution
		{EA037166-4E00-47EC-86C6-F0F09B0D2072}.Debug|Any CPU.ActiveCfg = Debug|Any CPU
		{EA037166-4E00-47EC-86C6-F0F09B0D2072}.Debug|Any CPU.Build.0 = Debug|Any CPU
		{EA037166-4E00-47EC-86C6-F0F09B0D2072}.Release|Any CPU.ActiveCfg = Release|Any CPU
		{EA037166-4E00-47EC-86C6-F0F09B0D2072}.Release|Any CPU.Build.0 = Release|Any CPU
		{B9BB7CA5-F170-48E1-8F8F-2C6CB52ACF7F}.Debug|Any CPU.ActiveCfg = Debug|Any CPU
		{B9BB7CA5-F170-48E1-8F8F-2C6CB52ACF7F}.Debug|Any CPU.Build.0 = Debug|Any CPU
		{B9BB7CA5-F170-48E1-8F8F-2C6CB52ACF7F}.Release|Any CPU.ActiveCfg = Release|Any CPU
		{B9BB7CA5-F170-48E1-8F8F-2C6CB52ACF7F}.Release|Any CPU.Build.0 = Release|Any CPU
		{CD369049-012C-4177-AF8E-9FA91D8B174F}.Debug|Any CPU.ActiveCfg = Debug|Any CPU
		{CD369049-012C-4177-AF8E-9FA91D8B174F}.Debug|Any CPU.Build.0 = Debug|Any CPU
		{CD369049-012C-4177-AF8E-9FA91D8B174F}.Release|Any CPU.ActiveCfg = Release|Any CPU
		{CD369049-012C-4177-AF8E-9FA91D8B174F}.Release|Any CPU.Build.0 = Release|Any CPU
		{98087A6B-B3D6-42D4-A12D-7BC5B9DF781B}.Debug|Any CPU.ActiveCfg = Debug|Any CPU
		{98087A6B-B3D6-42D4-A12D-7BC5B9DF781B}.Debug|Any CPU.Build.0 = Debug|Any CPU
		{98087A6B-B3D6-42D4-A12D-7BC5B9DF781B}.Release|Any CPU.ActiveCfg = Release|Any CPU
		{98087A6B-B3D6-42D4-A12D-7BC5B9DF781B}.Release|Any CPU.Build.0 = Release|Any CPU
		{8F5D7A40-1947-4448-B8AC-CFE47344B147}.Debug|Any CPU.ActiveCfg = Debug|Any CPU
		{8F5D7A40-1947-4448-B8AC-CFE47344B147}.Debug|Any CPU.Build.0 = Debug|Any CPU
		{8F5D7A40-1947-4448-B8AC-CFE47344B147}.Release|Any CPU.ActiveCfg = Release|Any CPU
		{8F5D7A40-1947-4448-B8AC-CFE47344B147}.Release|Any CPU.Build.0 = Release|Any CPU
		{698F3F81-02DE-4C9F-9F3B-32BA7A761393}.Debug|Any CPU.ActiveCfg = Debug|Any CPU
		{698F3F81-02DE-4C9F-9F3B-32BA7A761393}.Debug|Any CPU.Build.0 = Debug|Any CPU
		{698F3F81-02DE-4C9F-9F3B-32BA7A761393}.Release|Any CPU.ActiveCfg = Release|Any CPU
		{698F3F81-02DE-4C9F-9F3B-32BA7A761393}.Release|Any CPU.Build.0 = Release|Any CPU
		{362E007B-C237-445E-BDDD-F700CA7D7CBE}.Debug|Any CPU.ActiveCfg = Debug|Any CPU
		{362E007B-C237-445E-BDDD-F700CA7D7CBE}.Debug|Any CPU.Build.0 = Debug|Any CPU
		{362E007B-C237-445E-BDDD-F700CA7D7CBE}.Release|Any CPU.ActiveCfg = Release|Any CPU
		{362E007B-C237-445E-BDDD-F700CA7D7CBE}.Release|Any CPU.Build.0 = Release|Any CPU
		{A83ABD15-C9B9-4C3B-BC0A-B18A94730B28}.Debug|Any CPU.ActiveCfg = Debug|Any CPU
		{A83ABD15-C9B9-4C3B-BC0A-B18A94730B28}.Debug|Any CPU.Build.0 = Debug|Any CPU
		{A83ABD15-C9B9-4C3B-BC0A-B18A94730B28}.Release|Any CPU.ActiveCfg = Release|Any CPU
		{A83ABD15-C9B9-4C3B-BC0A-B18A94730B28}.Release|Any CPU.Build.0 = Release|Any CPU
		{B144BF3A-1B0A-4B93-810D-85C7C5EF1771}.Debug|Any CPU.ActiveCfg = Debug|Any CPU
		{B144BF3A-1B0A-4B93-810D-85C7C5EF1771}.Debug|Any CPU.Build.0 = Debug|Any CPU
		{B144BF3A-1B0A-4B93-810D-85C7C5EF1771}.Release|Any CPU.ActiveCfg = Release|Any CPU
		{B144BF3A-1B0A-4B93-810D-85C7C5EF1771}.Release|Any CPU.Build.0 = Release|Any CPU
		{83926390-9703-483E-9A8B-E45C0BDB9066}.Debug|Any CPU.ActiveCfg = Debug|Any CPU
		{83926390-9703-483E-9A8B-E45C0BDB9066}.Debug|Any CPU.Build.0 = Debug|Any CPU
		{83926390-9703-483E-9A8B-E45C0BDB9066}.Release|Any CPU.ActiveCfg = Release|Any CPU
		{83926390-9703-483E-9A8B-E45C0BDB9066}.Release|Any CPU.Build.0 = Release|Any CPU
		{CE97A096-446F-43F9-A6A6-C5B4FFC876CD}.Debug|Any CPU.ActiveCfg = Debug|Any CPU
		{CE97A096-446F-43F9-A6A6-C5B4FFC876CD}.Debug|Any CPU.Build.0 = Debug|Any CPU
		{CE97A096-446F-43F9-A6A6-C5B4FFC876CD}.Release|Any CPU.ActiveCfg = Release|Any CPU
		{CE97A096-446F-43F9-A6A6-C5B4FFC876CD}.Release|Any CPU.Build.0 = Release|Any CPU
		{08C0989F-05EC-4BF1-A0E8-2DCFC5936A09}.Debug|Any CPU.ActiveCfg = Debug|Any CPU
		{08C0989F-05EC-4BF1-A0E8-2DCFC5936A09}.Debug|Any CPU.Build.0 = Debug|Any CPU
		{08C0989F-05EC-4BF1-A0E8-2DCFC5936A09}.Release|Any CPU.ActiveCfg = Release|Any CPU
		{08C0989F-05EC-4BF1-A0E8-2DCFC5936A09}.Release|Any CPU.Build.0 = Release|Any CPU
		{D435AD67-BF62-434D-A2B5-A22B6FAF67EB}.Debug|Any CPU.ActiveCfg = Debug|Any CPU
		{D435AD67-BF62-434D-A2B5-A22B6FAF67EB}.Debug|Any CPU.Build.0 = Debug|Any CPU
		{D435AD67-BF62-434D-A2B5-A22B6FAF67EB}.Release|Any CPU.ActiveCfg = Release|Any CPU
		{D435AD67-BF62-434D-A2B5-A22B6FAF67EB}.Release|Any CPU.Build.0 = Release|Any CPU
		{83E0F503-639D-4F87-8E4A-008F0C52227A}.Debug|Any CPU.ActiveCfg = Debug|Any CPU
		{83E0F503-639D-4F87-8E4A-008F0C52227A}.Debug|Any CPU.Build.0 = Debug|Any CPU
		{83E0F503-639D-4F87-8E4A-008F0C52227A}.Release|Any CPU.ActiveCfg = Release|Any CPU
		{83E0F503-639D-4F87-8E4A-008F0C52227A}.Release|Any CPU.Build.0 = Release|Any CPU
		{7DBAD6C6-89BF-471A-8CD4-73D57BEBD0CB}.Debug|Any CPU.ActiveCfg = Debug|Any CPU
		{7DBAD6C6-89BF-471A-8CD4-73D57BEBD0CB}.Debug|Any CPU.Build.0 = Debug|Any CPU
		{7DBAD6C6-89BF-471A-8CD4-73D57BEBD0CB}.Release|Any CPU.ActiveCfg = Release|Any CPU
		{7DBAD6C6-89BF-471A-8CD4-73D57BEBD0CB}.Release|Any CPU.Build.0 = Release|Any CPU
		{2ED28B74-BB20-4C8A-BB61-67D1F8B5E8E6}.Debug|Any CPU.ActiveCfg = Debug|Any CPU
		{2ED28B74-BB20-4C8A-BB61-67D1F8B5E8E6}.Debug|Any CPU.Build.0 = Debug|Any CPU
		{2ED28B74-BB20-4C8A-BB61-67D1F8B5E8E6}.Release|Any CPU.ActiveCfg = Release|Any CPU
		{2ED28B74-BB20-4C8A-BB61-67D1F8B5E8E6}.Release|Any CPU.Build.0 = Release|Any CPU
		{95E7E739-A6E7-463C-ABB9-50B68220292B}.Debug|Any CPU.ActiveCfg = Debug|Any CPU
		{95E7E739-A6E7-463C-ABB9-50B68220292B}.Debug|Any CPU.Build.0 = Debug|Any CPU
		{95E7E739-A6E7-463C-ABB9-50B68220292B}.Release|Any CPU.ActiveCfg = Release|Any CPU
		{95E7E739-A6E7-463C-ABB9-50B68220292B}.Release|Any CPU.Build.0 = Release|Any CPU
		{12F1C120-8FE0-4B57-95BA-1CFEDC45F71D}.Debug|Any CPU.ActiveCfg = Debug|Any CPU
		{12F1C120-8FE0-4B57-95BA-1CFEDC45F71D}.Debug|Any CPU.Build.0 = Debug|Any CPU
		{12F1C120-8FE0-4B57-95BA-1CFEDC45F71D}.Release|Any CPU.ActiveCfg = Release|Any CPU
		{12F1C120-8FE0-4B57-95BA-1CFEDC45F71D}.Release|Any CPU.Build.0 = Release|Any CPU
		{A3B68B2B-4CDC-45D8-A464-BAE1A813C978}.Debug|Any CPU.ActiveCfg = Debug|Any CPU
		{A3B68B2B-4CDC-45D8-A464-BAE1A813C978}.Debug|Any CPU.Build.0 = Debug|Any CPU
		{A3B68B2B-4CDC-45D8-A464-BAE1A813C978}.Release|Any CPU.ActiveCfg = Release|Any CPU
		{A3B68B2B-4CDC-45D8-A464-BAE1A813C978}.Release|Any CPU.Build.0 = Release|Any CPU
		{8301F50A-086A-489F-82A1-3625DF2DC13C}.Debug|Any CPU.ActiveCfg = Debug|Any CPU
		{8301F50A-086A-489F-82A1-3625DF2DC13C}.Debug|Any CPU.Build.0 = Debug|Any CPU
		{8301F50A-086A-489F-82A1-3625DF2DC13C}.Release|Any CPU.ActiveCfg = Release|Any CPU
		{8301F50A-086A-489F-82A1-3625DF2DC13C}.Release|Any CPU.Build.0 = Release|Any CPU
		{0A4C9440-817F-41A7-808A-35E0CD16FE59}.Debug|Any CPU.ActiveCfg = Debug|Any CPU
		{0A4C9440-817F-41A7-808A-35E0CD16FE59}.Debug|Any CPU.Build.0 = Debug|Any CPU
		{0A4C9440-817F-41A7-808A-35E0CD16FE59}.Release|Any CPU.ActiveCfg = Release|Any CPU
		{0A4C9440-817F-41A7-808A-35E0CD16FE59}.Release|Any CPU.Build.0 = Release|Any CPU
		{84DB586D-0C33-465E-A388-86C1925B817C}.Debug|Any CPU.ActiveCfg = Debug|Any CPU
		{84DB586D-0C33-465E-A388-86C1925B817C}.Debug|Any CPU.Build.0 = Debug|Any CPU
		{84DB586D-0C33-465E-A388-86C1925B817C}.Release|Any CPU.ActiveCfg = Release|Any CPU
		{84DB586D-0C33-465E-A388-86C1925B817C}.Release|Any CPU.Build.0 = Release|Any CPU
		{A8471327-527C-4116-BD6D-1573801F905E}.Debug|Any CPU.ActiveCfg = Debug|Any CPU
		{A8471327-527C-4116-BD6D-1573801F905E}.Debug|Any CPU.Build.0 = Debug|Any CPU
		{A8471327-527C-4116-BD6D-1573801F905E}.Release|Any CPU.ActiveCfg = Release|Any CPU
		{A8471327-527C-4116-BD6D-1573801F905E}.Release|Any CPU.Build.0 = Release|Any CPU
	EndGlobalSection
	GlobalSection(SolutionProperties) = preSolution
		HideSolutionNode = FALSE
	EndGlobalSection
EndGlobal
