
Microsoft Visual Studio Solution File, Format Version 12.00
# Visual Studio 14
VisualStudioVersion = 14.0.25123.0
MinimumVisualStudioVersion = 10.0.40219.1
Project("{FAE04EC0-301F-11D3-BF4B-00C04F79EFBC}") = "01-Sqare-Root", "01-Sqare-Root\01-Sqare-Root.csproj", "{EB41C99E-761D-429D-AA3D-1F0A8610E95B}"
EndProject
Project("{FAE04EC0-301F-11D3-BF4B-00C04F79EFBC}") = "02-Enter-Numbers", "02-Enter-Numbers\02-Enter-Numbers.csproj", "{662DFC4C-8198-4EB5-9AE2-4C3771D2C695}"
EndProject
Project("{FAE04EC0-301F-11D3-BF4B-00C04F79EFBC}") = "02-Enter-Numbers-2", "02-Enter-Numbers-2\02-Enter-Numbers-2.csproj", "{596754BD-9D60-4C4F-BA3E-393F08CE0B4A}"
EndProject
Project("{FAE04EC0-301F-11D3-BF4B-00C04F79EFBC}") = "03-Read-File-Contents", "03-Read-File-Contents\03-Read-File-Contents.csproj", "{463DC0A0-B1CB-4A39-B48C-6C326F32B696}"
EndProject
Global
	GlobalSection(SolutionConfigurationPlatforms) = preSolution
		Debug|Any CPU = Debug|Any CPU
		Release|Any CPU = Release|Any CPU
	EndGlobalSection
	GlobalSection(ProjectConfigurationPlatforms) = postSolution
		{EB41C99E-761D-429D-AA3D-1F0A8610E95B}.Debug|Any CPU.ActiveCfg = Debug|Any CPU
		{EB41C99E-761D-429D-AA3D-1F0A8610E95B}.Debug|Any CPU.Build.0 = Debug|Any CPU
		{EB41C99E-761D-429D-AA3D-1F0A8610E95B}.Release|Any CPU.ActiveCfg = Release|Any CPU
		{EB41C99E-761D-429D-AA3D-1F0A8610E95B}.Release|Any CPU.Build.0 = Release|Any CPU
		{662DFC4C-8198-4EB5-9AE2-4C3771D2C695}.Debug|Any CPU.ActiveCfg = Debug|Any CPU
		{662DFC4C-8198-4EB5-9AE2-4C3771D2C695}.Debug|Any CPU.Build.0 = Debug|Any CPU
		{662DFC4C-8198-4EB5-9AE2-4C3771D2C695}.Release|Any CPU.ActiveCfg = Release|Any CPU
		{662DFC4C-8198-4EB5-9AE2-4C3771D2C695}.Release|Any CPU.Build.0 = Release|Any CPU
		{596754BD-9D60-4C4F-BA3E-393F08CE0B4A}.Debug|Any CPU.ActiveCfg = Debug|Any CPU
		{596754BD-9D60-4C4F-BA3E-393F08CE0B4A}.Debug|Any CPU.Build.0 = Debug|Any CPU
		{596754BD-9D60-4C4F-BA3E-393F08CE0B4A}.Release|Any CPU.ActiveCfg = Release|Any CPU
		{596754BD-9D60-4C4F-BA3E-393F08CE0B4A}.Release|Any CPU.Build.0 = Release|Any CPU
		{463DC0A0-B1CB-4A39-B48C-6C326F32B696}.Debug|Any CPU.ActiveCfg = Debug|Any CPU
		{463DC0A0-B1CB-4A39-B48C-6C326F32B696}.Debug|Any CPU.Build.0 = Debug|Any CPU
		{463DC0A0-B1CB-4A39-B48C-6C326F32B696}.Release|Any CPU.ActiveCfg = Release|Any CPU
		{463DC0A0-B1CB-4A39-B48C-6C326F32B696}.Release|Any CPU.Build.0 = Release|Any CPU
	EndGlobalSection
	GlobalSection(SolutionProperties) = preSolution
		HideSolutionNode = FALSE
	EndGlobalSection
EndGlobal
