
Microsoft Visual Studio Solution File, Format Version 12.00
# Visual Studio 14
VisualStudioVersion = 14.0.25123.0
MinimumVisualStudioVersion = 10.0.40219.1
Project("{FAE04EC0-301F-11D3-BF4B-00C04F79EFBC}") = "01-Zerg", "01-Zerg\01-Zerg.csproj", "{A79192F2-FA9F-4688-81F6-627F055A9093}"
EndProject
Project("{FAE04EC0-301F-11D3-BF4B-00C04F79EFBC}") = "02-Moving-Letters", "02-Moving-Letters\02-Moving-Letters.csproj", "{9150B50E-3D03-4DD9-AC4F-E29D699C6E43}"
EndProject
Project("{FAE04EC0-301F-11D3-BF4B-00C04F79EFBC}") = "02-Moving-Letters-2", "02-Moing-Letters-2\02-Moving-Letters-2.csproj", "{89E9E833-E679-4EDD-81A4-E79FB1959D67}"
EndProject
Project("{FAE04EC0-301F-11D3-BF4B-00C04F79EFBC}") = "03-Trails-3D", "03-Trails-3D\03-Trails-3D.csproj", "{E8227172-D9C7-4334-989E-905E73FA37C0}"
EndProject
Project("{FAE04EC0-301F-11D3-BF4B-00C04F79EFBC}") = "04-Encode-And-Encrypt", "04-Encode-And-Encrypt\04-Encode-And-Encrypt.csproj", "{3CB6D1FE-4F47-4BE3-95F0-8D6863E3D779}"
EndProject
Global
	GlobalSection(SolutionConfigurationPlatforms) = preSolution
		Debug|Any CPU = Debug|Any CPU
		Release|Any CPU = Release|Any CPU
	EndGlobalSection
	GlobalSection(ProjectConfigurationPlatforms) = postSolution
		{A79192F2-FA9F-4688-81F6-627F055A9093}.Debug|Any CPU.ActiveCfg = Debug|Any CPU
		{A79192F2-FA9F-4688-81F6-627F055A9093}.Debug|Any CPU.Build.0 = Debug|Any CPU
		{A79192F2-FA9F-4688-81F6-627F055A9093}.Release|Any CPU.ActiveCfg = Release|Any CPU
		{A79192F2-FA9F-4688-81F6-627F055A9093}.Release|Any CPU.Build.0 = Release|Any CPU
		{9150B50E-3D03-4DD9-AC4F-E29D699C6E43}.Debug|Any CPU.ActiveCfg = Debug|Any CPU
		{9150B50E-3D03-4DD9-AC4F-E29D699C6E43}.Debug|Any CPU.Build.0 = Debug|Any CPU
		{9150B50E-3D03-4DD9-AC4F-E29D699C6E43}.Release|Any CPU.ActiveCfg = Release|Any CPU
		{9150B50E-3D03-4DD9-AC4F-E29D699C6E43}.Release|Any CPU.Build.0 = Release|Any CPU
		{89E9E833-E679-4EDD-81A4-E79FB1959D67}.Debug|Any CPU.ActiveCfg = Debug|Any CPU
		{89E9E833-E679-4EDD-81A4-E79FB1959D67}.Debug|Any CPU.Build.0 = Debug|Any CPU
		{89E9E833-E679-4EDD-81A4-E79FB1959D67}.Release|Any CPU.ActiveCfg = Release|Any CPU
		{89E9E833-E679-4EDD-81A4-E79FB1959D67}.Release|Any CPU.Build.0 = Release|Any CPU
		{E8227172-D9C7-4334-989E-905E73FA37C0}.Debug|Any CPU.ActiveCfg = Debug|Any CPU
		{E8227172-D9C7-4334-989E-905E73FA37C0}.Debug|Any CPU.Build.0 = Debug|Any CPU
		{E8227172-D9C7-4334-989E-905E73FA37C0}.Release|Any CPU.ActiveCfg = Release|Any CPU
		{E8227172-D9C7-4334-989E-905E73FA37C0}.Release|Any CPU.Build.0 = Release|Any CPU
		{3CB6D1FE-4F47-4BE3-95F0-8D6863E3D779}.Debug|Any CPU.ActiveCfg = Debug|Any CPU
		{3CB6D1FE-4F47-4BE3-95F0-8D6863E3D779}.Debug|Any CPU.Build.0 = Debug|Any CPU
		{3CB6D1FE-4F47-4BE3-95F0-8D6863E3D779}.Release|Any CPU.ActiveCfg = Release|Any CPU
		{3CB6D1FE-4F47-4BE3-95F0-8D6863E3D779}.Release|Any CPU.Build.0 = Release|Any CPU
	EndGlobalSection
	GlobalSection(SolutionProperties) = preSolution
		HideSolutionNode = FALSE
	EndGlobalSection
EndGlobal
