
Microsoft Visual Studio Solution File, Format Version 12.00
# Visual Studio 14
VisualStudioVersion = 14.0.25123.0
MinimumVisualStudioVersion = 10.0.40219.1
Project("{FAE04EC0-301F-11D3-BF4B-00C04F79EFBC}") = "B1TrisTheGame", "..\TA-Exam-13-June-24\B1TrisTheGame\B1TrisTheGame.csproj", "{2D5605F1-BD12-490F-AE59-73EBCFE12EA8}"
EndProject
Project("{FAE04EC0-301F-11D3-BF4B-00C04F79EFBC}") = "B1trisV2", "..\TA-Exam-13-June-24\B1trisV2\B1trisV2.csproj", "{68057380-AD6C-406C-A790-0F09CD30DAEA}"
	ProjectSection(ProjectDependencies) = postProject
		{DFFF48D2-855C-4DC9-9E97-D473E4A0389F} = {DFFF48D2-855C-4DC9-9E97-D473E4A0389F}
	EndProjectSection
EndProject
Project("{FAE04EC0-301F-11D3-BF4B-00C04F79EFBC}") = "ConsolePlayArea", "..\TA-Exam-13-June-24\ConsolePlayArea\ConsolePlayArea.csproj", "{DFFF48D2-855C-4DC9-9E97-D473E4A0389F}"
EndProject
Project("{FAE04EC0-301F-11D3-BF4B-00C04F79EFBC}") = "B1tClass", "B1tClass\B1tClass.csproj", "{CFE3E286-104E-438E-B3B3-31832165B669}"
EndProject
Global
	GlobalSection(SolutionConfigurationPlatforms) = preSolution
		Debug|Any CPU = Debug|Any CPU
		Release|Any CPU = Release|Any CPU
	EndGlobalSection
	GlobalSection(ProjectConfigurationPlatforms) = postSolution
		{2D5605F1-BD12-490F-AE59-73EBCFE12EA8}.Debug|Any CPU.ActiveCfg = Debug|Any CPU
		{2D5605F1-BD12-490F-AE59-73EBCFE12EA8}.Debug|Any CPU.Build.0 = Debug|Any CPU
		{2D5605F1-BD12-490F-AE59-73EBCFE12EA8}.Release|Any CPU.ActiveCfg = Release|Any CPU
		{2D5605F1-BD12-490F-AE59-73EBCFE12EA8}.Release|Any CPU.Build.0 = Release|Any CPU
		{68057380-AD6C-406C-A790-0F09CD30DAEA}.Debug|Any CPU.ActiveCfg = Debug|Any CPU
		{68057380-AD6C-406C-A790-0F09CD30DAEA}.Debug|Any CPU.Build.0 = Debug|Any CPU
		{68057380-AD6C-406C-A790-0F09CD30DAEA}.Release|Any CPU.ActiveCfg = Release|Any CPU
		{68057380-AD6C-406C-A790-0F09CD30DAEA}.Release|Any CPU.Build.0 = Release|Any CPU
		{DFFF48D2-855C-4DC9-9E97-D473E4A0389F}.Debug|Any CPU.ActiveCfg = Debug|Any CPU
		{DFFF48D2-855C-4DC9-9E97-D473E4A0389F}.Debug|Any CPU.Build.0 = Debug|Any CPU
		{DFFF48D2-855C-4DC9-9E97-D473E4A0389F}.Release|Any CPU.ActiveCfg = Release|Any CPU
		{DFFF48D2-855C-4DC9-9E97-D473E4A0389F}.Release|Any CPU.Build.0 = Release|Any CPU
		{CFE3E286-104E-438E-B3B3-31832165B669}.Debug|Any CPU.ActiveCfg = Debug|Any CPU
		{CFE3E286-104E-438E-B3B3-31832165B669}.Debug|Any CPU.Build.0 = Debug|Any CPU
		{CFE3E286-104E-438E-B3B3-31832165B669}.Release|Any CPU.ActiveCfg = Release|Any CPU
		{CFE3E286-104E-438E-B3B3-31832165B669}.Release|Any CPU.Build.0 = Release|Any CPU
	EndGlobalSection
	GlobalSection(SolutionProperties) = preSolution
		HideSolutionNode = FALSE
	EndGlobalSection
EndGlobal
