
Microsoft Visual Studio Solution File, Format Version 12.00
# Visual Studio 14
VisualStudioVersion = 14.0.25123.0
MinimumVisualStudioVersion = 10.0.40219.1
Project("{FAE04EC0-301F-11D3-BF4B-00C04F79EFBC}") = "01-Odd-Lines", "01-Odd-Lines\01-Odd-Lines.csproj", "{FC74E31B-F44E-4F61-B508-9280577A881E}"
EndProject
Project("{FAE04EC0-301F-11D3-BF4B-00C04F79EFBC}") = "02-Concatenate-Text-Files", "02-Concatenate-Text-Files\02-Concatenate-Text-Files.csproj", "{7AD70897-CC07-4E23-BA15-53569390CC3F}"
EndProject
Project("{FAE04EC0-301F-11D3-BF4B-00C04F79EFBC}") = "03-Line-Numbers", "03-Line-Numbers\03-Line-Numbers.csproj", "{723C0B52-B980-4EF1-B787-E9D2CD668E30}"
EndProject
Project("{FAE04EC0-301F-11D3-BF4B-00C04F79EFBC}") = "04-Compare-Text-Files", "04-Compare-Text-Files\04-Compare-Text-Files.csproj", "{6C39FF7F-373F-4C38-877C-E8FC0FCE0CF5}"
EndProject
Project("{FAE04EC0-301F-11D3-BF4B-00C04F79EFBC}") = "05-Maximal-Area-Sum", "05-Maximal-Area-Sum\05-Maximal-Area-Sum.csproj", "{B24B0E2C-ABF0-497D-BF14-5C45E72790D8}"
EndProject
Project("{FAE04EC0-301F-11D3-BF4B-00C04F79EFBC}") = "02-Maximal-Sum-2-Line-By-Line", "..\02-Multidimensional-Arrays\02-Maximal-Sum-2-Line-By-Line\02-Maximal-Sum-2-Line-By-Line.csproj", "{1A4FE454-A148-4719-AF70-C914B970F761}"
EndProject
Project("{FAE04EC0-301F-11D3-BF4B-00C04F79EFBC}") = "06-Save-Sorted-Names", "06-Save-Sorted-Names\06-Save-Sorted-Names.csproj", "{70656436-8A46-4874-BDE6-784C763915F6}"
EndProject
Project("{FAE04EC0-301F-11D3-BF4B-00C04F79EFBC}") = "07-Replace-Sub-String", "07-Replace-Sub-String\07-Replace-Sub-String.csproj", "{AD68EF25-A857-4D55-9832-D07FB6624BA5}"
EndProject
Project("{FAE04EC0-301F-11D3-BF4B-00C04F79EFBC}") = "08-Replace-Whole-Word", "08-Replace-Whole-Word\08-Replace-Whole-Word.csproj", "{98BD780B-CC3D-4A51-A902-2229CDA5763F}"
EndProject
Project("{FAE04EC0-301F-11D3-BF4B-00C04F79EFBC}") = "09-Delete-Odd-Lines", "09-Delete-Odd-Lines\09-Delete-Odd-Lines.csproj", "{80CA1237-0B35-443F-91B6-2922535DD45C}"
EndProject
Project("{FAE04EC0-301F-11D3-BF4B-00C04F79EFBC}") = "09-Delete-Odd-Lines-2", "09-Delete-Odd-Lines-2\09-Delete-Odd-Lines-2.csproj", "{C17C5925-5AC1-474B-9F12-0F8057C4D538}"
EndProject
Global
	GlobalSection(SolutionConfigurationPlatforms) = preSolution
		Debug|Any CPU = Debug|Any CPU
		Release|Any CPU = Release|Any CPU
	EndGlobalSection
	GlobalSection(ProjectConfigurationPlatforms) = postSolution
		{FC74E31B-F44E-4F61-B508-9280577A881E}.Debug|Any CPU.ActiveCfg = Debug|Any CPU
		{FC74E31B-F44E-4F61-B508-9280577A881E}.Debug|Any CPU.Build.0 = Debug|Any CPU
		{FC74E31B-F44E-4F61-B508-9280577A881E}.Release|Any CPU.ActiveCfg = Release|Any CPU
		{FC74E31B-F44E-4F61-B508-9280577A881E}.Release|Any CPU.Build.0 = Release|Any CPU
		{7AD70897-CC07-4E23-BA15-53569390CC3F}.Debug|Any CPU.ActiveCfg = Debug|Any CPU
		{7AD70897-CC07-4E23-BA15-53569390CC3F}.Debug|Any CPU.Build.0 = Debug|Any CPU
		{7AD70897-CC07-4E23-BA15-53569390CC3F}.Release|Any CPU.ActiveCfg = Release|Any CPU
		{7AD70897-CC07-4E23-BA15-53569390CC3F}.Release|Any CPU.Build.0 = Release|Any CPU
		{723C0B52-B980-4EF1-B787-E9D2CD668E30}.Debug|Any CPU.ActiveCfg = Debug|Any CPU
		{723C0B52-B980-4EF1-B787-E9D2CD668E30}.Debug|Any CPU.Build.0 = Debug|Any CPU
		{723C0B52-B980-4EF1-B787-E9D2CD668E30}.Release|Any CPU.ActiveCfg = Release|Any CPU
		{723C0B52-B980-4EF1-B787-E9D2CD668E30}.Release|Any CPU.Build.0 = Release|Any CPU
		{6C39FF7F-373F-4C38-877C-E8FC0FCE0CF5}.Debug|Any CPU.ActiveCfg = Debug|Any CPU
		{6C39FF7F-373F-4C38-877C-E8FC0FCE0CF5}.Debug|Any CPU.Build.0 = Debug|Any CPU
		{6C39FF7F-373F-4C38-877C-E8FC0FCE0CF5}.Release|Any CPU.ActiveCfg = Release|Any CPU
		{6C39FF7F-373F-4C38-877C-E8FC0FCE0CF5}.Release|Any CPU.Build.0 = Release|Any CPU
		{B24B0E2C-ABF0-497D-BF14-5C45E72790D8}.Debug|Any CPU.ActiveCfg = Debug|Any CPU
		{B24B0E2C-ABF0-497D-BF14-5C45E72790D8}.Debug|Any CPU.Build.0 = Debug|Any CPU
		{B24B0E2C-ABF0-497D-BF14-5C45E72790D8}.Release|Any CPU.ActiveCfg = Release|Any CPU
		{B24B0E2C-ABF0-497D-BF14-5C45E72790D8}.Release|Any CPU.Build.0 = Release|Any CPU
		{1A4FE454-A148-4719-AF70-C914B970F761}.Debug|Any CPU.ActiveCfg = Debug|Any CPU
		{1A4FE454-A148-4719-AF70-C914B970F761}.Debug|Any CPU.Build.0 = Debug|Any CPU
		{1A4FE454-A148-4719-AF70-C914B970F761}.Release|Any CPU.ActiveCfg = Release|Any CPU
		{1A4FE454-A148-4719-AF70-C914B970F761}.Release|Any CPU.Build.0 = Release|Any CPU
		{70656436-8A46-4874-BDE6-784C763915F6}.Debug|Any CPU.ActiveCfg = Debug|Any CPU
		{70656436-8A46-4874-BDE6-784C763915F6}.Debug|Any CPU.Build.0 = Debug|Any CPU
		{70656436-8A46-4874-BDE6-784C763915F6}.Release|Any CPU.ActiveCfg = Release|Any CPU
		{70656436-8A46-4874-BDE6-784C763915F6}.Release|Any CPU.Build.0 = Release|Any CPU
		{AD68EF25-A857-4D55-9832-D07FB6624BA5}.Debug|Any CPU.ActiveCfg = Debug|Any CPU
		{AD68EF25-A857-4D55-9832-D07FB6624BA5}.Debug|Any CPU.Build.0 = Debug|Any CPU
		{AD68EF25-A857-4D55-9832-D07FB6624BA5}.Release|Any CPU.ActiveCfg = Release|Any CPU
		{AD68EF25-A857-4D55-9832-D07FB6624BA5}.Release|Any CPU.Build.0 = Release|Any CPU
		{98BD780B-CC3D-4A51-A902-2229CDA5763F}.Debug|Any CPU.ActiveCfg = Debug|Any CPU
		{98BD780B-CC3D-4A51-A902-2229CDA5763F}.Debug|Any CPU.Build.0 = Debug|Any CPU
		{98BD780B-CC3D-4A51-A902-2229CDA5763F}.Release|Any CPU.ActiveCfg = Release|Any CPU
		{98BD780B-CC3D-4A51-A902-2229CDA5763F}.Release|Any CPU.Build.0 = Release|Any CPU
		{80CA1237-0B35-443F-91B6-2922535DD45C}.Debug|Any CPU.ActiveCfg = Debug|Any CPU
		{80CA1237-0B35-443F-91B6-2922535DD45C}.Debug|Any CPU.Build.0 = Debug|Any CPU
		{80CA1237-0B35-443F-91B6-2922535DD45C}.Release|Any CPU.ActiveCfg = Release|Any CPU
		{80CA1237-0B35-443F-91B6-2922535DD45C}.Release|Any CPU.Build.0 = Release|Any CPU
		{C17C5925-5AC1-474B-9F12-0F8057C4D538}.Debug|Any CPU.ActiveCfg = Debug|Any CPU
		{C17C5925-5AC1-474B-9F12-0F8057C4D538}.Debug|Any CPU.Build.0 = Debug|Any CPU
		{C17C5925-5AC1-474B-9F12-0F8057C4D538}.Release|Any CPU.ActiveCfg = Release|Any CPU
		{C17C5925-5AC1-474B-9F12-0F8057C4D538}.Release|Any CPU.Build.0 = Release|Any CPU
	EndGlobalSection
	GlobalSection(SolutionProperties) = preSolution
		HideSolutionNode = FALSE
	EndGlobalSection
EndGlobal
