
Microsoft Visual Studio Solution File, Format Version 12.00
# Visual Studio 14
VisualStudioVersion = 14.0.25123.0
MinimumVisualStudioVersion = 10.0.40219.1
Project("{FAE04EC0-301F-11D3-BF4B-00C04F79EFBC}") = "01-Odd-Lines", "01-Odd-Lines\01-Odd-Lines.csproj", "{FC74E31B-F44E-4F61-B508-9280577A881E}"
EndProject
Global
	GlobalSection(SolutionConfigurationPlatforms) = preSolution
		Debug|Any CPU = Debug|Any CPU
		Release|Any CPU = Release|Any CPU
	EndGlobalSection
	GlobalSection(ProjectConfigurationPlatforms) = postSolution
		{FC74E31B-F44E-4F61-B508-9280577A881E}.Debug|Any CPU.ActiveCfg = Debug|Any CPU
		{FC74E31B-F44E-4F61-B508-9280577A881E}.Debug|Any CPU.Build.0 = Debug|Any CPU
		{FC74E31B-F44E-4F61-B508-9280577A881E}.Release|Any CPU.ActiveCfg = Release|Any CPU
		{FC74E31B-F44E-4F61-B508-9280577A881E}.Release|Any CPU.Build.0 = Release|Any CPU
	EndGlobalSection
	GlobalSection(SolutionProperties) = preSolution
		HideSolutionNode = FALSE
	EndGlobalSection
EndGlobal
