
Microsoft Visual Studio Solution File, Format Version 12.00
# Visual Studio 14
VisualStudioVersion = 14.0.25420.1
MinimumVisualStudioVersion = 10.0.40219.1
Project("{FAE04EC0-301F-11D3-BF4B-00C04F79EFBC}") = "01NestedLoops", "01NestedLoops\01NestedLoops.csproj", "{F6F1A618-9041-4CF2-A409-C29C0A7DEBDD}"
EndProject
Project("{FAE04EC0-301F-11D3-BF4B-00C04F79EFBC}") = "02CombinationsDuplicates", "02CombinationsDuplicates\02CombinationsDuplicates.csproj", "{F8141D80-1BE7-49EC-8A47-2116DAA2A5B6}"
EndProject
Global
	GlobalSection(SolutionConfigurationPlatforms) = preSolution
		Debug|Any CPU = Debug|Any CPU
		Release|Any CPU = Release|Any CPU
	EndGlobalSection
	GlobalSection(ProjectConfigurationPlatforms) = postSolution
		{F6F1A618-9041-4CF2-A409-C29C0A7DEBDD}.Debug|Any CPU.ActiveCfg = Debug|Any CPU
		{F6F1A618-9041-4CF2-A409-C29C0A7DEBDD}.Debug|Any CPU.Build.0 = Debug|Any CPU
		{F6F1A618-9041-4CF2-A409-C29C0A7DEBDD}.Release|Any CPU.ActiveCfg = Release|Any CPU
		{F6F1A618-9041-4CF2-A409-C29C0A7DEBDD}.Release|Any CPU.Build.0 = Release|Any CPU
		{F8141D80-1BE7-49EC-8A47-2116DAA2A5B6}.Debug|Any CPU.ActiveCfg = Debug|Any CPU
		{F8141D80-1BE7-49EC-8A47-2116DAA2A5B6}.Debug|Any CPU.Build.0 = Debug|Any CPU
		{F8141D80-1BE7-49EC-8A47-2116DAA2A5B6}.Release|Any CPU.ActiveCfg = Release|Any CPU
		{F8141D80-1BE7-49EC-8A47-2116DAA2A5B6}.Release|Any CPU.Build.0 = Release|Any CPU
	EndGlobalSection
	GlobalSection(SolutionProperties) = preSolution
		HideSolutionNode = FALSE
	EndGlobalSection
EndGlobal
