
Microsoft Visual Studio Solution File, Format Version 12.00
# Visual Studio 14
VisualStudioVersion = 14.0.25123.0
MinimumVisualStudioVersion = 10.0.40219.1
Project("{FAE04EC0-301F-11D3-BF4B-00C04F79EFBC}") = "01-De-Cat-Coding", "01-De-Cat-Coding\01-De-Cat-Coding.csproj", "{727C3721-CE7A-46D1-8F61-F812A8112E78}"
EndProject
Project("{FAE04EC0-301F-11D3-BF4B-00C04F79EFBC}") = "02-Increasing-Absolute-Difference", "02-Increasing-Absolute-Difference\02-Increasing-Absolute-Difference.csproj", "{9413188B-585D-40BC-8071-E981D1B8F93F}"
EndProject
Project("{FAE04EC0-301F-11D3-BF4B-00C04F79EFBC}") = "03-Bit-Shift-Matrix", "03-Bit-Shift-Matrix\03-Bit-Shift-Matrix.csproj", "{7ECAE76E-68F9-477B-9769-F987A5595D6A}"
EndProject
Project("{FAE04EC0-301F-11D3-BF4B-00C04F79EFBC}") = "04-CATastrophe", "04-CATastrophe\04-CATastrophe.csproj", "{5C00A466-9B2D-4B5A-AD2F-42B94BB5078C}"
EndProject
Project("{FAE04EC0-301F-11D3-BF4B-00C04F79EFBC}") = "05-Singing-Cats", "05-Singing-Cats\05-Singing-Cats.csproj", "{F05D5B19-F63F-401B-A9C2-EADABAB49D3F}"
EndProject
Project("{FAE04EC0-301F-11D3-BF4B-00C04F79EFBC}") = "Catastophe-2", "Catastophe-2\Catastophe-2.csproj", "{CCAB627B-FB64-4A7A-A09C-BD35A2554098}"
EndProject
Global
	GlobalSection(SolutionConfigurationPlatforms) = preSolution
		Debug|Any CPU = Debug|Any CPU
		Release|Any CPU = Release|Any CPU
	EndGlobalSection
	GlobalSection(ProjectConfigurationPlatforms) = postSolution
		{727C3721-CE7A-46D1-8F61-F812A8112E78}.Debug|Any CPU.ActiveCfg = Debug|Any CPU
		{727C3721-CE7A-46D1-8F61-F812A8112E78}.Debug|Any CPU.Build.0 = Debug|Any CPU
		{727C3721-CE7A-46D1-8F61-F812A8112E78}.Release|Any CPU.ActiveCfg = Release|Any CPU
		{727C3721-CE7A-46D1-8F61-F812A8112E78}.Release|Any CPU.Build.0 = Release|Any CPU
		{9413188B-585D-40BC-8071-E981D1B8F93F}.Debug|Any CPU.ActiveCfg = Debug|Any CPU
		{9413188B-585D-40BC-8071-E981D1B8F93F}.Debug|Any CPU.Build.0 = Debug|Any CPU
		{9413188B-585D-40BC-8071-E981D1B8F93F}.Release|Any CPU.ActiveCfg = Release|Any CPU
		{9413188B-585D-40BC-8071-E981D1B8F93F}.Release|Any CPU.Build.0 = Release|Any CPU
		{7ECAE76E-68F9-477B-9769-F987A5595D6A}.Debug|Any CPU.ActiveCfg = Debug|Any CPU
		{7ECAE76E-68F9-477B-9769-F987A5595D6A}.Debug|Any CPU.Build.0 = Debug|Any CPU
		{7ECAE76E-68F9-477B-9769-F987A5595D6A}.Release|Any CPU.ActiveCfg = Release|Any CPU
		{7ECAE76E-68F9-477B-9769-F987A5595D6A}.Release|Any CPU.Build.0 = Release|Any CPU
		{5C00A466-9B2D-4B5A-AD2F-42B94BB5078C}.Debug|Any CPU.ActiveCfg = Debug|Any CPU
		{5C00A466-9B2D-4B5A-AD2F-42B94BB5078C}.Debug|Any CPU.Build.0 = Debug|Any CPU
		{5C00A466-9B2D-4B5A-AD2F-42B94BB5078C}.Release|Any CPU.ActiveCfg = Release|Any CPU
		{5C00A466-9B2D-4B5A-AD2F-42B94BB5078C}.Release|Any CPU.Build.0 = Release|Any CPU
		{F05D5B19-F63F-401B-A9C2-EADABAB49D3F}.Debug|Any CPU.ActiveCfg = Debug|Any CPU
		{F05D5B19-F63F-401B-A9C2-EADABAB49D3F}.Debug|Any CPU.Build.0 = Debug|Any CPU
		{F05D5B19-F63F-401B-A9C2-EADABAB49D3F}.Release|Any CPU.ActiveCfg = Release|Any CPU
		{F05D5B19-F63F-401B-A9C2-EADABAB49D3F}.Release|Any CPU.Build.0 = Release|Any CPU
		{CCAB627B-FB64-4A7A-A09C-BD35A2554098}.Debug|Any CPU.ActiveCfg = Debug|Any CPU
		{CCAB627B-FB64-4A7A-A09C-BD35A2554098}.Debug|Any CPU.Build.0 = Debug|Any CPU
		{CCAB627B-FB64-4A7A-A09C-BD35A2554098}.Release|Any CPU.ActiveCfg = Release|Any CPU
		{CCAB627B-FB64-4A7A-A09C-BD35A2554098}.Release|Any CPU.Build.0 = Release|Any CPU
	EndGlobalSection
	GlobalSection(SolutionProperties) = preSolution
		HideSolutionNode = FALSE
	EndGlobalSection
EndGlobal
