
Microsoft Visual Studio Solution File, Format Version 12.00
# Visual Studio 14
VisualStudioVersion = 14.0.25420.1
MinimumVisualStudioVersion = 10.0.40219.1
Project("{FAE04EC0-301F-11D3-BF4B-00C04F79EFBC}") = "DataSourceControls.WebClient", "DataSourceControls.WebClient\DataSourceControls.WebClient.csproj", "{A4A3452C-A076-4C0E-881B-F0E0F6E73702}"
EndProject
Project("{FAE04EC0-301F-11D3-BF4B-00C04F79EFBC}") = "DataSourceControls.Continents", "DataSourceControls.Continents\DataSourceControls.Continents.csproj", "{BE88A096-B385-4C4D-9EC3-B650EAE3C126}"
EndProject
Project("{FAE04EC0-301F-11D3-BF4B-00C04F79EFBC}") = "DataSourceControls.TodosManager", "DataSourceControls.TodosManager\DataSourceControls.TodosManager.csproj", "{9AC4FF8C-D6CB-47DF-A4D7-4922737D5A43}"
EndProject
Project("{FAE04EC0-301F-11D3-BF4B-00C04F79EFBC}") = "DataSourceControls.MoreTodosManager", "DataSourceControls.MoreTodosManager\DataSourceControls.MoreTodosManager.csproj", "{BC93824D-1006-49C0-A019-9D6058A6B0BF}"
EndProject
Project("{FAE04EC0-301F-11D3-BF4B-00C04F79EFBC}") = "DataSourceControls.TweetAggregator", "DataSourceControls.TweetAggregator\DataSourceControls.TweetAggregator.csproj", "{0ECC95FA-F044-4FA2-ACE2-04F1AC212E13}"
EndProject
Global
	GlobalSection(SolutionConfigurationPlatforms) = preSolution
		Debug|Any CPU = Debug|Any CPU
		Release|Any CPU = Release|Any CPU
	EndGlobalSection
	GlobalSection(ProjectConfigurationPlatforms) = postSolution
		{A4A3452C-A076-4C0E-881B-F0E0F6E73702}.Debug|Any CPU.ActiveCfg = Debug|Any CPU
		{A4A3452C-A076-4C0E-881B-F0E0F6E73702}.Debug|Any CPU.Build.0 = Debug|Any CPU
		{A4A3452C-A076-4C0E-881B-F0E0F6E73702}.Release|Any CPU.ActiveCfg = Release|Any CPU
		{A4A3452C-A076-4C0E-881B-F0E0F6E73702}.Release|Any CPU.Build.0 = Release|Any CPU
		{BE88A096-B385-4C4D-9EC3-B650EAE3C126}.Debug|Any CPU.ActiveCfg = Debug|Any CPU
		{BE88A096-B385-4C4D-9EC3-B650EAE3C126}.Debug|Any CPU.Build.0 = Debug|Any CPU
		{BE88A096-B385-4C4D-9EC3-B650EAE3C126}.Release|Any CPU.ActiveCfg = Release|Any CPU
		{BE88A096-B385-4C4D-9EC3-B650EAE3C126}.Release|Any CPU.Build.0 = Release|Any CPU
		{9AC4FF8C-D6CB-47DF-A4D7-4922737D5A43}.Debug|Any CPU.ActiveCfg = Debug|Any CPU
		{9AC4FF8C-D6CB-47DF-A4D7-4922737D5A43}.Debug|Any CPU.Build.0 = Debug|Any CPU
		{9AC4FF8C-D6CB-47DF-A4D7-4922737D5A43}.Release|Any CPU.ActiveCfg = Release|Any CPU
		{9AC4FF8C-D6CB-47DF-A4D7-4922737D5A43}.Release|Any CPU.Build.0 = Release|Any CPU
		{BC93824D-1006-49C0-A019-9D6058A6B0BF}.Debug|Any CPU.ActiveCfg = Debug|Any CPU
		{BC93824D-1006-49C0-A019-9D6058A6B0BF}.Debug|Any CPU.Build.0 = Debug|Any CPU
		{BC93824D-1006-49C0-A019-9D6058A6B0BF}.Release|Any CPU.ActiveCfg = Release|Any CPU
		{BC93824D-1006-49C0-A019-9D6058A6B0BF}.Release|Any CPU.Build.0 = Release|Any CPU
		{0ECC95FA-F044-4FA2-ACE2-04F1AC212E13}.Debug|Any CPU.ActiveCfg = Debug|Any CPU
		{0ECC95FA-F044-4FA2-ACE2-04F1AC212E13}.Debug|Any CPU.Build.0 = Debug|Any CPU
		{0ECC95FA-F044-4FA2-ACE2-04F1AC212E13}.Release|Any CPU.ActiveCfg = Release|Any CPU
		{0ECC95FA-F044-4FA2-ACE2-04F1AC212E13}.Release|Any CPU.Build.0 = Release|Any CPU
	EndGlobalSection
	GlobalSection(SolutionProperties) = preSolution
		HideSolutionNode = FALSE
	EndGlobalSection
EndGlobal
